
Microsoft Visual Studio Solution File, Format Version 12.00
# Visual Studio 15
VisualStudioVersion = 15.0.28307.960
MinimumVisualStudioVersion = 10.0.40219.1
Project("{FAE04EC0-301F-11D3-BF4B-00C04F79EFBC}") = "27-Shapes", "27-Shapes\27-Shapes.csproj", "{D1D6790E-3DC7-4FF8-AAE0-B4C1AD8E2BAD}"
EndProject
Global
	GlobalSection(SolutionConfigurationPlatforms) = preSolution
		Debug|ARM = Debug|ARM
		Debug|ARM64 = Debug|ARM64
		Debug|x64 = Debug|x64
		Debug|x86 = Debug|x86
		Release|ARM = Release|ARM
		Release|ARM64 = Release|ARM64
		Release|x64 = Release|x64
		Release|x86 = Release|x86
	EndGlobalSection
	GlobalSection(ProjectConfigurationPlatforms) = postSolution
		{D1D6790E-3DC7-4FF8-AAE0-B4C1AD8E2BAD}.Debug|ARM.ActiveCfg = Debug|ARM
		{D1D6790E-3DC7-4FF8-AAE0-B4C1AD8E2BAD}.Debug|ARM.Build.0 = Debug|ARM
		{D1D6790E-3DC7-4FF8-AAE0-B4C1AD8E2BAD}.Debug|ARM.Deploy.0 = Debug|ARM
		{D1D6790E-3DC7-4FF8-AAE0-B4C1AD8E2BAD}.Debug|ARM64.ActiveCfg = Debug|ARM64
		{D1D6790E-3DC7-4FF8-AAE0-B4C1AD8E2BAD}.Debug|ARM64.Build.0 = Debug|ARM64
		{D1D6790E-3DC7-4FF8-AAE0-B4C1AD8E2BAD}.Debug|ARM64.Deploy.0 = Debug|ARM64
		{D1D6790E-3DC7-4FF8-AAE0-B4C1AD8E2BAD}.Debug|x64.ActiveCfg = Debug|x64
		{D1D6790E-3DC7-4FF8-AAE0-B4C1AD8E2BAD}.Debug|x64.Build.0 = Debug|x64
		{D1D6790E-3DC7-4FF8-AAE0-B4C1AD8E2BAD}.Debug|x64.Deploy.0 = Debug|x64
		{D1D6790E-3DC7-4FF8-AAE0-B4C1AD8E2BAD}.Debug|x86.ActiveCfg = Debug|x86
		{D1D6790E-3DC7-4FF8-AAE0-B4C1AD8E2BAD}.Debug|x86.Build.0 = Debug|x86
		{D1D6790E-3DC7-4FF8-AAE0-B4C1AD8E2BAD}.Debug|x86.Deploy.0 = Debug|x86
		{D1D6790E-3DC7-4FF8-AAE0-B4C1AD8E2BAD}.Release|ARM.ActiveCfg = Release|ARM
		{D1D6790E-3DC7-4FF8-AAE0-B4C1AD8E2BAD}.Release|ARM.Build.0 = Release|ARM
		{D1D6790E-3DC7-4FF8-AAE0-B4C1AD8E2BAD}.Release|ARM.Deploy.0 = Release|ARM
		{D1D6790E-3DC7-4FF8-AAE0-B4C1AD8E2BAD}.Release|ARM64.ActiveCfg = Release|ARM64
		{D1D6790E-3DC7-4FF8-AAE0-B4C1AD8E2BAD}.Release|ARM64.Build.0 = Release|ARM64
		{D1D6790E-3DC7-4FF8-AAE0-B4C1AD8E2BAD}.Release|ARM64.Deploy.0 = Release|ARM64
		{D1D6790E-3DC7-4FF8-AAE0-B4C1AD8E2BAD}.Release|x64.ActiveCfg = Release|x64
		{D1D6790E-3DC7-4FF8-AAE0-B4C1AD8E2BAD}.Release|x64.Build.0 = Release|x64
		{D1D6790E-3DC7-4FF8-AAE0-B4C1AD8E2BAD}.Release|x64.Deploy.0 = Release|x64
		{D1D6790E-3DC7-4FF8-AAE0-B4C1AD8E2BAD}.Release|x86.ActiveCfg = Release|x86
		{D1D6790E-3DC7-4FF8-AAE0-B4C1AD8E2BAD}.Release|x86.Build.0 = Release|x86
		{D1D6790E-3DC7-4FF8-AAE0-B4C1AD8E2BAD}.Release|x86.Deploy.0 = Release|x86
	EndGlobalSection
	GlobalSection(SolutionProperties) = preSolution
		HideSolutionNode = FALSE
	EndGlobalSection
	GlobalSection(ExtensibilityGlobals) = postSolution
		SolutionGuid = {3F40258D-8549-4008-9E34-4B4D1ED15000}
	EndGlobalSection
EndGlobal
