
Microsoft Visual Studio Solution File, Format Version 12.00
# Visual Studio 15
VisualStudioVersion = 15.0.28307.852
MinimumVisualStudioVersion = 10.0.40219.1
Project("{FAE04EC0-301F-11D3-BF4B-00C04F79EFBC}") = "06-GridUWP", "06-GridUWP\06-GridUWP.csproj", "{ADD6A8C0-BD78-45D2-BF55-8BE97B519EB0}"
EndProject
Global
	GlobalSection(SolutionConfigurationPlatforms) = preSolution
		Debug|ARM = Debug|ARM
		Debug|ARM64 = Debug|ARM64
		Debug|x64 = Debug|x64
		Debug|x86 = Debug|x86
		Release|ARM = Release|ARM
		Release|ARM64 = Release|ARM64
		Release|x64 = Release|x64
		Release|x86 = Release|x86
	EndGlobalSection
	GlobalSection(ProjectConfigurationPlatforms) = postSolution
		{ADD6A8C0-BD78-45D2-BF55-8BE97B519EB0}.Debug|ARM.ActiveCfg = Debug|ARM
		{ADD6A8C0-BD78-45D2-BF55-8BE97B519EB0}.Debug|ARM.Build.0 = Debug|ARM
		{ADD6A8C0-BD78-45D2-BF55-8BE97B519EB0}.Debug|ARM.Deploy.0 = Debug|ARM
		{ADD6A8C0-BD78-45D2-BF55-8BE97B519EB0}.Debug|ARM64.ActiveCfg = Debug|ARM64
		{ADD6A8C0-BD78-45D2-BF55-8BE97B519EB0}.Debug|ARM64.Build.0 = Debug|ARM64
		{ADD6A8C0-BD78-45D2-BF55-8BE97B519EB0}.Debug|ARM64.Deploy.0 = Debug|ARM64
		{ADD6A8C0-BD78-45D2-BF55-8BE97B519EB0}.Debug|x64.ActiveCfg = Debug|x64
		{ADD6A8C0-BD78-45D2-BF55-8BE97B519EB0}.Debug|x64.Build.0 = Debug|x64
		{ADD6A8C0-BD78-45D2-BF55-8BE97B519EB0}.Debug|x64.Deploy.0 = Debug|x64
		{ADD6A8C0-BD78-45D2-BF55-8BE97B519EB0}.Debug|x86.ActiveCfg = Debug|x86
		{ADD6A8C0-BD78-45D2-BF55-8BE97B519EB0}.Debug|x86.Build.0 = Debug|x86
		{ADD6A8C0-BD78-45D2-BF55-8BE97B519EB0}.Debug|x86.Deploy.0 = Debug|x86
		{ADD6A8C0-BD78-45D2-BF55-8BE97B519EB0}.Release|ARM.ActiveCfg = Release|ARM
		{ADD6A8C0-BD78-45D2-BF55-8BE97B519EB0}.Release|ARM.Build.0 = Release|ARM
		{ADD6A8C0-BD78-45D2-BF55-8BE97B519EB0}.Release|ARM.Deploy.0 = Release|ARM
		{ADD6A8C0-BD78-45D2-BF55-8BE97B519EB0}.Release|ARM64.ActiveCfg = Release|ARM64
		{ADD6A8C0-BD78-45D2-BF55-8BE97B519EB0}.Release|ARM64.Build.0 = Release|ARM64
		{ADD6A8C0-BD78-45D2-BF55-8BE97B519EB0}.Release|ARM64.Deploy.0 = Release|ARM64
		{ADD6A8C0-BD78-45D2-BF55-8BE97B519EB0}.Release|x64.ActiveCfg = Release|x64
		{ADD6A8C0-BD78-45D2-BF55-8BE97B519EB0}.Release|x64.Build.0 = Release|x64
		{ADD6A8C0-BD78-45D2-BF55-8BE97B519EB0}.Release|x64.Deploy.0 = Release|x64
		{ADD6A8C0-BD78-45D2-BF55-8BE97B519EB0}.Release|x86.ActiveCfg = Release|x86
		{ADD6A8C0-BD78-45D2-BF55-8BE97B519EB0}.Release|x86.Build.0 = Release|x86
		{ADD6A8C0-BD78-45D2-BF55-8BE97B519EB0}.Release|x86.Deploy.0 = Release|x86
	EndGlobalSection
	GlobalSection(SolutionProperties) = preSolution
		HideSolutionNode = FALSE
	EndGlobalSection
	GlobalSection(ExtensibilityGlobals) = postSolution
		SolutionGuid = {432E4154-E845-4C5B-AF44-F78D11154DA8}
	EndGlobalSection
EndGlobal
