
Microsoft Visual Studio Solution File, Format Version 12.00
# Visual Studio 15
VisualStudioVersion = 15.0.28307.852
MinimumVisualStudioVersion = 10.0.40219.1
Project("{FAE04EC0-301F-11D3-BF4B-00C04F79EFBC}") = "14-Binding-Ejercicio2", "14-Binding-Ejercicio2\14-Binding-Ejercicio2.csproj", "{406C6960-6EBB-43C6-B10A-5D38D7124AE5}"
EndProject
Global
	GlobalSection(SolutionConfigurationPlatforms) = preSolution
		Debug|ARM = Debug|ARM
		Debug|ARM64 = Debug|ARM64
		Debug|x64 = Debug|x64
		Debug|x86 = Debug|x86
		Release|ARM = Release|ARM
		Release|ARM64 = Release|ARM64
		Release|x64 = Release|x64
		Release|x86 = Release|x86
	EndGlobalSection
	GlobalSection(ProjectConfigurationPlatforms) = postSolution
		{406C6960-6EBB-43C6-B10A-5D38D7124AE5}.Debug|ARM.ActiveCfg = Debug|ARM
		{406C6960-6EBB-43C6-B10A-5D38D7124AE5}.Debug|ARM.Build.0 = Debug|ARM
		{406C6960-6EBB-43C6-B10A-5D38D7124AE5}.Debug|ARM.Deploy.0 = Debug|ARM
		{406C6960-6EBB-43C6-B10A-5D38D7124AE5}.Debug|ARM64.ActiveCfg = Debug|ARM64
		{406C6960-6EBB-43C6-B10A-5D38D7124AE5}.Debug|ARM64.Build.0 = Debug|ARM64
		{406C6960-6EBB-43C6-B10A-5D38D7124AE5}.Debug|ARM64.Deploy.0 = Debug|ARM64
		{406C6960-6EBB-43C6-B10A-5D38D7124AE5}.Debug|x64.ActiveCfg = Debug|x64
		{406C6960-6EBB-43C6-B10A-5D38D7124AE5}.Debug|x64.Build.0 = Debug|x64
		{406C6960-6EBB-43C6-B10A-5D38D7124AE5}.Debug|x64.Deploy.0 = Debug|x64
		{406C6960-6EBB-43C6-B10A-5D38D7124AE5}.Debug|x86.ActiveCfg = Debug|x86
		{406C6960-6EBB-43C6-B10A-5D38D7124AE5}.Debug|x86.Build.0 = Debug|x86
		{406C6960-6EBB-43C6-B10A-5D38D7124AE5}.Debug|x86.Deploy.0 = Debug|x86
		{406C6960-6EBB-43C6-B10A-5D38D7124AE5}.Release|ARM.ActiveCfg = Release|ARM
		{406C6960-6EBB-43C6-B10A-5D38D7124AE5}.Release|ARM.Build.0 = Release|ARM
		{406C6960-6EBB-43C6-B10A-5D38D7124AE5}.Release|ARM.Deploy.0 = Release|ARM
		{406C6960-6EBB-43C6-B10A-5D38D7124AE5}.Release|ARM64.ActiveCfg = Release|ARM64
		{406C6960-6EBB-43C6-B10A-5D38D7124AE5}.Release|ARM64.Build.0 = Release|ARM64
		{406C6960-6EBB-43C6-B10A-5D38D7124AE5}.Release|ARM64.Deploy.0 = Release|ARM64
		{406C6960-6EBB-43C6-B10A-5D38D7124AE5}.Release|x64.ActiveCfg = Release|x64
		{406C6960-6EBB-43C6-B10A-5D38D7124AE5}.Release|x64.Build.0 = Release|x64
		{406C6960-6EBB-43C6-B10A-5D38D7124AE5}.Release|x64.Deploy.0 = Release|x64
		{406C6960-6EBB-43C6-B10A-5D38D7124AE5}.Release|x86.ActiveCfg = Release|x86
		{406C6960-6EBB-43C6-B10A-5D38D7124AE5}.Release|x86.Build.0 = Release|x86
		{406C6960-6EBB-43C6-B10A-5D38D7124AE5}.Release|x86.Deploy.0 = Release|x86
	EndGlobalSection
	GlobalSection(SolutionProperties) = preSolution
		HideSolutionNode = FALSE
	EndGlobalSection
	GlobalSection(ExtensibilityGlobals) = postSolution
		SolutionGuid = {011BC468-58C7-4917-9DDF-78B9AC51A4C1}
	EndGlobalSection
EndGlobal
