
Microsoft Visual Studio Solution File, Format Version 12.00
# Visual Studio 15
VisualStudioVersion = 15.0.28307.852
MinimumVisualStudioVersion = 10.0.40219.1
Project("{FAE04EC0-301F-11D3-BF4B-00C04F79EFBC}") = "24-PruebaConverter-UI", "24-PruebaConverter-UI\24-PruebaConverter-UI.csproj", "{0D70FD1D-9B13-479E-9EA5-7DD458FD21E2}"
EndProject
Project("{FAE04EC0-301F-11D3-BF4B-00C04F79EFBC}") = "24-PruebaConverter-DAL", "24-PruebaConverter-DAL\24-PruebaConverter-DAL.csproj", "{C8B3AD17-56C2-4728-B83B-0D1FBEB2893E}"
EndProject
Project("{FAE04EC0-301F-11D3-BF4B-00C04F79EFBC}") = "24-PruebaConverter-BL", "24-PruebaConverter-BL\24-PruebaConverter-BL.csproj", "{DA13C16B-9685-46C9-8C99-9F80CF31FCF4}"
EndProject
Project("{FAE04EC0-301F-11D3-BF4B-00C04F79EFBC}") = "24-PruebaConverter-ENTITIES", "24-PruebaConverter-ENTITIES\24-PruebaConverter-ENTITIES.csproj", "{5B239367-353C-4BA0-9710-AA30F0437BCF}"
EndProject
Global
	GlobalSection(SolutionConfigurationPlatforms) = preSolution
		Debug|Any CPU = Debug|Any CPU
		Debug|ARM = Debug|ARM
		Debug|ARM64 = Debug|ARM64
		Debug|x64 = Debug|x64
		Debug|x86 = Debug|x86
		Release|Any CPU = Release|Any CPU
		Release|ARM = Release|ARM
		Release|ARM64 = Release|ARM64
		Release|x64 = Release|x64
		Release|x86 = Release|x86
	EndGlobalSection
	GlobalSection(ProjectConfigurationPlatforms) = postSolution
		{0D70FD1D-9B13-479E-9EA5-7DD458FD21E2}.Debug|Any CPU.ActiveCfg = Debug|x86
		{0D70FD1D-9B13-479E-9EA5-7DD458FD21E2}.Debug|ARM.ActiveCfg = Debug|ARM
		{0D70FD1D-9B13-479E-9EA5-7DD458FD21E2}.Debug|ARM.Build.0 = Debug|ARM
		{0D70FD1D-9B13-479E-9EA5-7DD458FD21E2}.Debug|ARM.Deploy.0 = Debug|ARM
		{0D70FD1D-9B13-479E-9EA5-7DD458FD21E2}.Debug|ARM64.ActiveCfg = Debug|ARM64
		{0D70FD1D-9B13-479E-9EA5-7DD458FD21E2}.Debug|ARM64.Build.0 = Debug|ARM64
		{0D70FD1D-9B13-479E-9EA5-7DD458FD21E2}.Debug|ARM64.Deploy.0 = Debug|ARM64
		{0D70FD1D-9B13-479E-9EA5-7DD458FD21E2}.Debug|x64.ActiveCfg = Debug|x64
		{0D70FD1D-9B13-479E-9EA5-7DD458FD21E2}.Debug|x64.Build.0 = Debug|x64
		{0D70FD1D-9B13-479E-9EA5-7DD458FD21E2}.Debug|x64.Deploy.0 = Debug|x64
		{0D70FD1D-9B13-479E-9EA5-7DD458FD21E2}.Debug|x86.ActiveCfg = Debug|x86
		{0D70FD1D-9B13-479E-9EA5-7DD458FD21E2}.Debug|x86.Build.0 = Debug|x86
		{0D70FD1D-9B13-479E-9EA5-7DD458FD21E2}.Debug|x86.Deploy.0 = Debug|x86
		{0D70FD1D-9B13-479E-9EA5-7DD458FD21E2}.Release|Any CPU.ActiveCfg = Release|x86
		{0D70FD1D-9B13-479E-9EA5-7DD458FD21E2}.Release|ARM.ActiveCfg = Release|ARM
		{0D70FD1D-9B13-479E-9EA5-7DD458FD21E2}.Release|ARM.Build.0 = Release|ARM
		{0D70FD1D-9B13-479E-9EA5-7DD458FD21E2}.Release|ARM.Deploy.0 = Release|ARM
		{0D70FD1D-9B13-479E-9EA5-7DD458FD21E2}.Release|ARM64.ActiveCfg = Release|ARM64
		{0D70FD1D-9B13-479E-9EA5-7DD458FD21E2}.Release|ARM64.Build.0 = Release|ARM64
		{0D70FD1D-9B13-479E-9EA5-7DD458FD21E2}.Release|ARM64.Deploy.0 = Release|ARM64
		{0D70FD1D-9B13-479E-9EA5-7DD458FD21E2}.Release|x64.ActiveCfg = Release|x64
		{0D70FD1D-9B13-479E-9EA5-7DD458FD21E2}.Release|x64.Build.0 = Release|x64
		{0D70FD1D-9B13-479E-9EA5-7DD458FD21E2}.Release|x64.Deploy.0 = Release|x64
		{0D70FD1D-9B13-479E-9EA5-7DD458FD21E2}.Release|x86.ActiveCfg = Release|x86
		{0D70FD1D-9B13-479E-9EA5-7DD458FD21E2}.Release|x86.Build.0 = Release|x86
		{0D70FD1D-9B13-479E-9EA5-7DD458FD21E2}.Release|x86.Deploy.0 = Release|x86
		{C8B3AD17-56C2-4728-B83B-0D1FBEB2893E}.Debug|Any CPU.ActiveCfg = Debug|Any CPU
		{C8B3AD17-56C2-4728-B83B-0D1FBEB2893E}.Debug|Any CPU.Build.0 = Debug|Any CPU
		{C8B3AD17-56C2-4728-B83B-0D1FBEB2893E}.Debug|ARM.ActiveCfg = Debug|ARM
		{C8B3AD17-56C2-4728-B83B-0D1FBEB2893E}.Debug|ARM.Build.0 = Debug|ARM
		{C8B3AD17-56C2-4728-B83B-0D1FBEB2893E}.Debug|ARM64.ActiveCfg = Debug|ARM64
		{C8B3AD17-56C2-4728-B83B-0D1FBEB2893E}.Debug|ARM64.Build.0 = Debug|ARM64
		{C8B3AD17-56C2-4728-B83B-0D1FBEB2893E}.Debug|x64.ActiveCfg = Debug|x64
		{C8B3AD17-56C2-4728-B83B-0D1FBEB2893E}.Debug|x64.Build.0 = Debug|x64
		{C8B3AD17-56C2-4728-B83B-0D1FBEB2893E}.Debug|x86.ActiveCfg = Debug|x86
		{C8B3AD17-56C2-4728-B83B-0D1FBEB2893E}.Debug|x86.Build.0 = Debug|x86
		{C8B3AD17-56C2-4728-B83B-0D1FBEB2893E}.Release|Any CPU.ActiveCfg = Release|Any CPU
		{C8B3AD17-56C2-4728-B83B-0D1FBEB2893E}.Release|Any CPU.Build.0 = Release|Any CPU
		{C8B3AD17-56C2-4728-B83B-0D1FBEB2893E}.Release|ARM.ActiveCfg = Release|ARM
		{C8B3AD17-56C2-4728-B83B-0D1FBEB2893E}.Release|ARM.Build.0 = Release|ARM
		{C8B3AD17-56C2-4728-B83B-0D1FBEB2893E}.Release|ARM64.ActiveCfg = Release|ARM64
		{C8B3AD17-56C2-4728-B83B-0D1FBEB2893E}.Release|ARM64.Build.0 = Release|ARM64
		{C8B3AD17-56C2-4728-B83B-0D1FBEB2893E}.Release|x64.ActiveCfg = Release|x64
		{C8B3AD17-56C2-4728-B83B-0D1FBEB2893E}.Release|x64.Build.0 = Release|x64
		{C8B3AD17-56C2-4728-B83B-0D1FBEB2893E}.Release|x86.ActiveCfg = Release|x86
		{C8B3AD17-56C2-4728-B83B-0D1FBEB2893E}.Release|x86.Build.0 = Release|x86
		{DA13C16B-9685-46C9-8C99-9F80CF31FCF4}.Debug|Any CPU.ActiveCfg = Debug|Any CPU
		{DA13C16B-9685-46C9-8C99-9F80CF31FCF4}.Debug|Any CPU.Build.0 = Debug|Any CPU
		{DA13C16B-9685-46C9-8C99-9F80CF31FCF4}.Debug|ARM.ActiveCfg = Debug|ARM
		{DA13C16B-9685-46C9-8C99-9F80CF31FCF4}.Debug|ARM.Build.0 = Debug|ARM
		{DA13C16B-9685-46C9-8C99-9F80CF31FCF4}.Debug|ARM64.ActiveCfg = Debug|ARM64
		{DA13C16B-9685-46C9-8C99-9F80CF31FCF4}.Debug|ARM64.Build.0 = Debug|ARM64
		{DA13C16B-9685-46C9-8C99-9F80CF31FCF4}.Debug|x64.ActiveCfg = Debug|x64
		{DA13C16B-9685-46C9-8C99-9F80CF31FCF4}.Debug|x64.Build.0 = Debug|x64
		{DA13C16B-9685-46C9-8C99-9F80CF31FCF4}.Debug|x86.ActiveCfg = Debug|x86
		{DA13C16B-9685-46C9-8C99-9F80CF31FCF4}.Debug|x86.Build.0 = Debug|x86
		{DA13C16B-9685-46C9-8C99-9F80CF31FCF4}.Release|Any CPU.ActiveCfg = Release|Any CPU
		{DA13C16B-9685-46C9-8C99-9F80CF31FCF4}.Release|Any CPU.Build.0 = Release|Any CPU
		{DA13C16B-9685-46C9-8C99-9F80CF31FCF4}.Release|ARM.ActiveCfg = Release|ARM
		{DA13C16B-9685-46C9-8C99-9F80CF31FCF4}.Release|ARM.Build.0 = Release|ARM
		{DA13C16B-9685-46C9-8C99-9F80CF31FCF4}.Release|ARM64.ActiveCfg = Release|ARM64
		{DA13C16B-9685-46C9-8C99-9F80CF31FCF4}.Release|ARM64.Build.0 = Release|ARM64
		{DA13C16B-9685-46C9-8C99-9F80CF31FCF4}.Release|x64.ActiveCfg = Release|x64
		{DA13C16B-9685-46C9-8C99-9F80CF31FCF4}.Release|x64.Build.0 = Release|x64
		{DA13C16B-9685-46C9-8C99-9F80CF31FCF4}.Release|x86.ActiveCfg = Release|x86
		{DA13C16B-9685-46C9-8C99-9F80CF31FCF4}.Release|x86.Build.0 = Release|x86
		{5B239367-353C-4BA0-9710-AA30F0437BCF}.Debug|Any CPU.ActiveCfg = Debug|Any CPU
		{5B239367-353C-4BA0-9710-AA30F0437BCF}.Debug|Any CPU.Build.0 = Debug|Any CPU
		{5B239367-353C-4BA0-9710-AA30F0437BCF}.Debug|ARM.ActiveCfg = Debug|ARM
		{5B239367-353C-4BA0-9710-AA30F0437BCF}.Debug|ARM.Build.0 = Debug|ARM
		{5B239367-353C-4BA0-9710-AA30F0437BCF}.Debug|ARM64.ActiveCfg = Debug|ARM64
		{5B239367-353C-4BA0-9710-AA30F0437BCF}.Debug|ARM64.Build.0 = Debug|ARM64
		{5B239367-353C-4BA0-9710-AA30F0437BCF}.Debug|x64.ActiveCfg = Debug|x64
		{5B239367-353C-4BA0-9710-AA30F0437BCF}.Debug|x64.Build.0 = Debug|x64
		{5B239367-353C-4BA0-9710-AA30F0437BCF}.Debug|x86.ActiveCfg = Debug|x86
		{5B239367-353C-4BA0-9710-AA30F0437BCF}.Debug|x86.Build.0 = Debug|x86
		{5B239367-353C-4BA0-9710-AA30F0437BCF}.Release|Any CPU.ActiveCfg = Release|Any CPU
		{5B239367-353C-4BA0-9710-AA30F0437BCF}.Release|Any CPU.Build.0 = Release|Any CPU
		{5B239367-353C-4BA0-9710-AA30F0437BCF}.Release|ARM.ActiveCfg = Release|ARM
		{5B239367-353C-4BA0-9710-AA30F0437BCF}.Release|ARM.Build.0 = Release|ARM
		{5B239367-353C-4BA0-9710-AA30F0437BCF}.Release|ARM64.ActiveCfg = Release|ARM64
		{5B239367-353C-4BA0-9710-AA30F0437BCF}.Release|ARM64.Build.0 = Release|ARM64
		{5B239367-353C-4BA0-9710-AA30F0437BCF}.Release|x64.ActiveCfg = Release|x64
		{5B239367-353C-4BA0-9710-AA30F0437BCF}.Release|x64.Build.0 = Release|x64
		{5B239367-353C-4BA0-9710-AA30F0437BCF}.Release|x86.ActiveCfg = Release|x86
		{5B239367-353C-4BA0-9710-AA30F0437BCF}.Release|x86.Build.0 = Release|x86
	EndGlobalSection
	GlobalSection(SolutionProperties) = preSolution
		HideSolutionNode = FALSE
	EndGlobalSection
	GlobalSection(ExtensibilityGlobals) = postSolution
		SolutionGuid = {A9E548F3-7BB4-4301-B1F3-09E419B6AF29}
	EndGlobalSection
EndGlobal
