
Microsoft Visual Studio Solution File, Format Version 12.00
# Visual Studio 15
VisualStudioVersion = 15.0.28307.1000
MinimumVisualStudioVersion = 10.0.40219.1
Project("{FAE04EC0-301F-11D3-BF4B-00C04F79EFBC}") = "XamarinCrudPersonasUI.Android", "XamarinCrudPersonasUI\XamarinCrudPersonasUI.Android\XamarinCrudPersonasUI.Android.csproj", "{F7A7A603-F3EF-482B-BA32-6C58B498F45B}"
EndProject
Project("{FAE04EC0-301F-11D3-BF4B-00C04F79EFBC}") = "XamarinCrudPersonasUI.iOS", "XamarinCrudPersonasUI\XamarinCrudPersonasUI.iOS\XamarinCrudPersonasUI.iOS.csproj", "{389E1C3C-57EB-44AA-940F-AF4377651E5E}"
EndProject
Project("{FAE04EC0-301F-11D3-BF4B-00C04F79EFBC}") = "XamarinCrudPersonasUI.UWP", "XamarinCrudPersonasUI\XamarinCrudPersonasUI.UWP\XamarinCrudPersonasUI.UWP.csproj", "{9BBED379-00EA-48A3-B277-2584D5522BC8}"
EndProject
Project("{FAE04EC0-301F-11D3-BF4B-00C04F79EFBC}") = "XamarinCrudPersonasUI", "XamarinCrudPersonasUI\XamarinCrudPersonasUI\XamarinCrudPersonasUI.csproj", "{2CE87510-1936-4FEC-855C-5415D528B9EB}"
EndProject
Project("{FAE04EC0-301F-11D3-BF4B-00C04F79EFBC}") = "XamarinCrudPersonasBL", "XamarinCrudPersonasBL\XamarinCrudPersonasBL.csproj", "{84040506-2194-44F2-995C-0926DB0EF799}"
EndProject
Project("{FAE04EC0-301F-11D3-BF4B-00C04F79EFBC}") = "XamarinCrudPersonasDAL", "XamarinCrudPersonasDAL\XamarinCrudPersonasDAL.csproj", "{7BA11CD4-EDB7-4A40-A621-715D359238E0}"
EndProject
Project("{FAE04EC0-301F-11D3-BF4B-00C04F79EFBC}") = "XamarinCrudPersonasENTITIES", "XamarinCrudPersonasENTITIES\XamarinCrudPersonasENTITIES.csproj", "{8B0187F1-1D73-4EBA-8869-38FC83909306}"
EndProject
Global
	GlobalSection(SolutionConfigurationPlatforms) = preSolution
		Ad-Hoc|Any CPU = Ad-Hoc|Any CPU
		Ad-Hoc|ARM = Ad-Hoc|ARM
		Ad-Hoc|iPhone = Ad-Hoc|iPhone
		Ad-Hoc|iPhoneSimulator = Ad-Hoc|iPhoneSimulator
		Ad-Hoc|x64 = Ad-Hoc|x64
		Ad-Hoc|x86 = Ad-Hoc|x86
		AppStore|Any CPU = AppStore|Any CPU
		AppStore|ARM = AppStore|ARM
		AppStore|iPhone = AppStore|iPhone
		AppStore|iPhoneSimulator = AppStore|iPhoneSimulator
		AppStore|x64 = AppStore|x64
		AppStore|x86 = AppStore|x86
		Debug|Any CPU = Debug|Any CPU
		Debug|ARM = Debug|ARM
		Debug|iPhone = Debug|iPhone
		Debug|iPhoneSimulator = Debug|iPhoneSimulator
		Debug|x64 = Debug|x64
		Debug|x86 = Debug|x86
		Release|Any CPU = Release|Any CPU
		Release|ARM = Release|ARM
		Release|iPhone = Release|iPhone
		Release|iPhoneSimulator = Release|iPhoneSimulator
		Release|x64 = Release|x64
		Release|x86 = Release|x86
	EndGlobalSection
	GlobalSection(ProjectConfigurationPlatforms) = postSolution
		{F7A7A603-F3EF-482B-BA32-6C58B498F45B}.Ad-Hoc|Any CPU.ActiveCfg = Release|Any CPU
		{F7A7A603-F3EF-482B-BA32-6C58B498F45B}.Ad-Hoc|Any CPU.Build.0 = Release|Any CPU
		{F7A7A603-F3EF-482B-BA32-6C58B498F45B}.Ad-Hoc|Any CPU.Deploy.0 = Release|Any CPU
		{F7A7A603-F3EF-482B-BA32-6C58B498F45B}.Ad-Hoc|ARM.ActiveCfg = Release|Any CPU
		{F7A7A603-F3EF-482B-BA32-6C58B498F45B}.Ad-Hoc|ARM.Build.0 = Release|Any CPU
		{F7A7A603-F3EF-482B-BA32-6C58B498F45B}.Ad-Hoc|ARM.Deploy.0 = Release|Any CPU
		{F7A7A603-F3EF-482B-BA32-6C58B498F45B}.Ad-Hoc|iPhone.ActiveCfg = Release|Any CPU
		{F7A7A603-F3EF-482B-BA32-6C58B498F45B}.Ad-Hoc|iPhone.Build.0 = Release|Any CPU
		{F7A7A603-F3EF-482B-BA32-6C58B498F45B}.Ad-Hoc|iPhone.Deploy.0 = Release|Any CPU
		{F7A7A603-F3EF-482B-BA32-6C58B498F45B}.Ad-Hoc|iPhoneSimulator.ActiveCfg = Release|Any CPU
		{F7A7A603-F3EF-482B-BA32-6C58B498F45B}.Ad-Hoc|iPhoneSimulator.Build.0 = Release|Any CPU
		{F7A7A603-F3EF-482B-BA32-6C58B498F45B}.Ad-Hoc|iPhoneSimulator.Deploy.0 = Release|Any CPU
		{F7A7A603-F3EF-482B-BA32-6C58B498F45B}.Ad-Hoc|x64.ActiveCfg = Release|Any CPU
		{F7A7A603-F3EF-482B-BA32-6C58B498F45B}.Ad-Hoc|x64.Build.0 = Release|Any CPU
		{F7A7A603-F3EF-482B-BA32-6C58B498F45B}.Ad-Hoc|x64.Deploy.0 = Release|Any CPU
		{F7A7A603-F3EF-482B-BA32-6C58B498F45B}.Ad-Hoc|x86.ActiveCfg = Release|Any CPU
		{F7A7A603-F3EF-482B-BA32-6C58B498F45B}.Ad-Hoc|x86.Build.0 = Release|Any CPU
		{F7A7A603-F3EF-482B-BA32-6C58B498F45B}.Ad-Hoc|x86.Deploy.0 = Release|Any CPU
		{F7A7A603-F3EF-482B-BA32-6C58B498F45B}.AppStore|Any CPU.ActiveCfg = Release|Any CPU
		{F7A7A603-F3EF-482B-BA32-6C58B498F45B}.AppStore|Any CPU.Build.0 = Release|Any CPU
		{F7A7A603-F3EF-482B-BA32-6C58B498F45B}.AppStore|Any CPU.Deploy.0 = Release|Any CPU
		{F7A7A603-F3EF-482B-BA32-6C58B498F45B}.AppStore|ARM.ActiveCfg = Release|Any CPU
		{F7A7A603-F3EF-482B-BA32-6C58B498F45B}.AppStore|ARM.Build.0 = Release|Any CPU
		{F7A7A603-F3EF-482B-BA32-6C58B498F45B}.AppStore|ARM.Deploy.0 = Release|Any CPU
		{F7A7A603-F3EF-482B-BA32-6C58B498F45B}.AppStore|iPhone.ActiveCfg = Release|Any CPU
		{F7A7A603-F3EF-482B-BA32-6C58B498F45B}.AppStore|iPhone.Build.0 = Release|Any CPU
		{F7A7A603-F3EF-482B-BA32-6C58B498F45B}.AppStore|iPhone.Deploy.0 = Release|Any CPU
		{F7A7A603-F3EF-482B-BA32-6C58B498F45B}.AppStore|iPhoneSimulator.ActiveCfg = Release|Any CPU
		{F7A7A603-F3EF-482B-BA32-6C58B498F45B}.AppStore|iPhoneSimulator.Build.0 = Release|Any CPU
		{F7A7A603-F3EF-482B-BA32-6C58B498F45B}.AppStore|iPhoneSimulator.Deploy.0 = Release|Any CPU
		{F7A7A603-F3EF-482B-BA32-6C58B498F45B}.AppStore|x64.ActiveCfg = Release|Any CPU
		{F7A7A603-F3EF-482B-BA32-6C58B498F45B}.AppStore|x64.Build.0 = Release|Any CPU
		{F7A7A603-F3EF-482B-BA32-6C58B498F45B}.AppStore|x64.Deploy.0 = Release|Any CPU
		{F7A7A603-F3EF-482B-BA32-6C58B498F45B}.AppStore|x86.ActiveCfg = Release|Any CPU
		{F7A7A603-F3EF-482B-BA32-6C58B498F45B}.AppStore|x86.Build.0 = Release|Any CPU
		{F7A7A603-F3EF-482B-BA32-6C58B498F45B}.AppStore|x86.Deploy.0 = Release|Any CPU
		{F7A7A603-F3EF-482B-BA32-6C58B498F45B}.Debug|Any CPU.ActiveCfg = Debug|Any CPU
		{F7A7A603-F3EF-482B-BA32-6C58B498F45B}.Debug|Any CPU.Build.0 = Debug|Any CPU
		{F7A7A603-F3EF-482B-BA32-6C58B498F45B}.Debug|Any CPU.Deploy.0 = Debug|Any CPU
		{F7A7A603-F3EF-482B-BA32-6C58B498F45B}.Debug|ARM.ActiveCfg = Debug|Any CPU
		{F7A7A603-F3EF-482B-BA32-6C58B498F45B}.Debug|ARM.Build.0 = Debug|Any CPU
		{F7A7A603-F3EF-482B-BA32-6C58B498F45B}.Debug|ARM.Deploy.0 = Debug|Any CPU
		{F7A7A603-F3EF-482B-BA32-6C58B498F45B}.Debug|iPhone.ActiveCfg = Debug|Any CPU
		{F7A7A603-F3EF-482B-BA32-6C58B498F45B}.Debug|iPhone.Build.0 = Debug|Any CPU
		{F7A7A603-F3EF-482B-BA32-6C58B498F45B}.Debug|iPhone.Deploy.0 = Debug|Any CPU
		{F7A7A603-F3EF-482B-BA32-6C58B498F45B}.Debug|iPhoneSimulator.ActiveCfg = Debug|Any CPU
		{F7A7A603-F3EF-482B-BA32-6C58B498F45B}.Debug|iPhoneSimulator.Build.0 = Debug|Any CPU
		{F7A7A603-F3EF-482B-BA32-6C58B498F45B}.Debug|iPhoneSimulator.Deploy.0 = Debug|Any CPU
		{F7A7A603-F3EF-482B-BA32-6C58B498F45B}.Debug|x64.ActiveCfg = Debug|Any CPU
		{F7A7A603-F3EF-482B-BA32-6C58B498F45B}.Debug|x64.Build.0 = Debug|Any CPU
		{F7A7A603-F3EF-482B-BA32-6C58B498F45B}.Debug|x64.Deploy.0 = Debug|Any CPU
		{F7A7A603-F3EF-482B-BA32-6C58B498F45B}.Debug|x86.ActiveCfg = Debug|Any CPU
		{F7A7A603-F3EF-482B-BA32-6C58B498F45B}.Debug|x86.Build.0 = Debug|Any CPU
		{F7A7A603-F3EF-482B-BA32-6C58B498F45B}.Debug|x86.Deploy.0 = Debug|Any CPU
		{F7A7A603-F3EF-482B-BA32-6C58B498F45B}.Release|Any CPU.ActiveCfg = Release|Any CPU
		{F7A7A603-F3EF-482B-BA32-6C58B498F45B}.Release|Any CPU.Build.0 = Release|Any CPU
		{F7A7A603-F3EF-482B-BA32-6C58B498F45B}.Release|Any CPU.Deploy.0 = Release|Any CPU
		{F7A7A603-F3EF-482B-BA32-6C58B498F45B}.Release|ARM.ActiveCfg = Release|Any CPU
		{F7A7A603-F3EF-482B-BA32-6C58B498F45B}.Release|ARM.Build.0 = Release|Any CPU
		{F7A7A603-F3EF-482B-BA32-6C58B498F45B}.Release|ARM.Deploy.0 = Release|Any CPU
		{F7A7A603-F3EF-482B-BA32-6C58B498F45B}.Release|iPhone.ActiveCfg = Release|Any CPU
		{F7A7A603-F3EF-482B-BA32-6C58B498F45B}.Release|iPhone.Build.0 = Release|Any CPU
		{F7A7A603-F3EF-482B-BA32-6C58B498F45B}.Release|iPhone.Deploy.0 = Release|Any CPU
		{F7A7A603-F3EF-482B-BA32-6C58B498F45B}.Release|iPhoneSimulator.ActiveCfg = Release|Any CPU
		{F7A7A603-F3EF-482B-BA32-6C58B498F45B}.Release|iPhoneSimulator.Build.0 = Release|Any CPU
		{F7A7A603-F3EF-482B-BA32-6C58B498F45B}.Release|iPhoneSimulator.Deploy.0 = Release|Any CPU
		{F7A7A603-F3EF-482B-BA32-6C58B498F45B}.Release|x64.ActiveCfg = Release|Any CPU
		{F7A7A603-F3EF-482B-BA32-6C58B498F45B}.Release|x64.Build.0 = Release|Any CPU
		{F7A7A603-F3EF-482B-BA32-6C58B498F45B}.Release|x64.Deploy.0 = Release|Any CPU
		{F7A7A603-F3EF-482B-BA32-6C58B498F45B}.Release|x86.ActiveCfg = Release|Any CPU
		{F7A7A603-F3EF-482B-BA32-6C58B498F45B}.Release|x86.Build.0 = Release|Any CPU
		{F7A7A603-F3EF-482B-BA32-6C58B498F45B}.Release|x86.Deploy.0 = Release|Any CPU
		{389E1C3C-57EB-44AA-940F-AF4377651E5E}.Ad-Hoc|Any CPU.ActiveCfg = Ad-Hoc|iPhone
		{389E1C3C-57EB-44AA-940F-AF4377651E5E}.Ad-Hoc|Any CPU.Build.0 = Ad-Hoc|iPhone
		{389E1C3C-57EB-44AA-940F-AF4377651E5E}.Ad-Hoc|Any CPU.Deploy.0 = Ad-Hoc|iPhone
		{389E1C3C-57EB-44AA-940F-AF4377651E5E}.Ad-Hoc|ARM.ActiveCfg = Ad-Hoc|iPhone
		{389E1C3C-57EB-44AA-940F-AF4377651E5E}.Ad-Hoc|ARM.Build.0 = Ad-Hoc|iPhone
		{389E1C3C-57EB-44AA-940F-AF4377651E5E}.Ad-Hoc|ARM.Deploy.0 = Ad-Hoc|iPhone
		{389E1C3C-57EB-44AA-940F-AF4377651E5E}.Ad-Hoc|iPhone.ActiveCfg = Ad-Hoc|iPhone
		{389E1C3C-57EB-44AA-940F-AF4377651E5E}.Ad-Hoc|iPhone.Build.0 = Ad-Hoc|iPhone
		{389E1C3C-57EB-44AA-940F-AF4377651E5E}.Ad-Hoc|iPhone.Deploy.0 = Ad-Hoc|iPhone
		{389E1C3C-57EB-44AA-940F-AF4377651E5E}.Ad-Hoc|iPhoneSimulator.ActiveCfg = Ad-Hoc|iPhoneSimulator
		{389E1C3C-57EB-44AA-940F-AF4377651E5E}.Ad-Hoc|iPhoneSimulator.Build.0 = Ad-Hoc|iPhoneSimulator
		{389E1C3C-57EB-44AA-940F-AF4377651E5E}.Ad-Hoc|iPhoneSimulator.Deploy.0 = Ad-Hoc|iPhoneSimulator
		{389E1C3C-57EB-44AA-940F-AF4377651E5E}.Ad-Hoc|x64.ActiveCfg = Ad-Hoc|iPhone
		{389E1C3C-57EB-44AA-940F-AF4377651E5E}.Ad-Hoc|x64.Build.0 = Ad-Hoc|iPhone
		{389E1C3C-57EB-44AA-940F-AF4377651E5E}.Ad-Hoc|x64.Deploy.0 = Ad-Hoc|iPhone
		{389E1C3C-57EB-44AA-940F-AF4377651E5E}.Ad-Hoc|x86.ActiveCfg = Ad-Hoc|iPhone
		{389E1C3C-57EB-44AA-940F-AF4377651E5E}.Ad-Hoc|x86.Build.0 = Ad-Hoc|iPhone
		{389E1C3C-57EB-44AA-940F-AF4377651E5E}.Ad-Hoc|x86.Deploy.0 = Ad-Hoc|iPhone
		{389E1C3C-57EB-44AA-940F-AF4377651E5E}.AppStore|Any CPU.ActiveCfg = AppStore|iPhone
		{389E1C3C-57EB-44AA-940F-AF4377651E5E}.AppStore|Any CPU.Build.0 = AppStore|iPhone
		{389E1C3C-57EB-44AA-940F-AF4377651E5E}.AppStore|Any CPU.Deploy.0 = AppStore|iPhone
		{389E1C3C-57EB-44AA-940F-AF4377651E5E}.AppStore|ARM.ActiveCfg = AppStore|iPhone
		{389E1C3C-57EB-44AA-940F-AF4377651E5E}.AppStore|ARM.Build.0 = AppStore|iPhone
		{389E1C3C-57EB-44AA-940F-AF4377651E5E}.AppStore|ARM.Deploy.0 = AppStore|iPhone
		{389E1C3C-57EB-44AA-940F-AF4377651E5E}.AppStore|iPhone.ActiveCfg = AppStore|iPhone
		{389E1C3C-57EB-44AA-940F-AF4377651E5E}.AppStore|iPhone.Build.0 = AppStore|iPhone
		{389E1C3C-57EB-44AA-940F-AF4377651E5E}.AppStore|iPhone.Deploy.0 = AppStore|iPhone
		{389E1C3C-57EB-44AA-940F-AF4377651E5E}.AppStore|iPhoneSimulator.ActiveCfg = AppStore|iPhoneSimulator
		{389E1C3C-57EB-44AA-940F-AF4377651E5E}.AppStore|iPhoneSimulator.Build.0 = AppStore|iPhoneSimulator
		{389E1C3C-57EB-44AA-940F-AF4377651E5E}.AppStore|iPhoneSimulator.Deploy.0 = AppStore|iPhoneSimulator
		{389E1C3C-57EB-44AA-940F-AF4377651E5E}.AppStore|x64.ActiveCfg = AppStore|iPhone
		{389E1C3C-57EB-44AA-940F-AF4377651E5E}.AppStore|x64.Build.0 = AppStore|iPhone
		{389E1C3C-57EB-44AA-940F-AF4377651E5E}.AppStore|x64.Deploy.0 = AppStore|iPhone
		{389E1C3C-57EB-44AA-940F-AF4377651E5E}.AppStore|x86.ActiveCfg = AppStore|iPhone
		{389E1C3C-57EB-44AA-940F-AF4377651E5E}.AppStore|x86.Build.0 = AppStore|iPhone
		{389E1C3C-57EB-44AA-940F-AF4377651E5E}.AppStore|x86.Deploy.0 = AppStore|iPhone
		{389E1C3C-57EB-44AA-940F-AF4377651E5E}.Debug|Any CPU.ActiveCfg = Debug|iPhoneSimulator
		{389E1C3C-57EB-44AA-940F-AF4377651E5E}.Debug|Any CPU.Build.0 = Debug|iPhoneSimulator
		{389E1C3C-57EB-44AA-940F-AF4377651E5E}.Debug|Any CPU.Deploy.0 = Debug|iPhoneSimulator
		{389E1C3C-57EB-44AA-940F-AF4377651E5E}.Debug|ARM.ActiveCfg = Debug|iPhone
		{389E1C3C-57EB-44AA-940F-AF4377651E5E}.Debug|ARM.Build.0 = Debug|iPhone
		{389E1C3C-57EB-44AA-940F-AF4377651E5E}.Debug|ARM.Deploy.0 = Debug|iPhone
		{389E1C3C-57EB-44AA-940F-AF4377651E5E}.Debug|iPhone.ActiveCfg = Debug|iPhone
		{389E1C3C-57EB-44AA-940F-AF4377651E5E}.Debug|iPhone.Build.0 = Debug|iPhone
		{389E1C3C-57EB-44AA-940F-AF4377651E5E}.Debug|iPhone.Deploy.0 = Debug|iPhone
		{389E1C3C-57EB-44AA-940F-AF4377651E5E}.Debug|iPhoneSimulator.ActiveCfg = Debug|iPhoneSimulator
		{389E1C3C-57EB-44AA-940F-AF4377651E5E}.Debug|iPhoneSimulator.Build.0 = Debug|iPhoneSimulator
		{389E1C3C-57EB-44AA-940F-AF4377651E5E}.Debug|iPhoneSimulator.Deploy.0 = Debug|iPhoneSimulator
		{389E1C3C-57EB-44AA-940F-AF4377651E5E}.Debug|x64.ActiveCfg = Debug|iPhone
		{389E1C3C-57EB-44AA-940F-AF4377651E5E}.Debug|x64.Build.0 = Debug|iPhone
		{389E1C3C-57EB-44AA-940F-AF4377651E5E}.Debug|x64.Deploy.0 = Debug|iPhone
		{389E1C3C-57EB-44AA-940F-AF4377651E5E}.Debug|x86.ActiveCfg = Debug|iPhone
		{389E1C3C-57EB-44AA-940F-AF4377651E5E}.Debug|x86.Build.0 = Debug|iPhone
		{389E1C3C-57EB-44AA-940F-AF4377651E5E}.Debug|x86.Deploy.0 = Debug|iPhone
		{389E1C3C-57EB-44AA-940F-AF4377651E5E}.Release|Any CPU.ActiveCfg = Release|iPhone
		{389E1C3C-57EB-44AA-940F-AF4377651E5E}.Release|Any CPU.Build.0 = Release|iPhone
		{389E1C3C-57EB-44AA-940F-AF4377651E5E}.Release|Any CPU.Deploy.0 = Release|iPhone
		{389E1C3C-57EB-44AA-940F-AF4377651E5E}.Release|ARM.ActiveCfg = Release|iPhone
		{389E1C3C-57EB-44AA-940F-AF4377651E5E}.Release|ARM.Build.0 = Release|iPhone
		{389E1C3C-57EB-44AA-940F-AF4377651E5E}.Release|ARM.Deploy.0 = Release|iPhone
		{389E1C3C-57EB-44AA-940F-AF4377651E5E}.Release|iPhone.ActiveCfg = Release|iPhone
		{389E1C3C-57EB-44AA-940F-AF4377651E5E}.Release|iPhone.Build.0 = Release|iPhone
		{389E1C3C-57EB-44AA-940F-AF4377651E5E}.Release|iPhone.Deploy.0 = Release|iPhone
		{389E1C3C-57EB-44AA-940F-AF4377651E5E}.Release|iPhoneSimulator.ActiveCfg = Release|iPhoneSimulator
		{389E1C3C-57EB-44AA-940F-AF4377651E5E}.Release|iPhoneSimulator.Build.0 = Release|iPhoneSimulator
		{389E1C3C-57EB-44AA-940F-AF4377651E5E}.Release|iPhoneSimulator.Deploy.0 = Release|iPhoneSimulator
		{389E1C3C-57EB-44AA-940F-AF4377651E5E}.Release|x64.ActiveCfg = Release|iPhone
		{389E1C3C-57EB-44AA-940F-AF4377651E5E}.Release|x64.Build.0 = Release|iPhone
		{389E1C3C-57EB-44AA-940F-AF4377651E5E}.Release|x64.Deploy.0 = Release|iPhone
		{389E1C3C-57EB-44AA-940F-AF4377651E5E}.Release|x86.ActiveCfg = Release|iPhone
		{389E1C3C-57EB-44AA-940F-AF4377651E5E}.Release|x86.Build.0 = Release|iPhone
		{389E1C3C-57EB-44AA-940F-AF4377651E5E}.Release|x86.Deploy.0 = Release|iPhone
		{9BBED379-00EA-48A3-B277-2584D5522BC8}.Ad-Hoc|Any CPU.ActiveCfg = Release|x86
		{9BBED379-00EA-48A3-B277-2584D5522BC8}.Ad-Hoc|Any CPU.Build.0 = Release|x86
		{9BBED379-00EA-48A3-B277-2584D5522BC8}.Ad-Hoc|Any CPU.Deploy.0 = Release|x86
		{9BBED379-00EA-48A3-B277-2584D5522BC8}.Ad-Hoc|ARM.ActiveCfg = Release|ARM
		{9BBED379-00EA-48A3-B277-2584D5522BC8}.Ad-Hoc|ARM.Build.0 = Release|ARM
		{9BBED379-00EA-48A3-B277-2584D5522BC8}.Ad-Hoc|ARM.Deploy.0 = Release|ARM
		{9BBED379-00EA-48A3-B277-2584D5522BC8}.Ad-Hoc|iPhone.ActiveCfg = Release|x86
		{9BBED379-00EA-48A3-B277-2584D5522BC8}.Ad-Hoc|iPhone.Build.0 = Release|x86
		{9BBED379-00EA-48A3-B277-2584D5522BC8}.Ad-Hoc|iPhone.Deploy.0 = Release|x86
		{9BBED379-00EA-48A3-B277-2584D5522BC8}.Ad-Hoc|iPhoneSimulator.ActiveCfg = Release|x86
		{9BBED379-00EA-48A3-B277-2584D5522BC8}.Ad-Hoc|iPhoneSimulator.Build.0 = Release|x86
		{9BBED379-00EA-48A3-B277-2584D5522BC8}.Ad-Hoc|iPhoneSimulator.Deploy.0 = Release|x86
		{9BBED379-00EA-48A3-B277-2584D5522BC8}.Ad-Hoc|x64.ActiveCfg = Release|x64
		{9BBED379-00EA-48A3-B277-2584D5522BC8}.Ad-Hoc|x64.Build.0 = Release|x64
		{9BBED379-00EA-48A3-B277-2584D5522BC8}.Ad-Hoc|x64.Deploy.0 = Release|x64
		{9BBED379-00EA-48A3-B277-2584D5522BC8}.Ad-Hoc|x86.ActiveCfg = Release|x86
		{9BBED379-00EA-48A3-B277-2584D5522BC8}.Ad-Hoc|x86.Build.0 = Release|x86
		{9BBED379-00EA-48A3-B277-2584D5522BC8}.Ad-Hoc|x86.Deploy.0 = Release|x86
		{9BBED379-00EA-48A3-B277-2584D5522BC8}.AppStore|Any CPU.ActiveCfg = Release|x86
		{9BBED379-00EA-48A3-B277-2584D5522BC8}.AppStore|Any CPU.Build.0 = Release|x86
		{9BBED379-00EA-48A3-B277-2584D5522BC8}.AppStore|Any CPU.Deploy.0 = Release|x86
		{9BBED379-00EA-48A3-B277-2584D5522BC8}.AppStore|ARM.ActiveCfg = Release|ARM
		{9BBED379-00EA-48A3-B277-2584D5522BC8}.AppStore|ARM.Build.0 = Release|ARM
		{9BBED379-00EA-48A3-B277-2584D5522BC8}.AppStore|ARM.Deploy.0 = Release|ARM
		{9BBED379-00EA-48A3-B277-2584D5522BC8}.AppStore|iPhone.ActiveCfg = Release|x86
		{9BBED379-00EA-48A3-B277-2584D5522BC8}.AppStore|iPhone.Build.0 = Release|x86
		{9BBED379-00EA-48A3-B277-2584D5522BC8}.AppStore|iPhone.Deploy.0 = Release|x86
		{9BBED379-00EA-48A3-B277-2584D5522BC8}.AppStore|iPhoneSimulator.ActiveCfg = Release|x86
		{9BBED379-00EA-48A3-B277-2584D5522BC8}.AppStore|iPhoneSimulator.Build.0 = Release|x86
		{9BBED379-00EA-48A3-B277-2584D5522BC8}.AppStore|iPhoneSimulator.Deploy.0 = Release|x86
		{9BBED379-00EA-48A3-B277-2584D5522BC8}.AppStore|x64.ActiveCfg = Release|x64
		{9BBED379-00EA-48A3-B277-2584D5522BC8}.AppStore|x64.Build.0 = Release|x64
		{9BBED379-00EA-48A3-B277-2584D5522BC8}.AppStore|x64.Deploy.0 = Release|x64
		{9BBED379-00EA-48A3-B277-2584D5522BC8}.AppStore|x86.ActiveCfg = Release|x86
		{9BBED379-00EA-48A3-B277-2584D5522BC8}.AppStore|x86.Build.0 = Release|x86
		{9BBED379-00EA-48A3-B277-2584D5522BC8}.AppStore|x86.Deploy.0 = Release|x86
		{9BBED379-00EA-48A3-B277-2584D5522BC8}.Debug|Any CPU.ActiveCfg = Debug|x86
		{9BBED379-00EA-48A3-B277-2584D5522BC8}.Debug|Any CPU.Build.0 = Debug|x86
		{9BBED379-00EA-48A3-B277-2584D5522BC8}.Debug|Any CPU.Deploy.0 = Debug|x86
		{9BBED379-00EA-48A3-B277-2584D5522BC8}.Debug|ARM.ActiveCfg = Debug|ARM
		{9BBED379-00EA-48A3-B277-2584D5522BC8}.Debug|ARM.Build.0 = Debug|ARM
		{9BBED379-00EA-48A3-B277-2584D5522BC8}.Debug|ARM.Deploy.0 = Debug|ARM
		{9BBED379-00EA-48A3-B277-2584D5522BC8}.Debug|iPhone.ActiveCfg = Debug|x86
		{9BBED379-00EA-48A3-B277-2584D5522BC8}.Debug|iPhone.Build.0 = Debug|x86
		{9BBED379-00EA-48A3-B277-2584D5522BC8}.Debug|iPhone.Deploy.0 = Debug|x86
		{9BBED379-00EA-48A3-B277-2584D5522BC8}.Debug|iPhoneSimulator.ActiveCfg = Debug|x86
		{9BBED379-00EA-48A3-B277-2584D5522BC8}.Debug|iPhoneSimulator.Build.0 = Debug|x86
		{9BBED379-00EA-48A3-B277-2584D5522BC8}.Debug|iPhoneSimulator.Deploy.0 = Debug|x86
		{9BBED379-00EA-48A3-B277-2584D5522BC8}.Debug|x64.ActiveCfg = Debug|x64
		{9BBED379-00EA-48A3-B277-2584D5522BC8}.Debug|x64.Build.0 = Debug|x64
		{9BBED379-00EA-48A3-B277-2584D5522BC8}.Debug|x64.Deploy.0 = Debug|x64
		{9BBED379-00EA-48A3-B277-2584D5522BC8}.Debug|x86.ActiveCfg = Debug|x86
		{9BBED379-00EA-48A3-B277-2584D5522BC8}.Debug|x86.Build.0 = Debug|x86
		{9BBED379-00EA-48A3-B277-2584D5522BC8}.Debug|x86.Deploy.0 = Debug|x86
		{9BBED379-00EA-48A3-B277-2584D5522BC8}.Release|Any CPU.ActiveCfg = Release|x86
		{9BBED379-00EA-48A3-B277-2584D5522BC8}.Release|Any CPU.Build.0 = Release|x86
		{9BBED379-00EA-48A3-B277-2584D5522BC8}.Release|Any CPU.Deploy.0 = Release|x86
		{9BBED379-00EA-48A3-B277-2584D5522BC8}.Release|ARM.ActiveCfg = Release|ARM
		{9BBED379-00EA-48A3-B277-2584D5522BC8}.Release|ARM.Build.0 = Release|ARM
		{9BBED379-00EA-48A3-B277-2584D5522BC8}.Release|ARM.Deploy.0 = Release|ARM
		{9BBED379-00EA-48A3-B277-2584D5522BC8}.Release|iPhone.ActiveCfg = Release|x86
		{9BBED379-00EA-48A3-B277-2584D5522BC8}.Release|iPhone.Build.0 = Release|x86
		{9BBED379-00EA-48A3-B277-2584D5522BC8}.Release|iPhone.Deploy.0 = Release|x86
		{9BBED379-00EA-48A3-B277-2584D5522BC8}.Release|iPhoneSimulator.ActiveCfg = Release|x86
		{9BBED379-00EA-48A3-B277-2584D5522BC8}.Release|iPhoneSimulator.Build.0 = Release|x86
		{9BBED379-00EA-48A3-B277-2584D5522BC8}.Release|iPhoneSimulator.Deploy.0 = Release|x86
		{9BBED379-00EA-48A3-B277-2584D5522BC8}.Release|x64.ActiveCfg = Release|x64
		{9BBED379-00EA-48A3-B277-2584D5522BC8}.Release|x64.Build.0 = Release|x64
		{9BBED379-00EA-48A3-B277-2584D5522BC8}.Release|x64.Deploy.0 = Release|x64
		{9BBED379-00EA-48A3-B277-2584D5522BC8}.Release|x86.ActiveCfg = Release|x86
		{9BBED379-00EA-48A3-B277-2584D5522BC8}.Release|x86.Build.0 = Release|x86
		{9BBED379-00EA-48A3-B277-2584D5522BC8}.Release|x86.Deploy.0 = Release|x86
		{2CE87510-1936-4FEC-855C-5415D528B9EB}.Ad-Hoc|Any CPU.ActiveCfg = Debug|Any CPU
		{2CE87510-1936-4FEC-855C-5415D528B9EB}.Ad-Hoc|Any CPU.Build.0 = Debug|Any CPU
		{2CE87510-1936-4FEC-855C-5415D528B9EB}.Ad-Hoc|Any CPU.Deploy.0 = Debug|Any CPU
		{2CE87510-1936-4FEC-855C-5415D528B9EB}.Ad-Hoc|ARM.ActiveCfg = Debug|Any CPU
		{2CE87510-1936-4FEC-855C-5415D528B9EB}.Ad-Hoc|ARM.Build.0 = Debug|Any CPU
		{2CE87510-1936-4FEC-855C-5415D528B9EB}.Ad-Hoc|ARM.Deploy.0 = Debug|Any CPU
		{2CE87510-1936-4FEC-855C-5415D528B9EB}.Ad-Hoc|iPhone.ActiveCfg = Debug|Any CPU
		{2CE87510-1936-4FEC-855C-5415D528B9EB}.Ad-Hoc|iPhone.Build.0 = Debug|Any CPU
		{2CE87510-1936-4FEC-855C-5415D528B9EB}.Ad-Hoc|iPhone.Deploy.0 = Debug|Any CPU
		{2CE87510-1936-4FEC-855C-5415D528B9EB}.Ad-Hoc|iPhoneSimulator.ActiveCfg = Debug|Any CPU
		{2CE87510-1936-4FEC-855C-5415D528B9EB}.Ad-Hoc|iPhoneSimulator.Build.0 = Debug|Any CPU
		{2CE87510-1936-4FEC-855C-5415D528B9EB}.Ad-Hoc|iPhoneSimulator.Deploy.0 = Debug|Any CPU
		{2CE87510-1936-4FEC-855C-5415D528B9EB}.Ad-Hoc|x64.ActiveCfg = Debug|Any CPU
		{2CE87510-1936-4FEC-855C-5415D528B9EB}.Ad-Hoc|x64.Build.0 = Debug|Any CPU
		{2CE87510-1936-4FEC-855C-5415D528B9EB}.Ad-Hoc|x64.Deploy.0 = Debug|Any CPU
		{2CE87510-1936-4FEC-855C-5415D528B9EB}.Ad-Hoc|x86.ActiveCfg = Debug|Any CPU
		{2CE87510-1936-4FEC-855C-5415D528B9EB}.Ad-Hoc|x86.Build.0 = Debug|Any CPU
		{2CE87510-1936-4FEC-855C-5415D528B9EB}.Ad-Hoc|x86.Deploy.0 = Debug|Any CPU
		{2CE87510-1936-4FEC-855C-5415D528B9EB}.AppStore|Any CPU.ActiveCfg = Debug|Any CPU
		{2CE87510-1936-4FEC-855C-5415D528B9EB}.AppStore|Any CPU.Build.0 = Debug|Any CPU
		{2CE87510-1936-4FEC-855C-5415D528B9EB}.AppStore|Any CPU.Deploy.0 = Debug|Any CPU
		{2CE87510-1936-4FEC-855C-5415D528B9EB}.AppStore|ARM.ActiveCfg = Debug|Any CPU
		{2CE87510-1936-4FEC-855C-5415D528B9EB}.AppStore|ARM.Build.0 = Debug|Any CPU
		{2CE87510-1936-4FEC-855C-5415D528B9EB}.AppStore|ARM.Deploy.0 = Debug|Any CPU
		{2CE87510-1936-4FEC-855C-5415D528B9EB}.AppStore|iPhone.ActiveCfg = Debug|Any CPU
		{2CE87510-1936-4FEC-855C-5415D528B9EB}.AppStore|iPhone.Build.0 = Debug|Any CPU
		{2CE87510-1936-4FEC-855C-5415D528B9EB}.AppStore|iPhone.Deploy.0 = Debug|Any CPU
		{2CE87510-1936-4FEC-855C-5415D528B9EB}.AppStore|iPhoneSimulator.ActiveCfg = Debug|Any CPU
		{2CE87510-1936-4FEC-855C-5415D528B9EB}.AppStore|iPhoneSimulator.Build.0 = Debug|Any CPU
		{2CE87510-1936-4FEC-855C-5415D528B9EB}.AppStore|iPhoneSimulator.Deploy.0 = Debug|Any CPU
		{2CE87510-1936-4FEC-855C-5415D528B9EB}.AppStore|x64.ActiveCfg = Debug|Any CPU
		{2CE87510-1936-4FEC-855C-5415D528B9EB}.AppStore|x64.Build.0 = Debug|Any CPU
		{2CE87510-1936-4FEC-855C-5415D528B9EB}.AppStore|x64.Deploy.0 = Debug|Any CPU
		{2CE87510-1936-4FEC-855C-5415D528B9EB}.AppStore|x86.ActiveCfg = Debug|Any CPU
		{2CE87510-1936-4FEC-855C-5415D528B9EB}.AppStore|x86.Build.0 = Debug|Any CPU
		{2CE87510-1936-4FEC-855C-5415D528B9EB}.AppStore|x86.Deploy.0 = Debug|Any CPU
		{2CE87510-1936-4FEC-855C-5415D528B9EB}.Debug|Any CPU.ActiveCfg = Debug|Any CPU
		{2CE87510-1936-4FEC-855C-5415D528B9EB}.Debug|Any CPU.Build.0 = Debug|Any CPU
		{2CE87510-1936-4FEC-855C-5415D528B9EB}.Debug|Any CPU.Deploy.0 = Debug|Any CPU
		{2CE87510-1936-4FEC-855C-5415D528B9EB}.Debug|ARM.ActiveCfg = Debug|Any CPU
		{2CE87510-1936-4FEC-855C-5415D528B9EB}.Debug|ARM.Build.0 = Debug|Any CPU
		{2CE87510-1936-4FEC-855C-5415D528B9EB}.Debug|ARM.Deploy.0 = Debug|Any CPU
		{2CE87510-1936-4FEC-855C-5415D528B9EB}.Debug|iPhone.ActiveCfg = Debug|Any CPU
		{2CE87510-1936-4FEC-855C-5415D528B9EB}.Debug|iPhone.Build.0 = Debug|Any CPU
		{2CE87510-1936-4FEC-855C-5415D528B9EB}.Debug|iPhone.Deploy.0 = Debug|Any CPU
		{2CE87510-1936-4FEC-855C-5415D528B9EB}.Debug|iPhoneSimulator.ActiveCfg = Debug|Any CPU
		{2CE87510-1936-4FEC-855C-5415D528B9EB}.Debug|iPhoneSimulator.Build.0 = Debug|Any CPU
		{2CE87510-1936-4FEC-855C-5415D528B9EB}.Debug|iPhoneSimulator.Deploy.0 = Debug|Any CPU
		{2CE87510-1936-4FEC-855C-5415D528B9EB}.Debug|x64.ActiveCfg = Debug|Any CPU
		{2CE87510-1936-4FEC-855C-5415D528B9EB}.Debug|x64.Build.0 = Debug|Any CPU
		{2CE87510-1936-4FEC-855C-5415D528B9EB}.Debug|x64.Deploy.0 = Debug|Any CPU
		{2CE87510-1936-4FEC-855C-5415D528B9EB}.Debug|x86.ActiveCfg = Debug|Any CPU
		{2CE87510-1936-4FEC-855C-5415D528B9EB}.Debug|x86.Build.0 = Debug|Any CPU
		{2CE87510-1936-4FEC-855C-5415D528B9EB}.Debug|x86.Deploy.0 = Debug|Any CPU
		{2CE87510-1936-4FEC-855C-5415D528B9EB}.Release|Any CPU.ActiveCfg = Release|Any CPU
		{2CE87510-1936-4FEC-855C-5415D528B9EB}.Release|Any CPU.Build.0 = Release|Any CPU
		{2CE87510-1936-4FEC-855C-5415D528B9EB}.Release|Any CPU.Deploy.0 = Release|Any CPU
		{2CE87510-1936-4FEC-855C-5415D528B9EB}.Release|ARM.ActiveCfg = Release|Any CPU
		{2CE87510-1936-4FEC-855C-5415D528B9EB}.Release|ARM.Build.0 = Release|Any CPU
		{2CE87510-1936-4FEC-855C-5415D528B9EB}.Release|ARM.Deploy.0 = Release|Any CPU
		{2CE87510-1936-4FEC-855C-5415D528B9EB}.Release|iPhone.ActiveCfg = Release|Any CPU
		{2CE87510-1936-4FEC-855C-5415D528B9EB}.Release|iPhone.Build.0 = Release|Any CPU
		{2CE87510-1936-4FEC-855C-5415D528B9EB}.Release|iPhone.Deploy.0 = Release|Any CPU
		{2CE87510-1936-4FEC-855C-5415D528B9EB}.Release|iPhoneSimulator.ActiveCfg = Release|Any CPU
		{2CE87510-1936-4FEC-855C-5415D528B9EB}.Release|iPhoneSimulator.Build.0 = Release|Any CPU
		{2CE87510-1936-4FEC-855C-5415D528B9EB}.Release|iPhoneSimulator.Deploy.0 = Release|Any CPU
		{2CE87510-1936-4FEC-855C-5415D528B9EB}.Release|x64.ActiveCfg = Release|Any CPU
		{2CE87510-1936-4FEC-855C-5415D528B9EB}.Release|x64.Build.0 = Release|Any CPU
		{2CE87510-1936-4FEC-855C-5415D528B9EB}.Release|x64.Deploy.0 = Release|Any CPU
		{2CE87510-1936-4FEC-855C-5415D528B9EB}.Release|x86.ActiveCfg = Release|Any CPU
		{2CE87510-1936-4FEC-855C-5415D528B9EB}.Release|x86.Build.0 = Release|Any CPU
		{2CE87510-1936-4FEC-855C-5415D528B9EB}.Release|x86.Deploy.0 = Release|Any CPU
		{84040506-2194-44F2-995C-0926DB0EF799}.Ad-Hoc|Any CPU.ActiveCfg = Debug|Any CPU
		{84040506-2194-44F2-995C-0926DB0EF799}.Ad-Hoc|Any CPU.Build.0 = Debug|Any CPU
		{84040506-2194-44F2-995C-0926DB0EF799}.Ad-Hoc|ARM.ActiveCfg = Debug|Any CPU
		{84040506-2194-44F2-995C-0926DB0EF799}.Ad-Hoc|ARM.Build.0 = Debug|Any CPU
		{84040506-2194-44F2-995C-0926DB0EF799}.Ad-Hoc|iPhone.ActiveCfg = Debug|Any CPU
		{84040506-2194-44F2-995C-0926DB0EF799}.Ad-Hoc|iPhone.Build.0 = Debug|Any CPU
		{84040506-2194-44F2-995C-0926DB0EF799}.Ad-Hoc|iPhoneSimulator.ActiveCfg = Debug|Any CPU
		{84040506-2194-44F2-995C-0926DB0EF799}.Ad-Hoc|iPhoneSimulator.Build.0 = Debug|Any CPU
		{84040506-2194-44F2-995C-0926DB0EF799}.Ad-Hoc|x64.ActiveCfg = Debug|Any CPU
		{84040506-2194-44F2-995C-0926DB0EF799}.Ad-Hoc|x64.Build.0 = Debug|Any CPU
		{84040506-2194-44F2-995C-0926DB0EF799}.Ad-Hoc|x86.ActiveCfg = Debug|Any CPU
		{84040506-2194-44F2-995C-0926DB0EF799}.Ad-Hoc|x86.Build.0 = Debug|Any CPU
		{84040506-2194-44F2-995C-0926DB0EF799}.AppStore|Any CPU.ActiveCfg = Debug|Any CPU
		{84040506-2194-44F2-995C-0926DB0EF799}.AppStore|Any CPU.Build.0 = Debug|Any CPU
		{84040506-2194-44F2-995C-0926DB0EF799}.AppStore|ARM.ActiveCfg = Debug|Any CPU
		{84040506-2194-44F2-995C-0926DB0EF799}.AppStore|ARM.Build.0 = Debug|Any CPU
		{84040506-2194-44F2-995C-0926DB0EF799}.AppStore|iPhone.ActiveCfg = Debug|Any CPU
		{84040506-2194-44F2-995C-0926DB0EF799}.AppStore|iPhone.Build.0 = Debug|Any CPU
		{84040506-2194-44F2-995C-0926DB0EF799}.AppStore|iPhoneSimulator.ActiveCfg = Debug|Any CPU
		{84040506-2194-44F2-995C-0926DB0EF799}.AppStore|iPhoneSimulator.Build.0 = Debug|Any CPU
		{84040506-2194-44F2-995C-0926DB0EF799}.AppStore|x64.ActiveCfg = Debug|Any CPU
		{84040506-2194-44F2-995C-0926DB0EF799}.AppStore|x64.Build.0 = Debug|Any CPU
		{84040506-2194-44F2-995C-0926DB0EF799}.AppStore|x86.ActiveCfg = Debug|Any CPU
		{84040506-2194-44F2-995C-0926DB0EF799}.AppStore|x86.Build.0 = Debug|Any CPU
		{84040506-2194-44F2-995C-0926DB0EF799}.Debug|Any CPU.ActiveCfg = Debug|Any CPU
		{84040506-2194-44F2-995C-0926DB0EF799}.Debug|Any CPU.Build.0 = Debug|Any CPU
		{84040506-2194-44F2-995C-0926DB0EF799}.Debug|ARM.ActiveCfg = Debug|Any CPU
		{84040506-2194-44F2-995C-0926DB0EF799}.Debug|ARM.Build.0 = Debug|Any CPU
		{84040506-2194-44F2-995C-0926DB0EF799}.Debug|iPhone.ActiveCfg = Debug|Any CPU
		{84040506-2194-44F2-995C-0926DB0EF799}.Debug|iPhone.Build.0 = Debug|Any CPU
		{84040506-2194-44F2-995C-0926DB0EF799}.Debug|iPhoneSimulator.ActiveCfg = Debug|Any CPU
		{84040506-2194-44F2-995C-0926DB0EF799}.Debug|iPhoneSimulator.Build.0 = Debug|Any CPU
		{84040506-2194-44F2-995C-0926DB0EF799}.Debug|x64.ActiveCfg = Debug|Any CPU
		{84040506-2194-44F2-995C-0926DB0EF799}.Debug|x64.Build.0 = Debug|Any CPU
		{84040506-2194-44F2-995C-0926DB0EF799}.Debug|x86.ActiveCfg = Debug|Any CPU
		{84040506-2194-44F2-995C-0926DB0EF799}.Debug|x86.Build.0 = Debug|Any CPU
		{84040506-2194-44F2-995C-0926DB0EF799}.Release|Any CPU.ActiveCfg = Release|Any CPU
		{84040506-2194-44F2-995C-0926DB0EF799}.Release|Any CPU.Build.0 = Release|Any CPU
		{84040506-2194-44F2-995C-0926DB0EF799}.Release|ARM.ActiveCfg = Release|Any CPU
		{84040506-2194-44F2-995C-0926DB0EF799}.Release|ARM.Build.0 = Release|Any CPU
		{84040506-2194-44F2-995C-0926DB0EF799}.Release|iPhone.ActiveCfg = Release|Any CPU
		{84040506-2194-44F2-995C-0926DB0EF799}.Release|iPhone.Build.0 = Release|Any CPU
		{84040506-2194-44F2-995C-0926DB0EF799}.Release|iPhoneSimulator.ActiveCfg = Release|Any CPU
		{84040506-2194-44F2-995C-0926DB0EF799}.Release|iPhoneSimulator.Build.0 = Release|Any CPU
		{84040506-2194-44F2-995C-0926DB0EF799}.Release|x64.ActiveCfg = Release|Any CPU
		{84040506-2194-44F2-995C-0926DB0EF799}.Release|x64.Build.0 = Release|Any CPU
		{84040506-2194-44F2-995C-0926DB0EF799}.Release|x86.ActiveCfg = Release|Any CPU
		{84040506-2194-44F2-995C-0926DB0EF799}.Release|x86.Build.0 = Release|Any CPU
		{7BA11CD4-EDB7-4A40-A621-715D359238E0}.Ad-Hoc|Any CPU.ActiveCfg = Debug|Any CPU
		{7BA11CD4-EDB7-4A40-A621-715D359238E0}.Ad-Hoc|Any CPU.Build.0 = Debug|Any CPU
		{7BA11CD4-EDB7-4A40-A621-715D359238E0}.Ad-Hoc|ARM.ActiveCfg = Debug|Any CPU
		{7BA11CD4-EDB7-4A40-A621-715D359238E0}.Ad-Hoc|ARM.Build.0 = Debug|Any CPU
		{7BA11CD4-EDB7-4A40-A621-715D359238E0}.Ad-Hoc|iPhone.ActiveCfg = Debug|Any CPU
		{7BA11CD4-EDB7-4A40-A621-715D359238E0}.Ad-Hoc|iPhone.Build.0 = Debug|Any CPU
		{7BA11CD4-EDB7-4A40-A621-715D359238E0}.Ad-Hoc|iPhoneSimulator.ActiveCfg = Debug|Any CPU
		{7BA11CD4-EDB7-4A40-A621-715D359238E0}.Ad-Hoc|iPhoneSimulator.Build.0 = Debug|Any CPU
		{7BA11CD4-EDB7-4A40-A621-715D359238E0}.Ad-Hoc|x64.ActiveCfg = Debug|Any CPU
		{7BA11CD4-EDB7-4A40-A621-715D359238E0}.Ad-Hoc|x64.Build.0 = Debug|Any CPU
		{7BA11CD4-EDB7-4A40-A621-715D359238E0}.Ad-Hoc|x86.ActiveCfg = Debug|Any CPU
		{7BA11CD4-EDB7-4A40-A621-715D359238E0}.Ad-Hoc|x86.Build.0 = Debug|Any CPU
		{7BA11CD4-EDB7-4A40-A621-715D359238E0}.AppStore|Any CPU.ActiveCfg = Debug|Any CPU
		{7BA11CD4-EDB7-4A40-A621-715D359238E0}.AppStore|Any CPU.Build.0 = Debug|Any CPU
		{7BA11CD4-EDB7-4A40-A621-715D359238E0}.AppStore|ARM.ActiveCfg = Debug|Any CPU
		{7BA11CD4-EDB7-4A40-A621-715D359238E0}.AppStore|ARM.Build.0 = Debug|Any CPU
		{7BA11CD4-EDB7-4A40-A621-715D359238E0}.AppStore|iPhone.ActiveCfg = Debug|Any CPU
		{7BA11CD4-EDB7-4A40-A621-715D359238E0}.AppStore|iPhone.Build.0 = Debug|Any CPU
		{7BA11CD4-EDB7-4A40-A621-715D359238E0}.AppStore|iPhoneSimulator.ActiveCfg = Debug|Any CPU
		{7BA11CD4-EDB7-4A40-A621-715D359238E0}.AppStore|iPhoneSimulator.Build.0 = Debug|Any CPU
		{7BA11CD4-EDB7-4A40-A621-715D359238E0}.AppStore|x64.ActiveCfg = Debug|Any CPU
		{7BA11CD4-EDB7-4A40-A621-715D359238E0}.AppStore|x64.Build.0 = Debug|Any CPU
		{7BA11CD4-EDB7-4A40-A621-715D359238E0}.AppStore|x86.ActiveCfg = Debug|Any CPU
		{7BA11CD4-EDB7-4A40-A621-715D359238E0}.AppStore|x86.Build.0 = Debug|Any CPU
		{7BA11CD4-EDB7-4A40-A621-715D359238E0}.Debug|Any CPU.ActiveCfg = Debug|Any CPU
		{7BA11CD4-EDB7-4A40-A621-715D359238E0}.Debug|Any CPU.Build.0 = Debug|Any CPU
		{7BA11CD4-EDB7-4A40-A621-715D359238E0}.Debug|ARM.ActiveCfg = Debug|Any CPU
		{7BA11CD4-EDB7-4A40-A621-715D359238E0}.Debug|ARM.Build.0 = Debug|Any CPU
		{7BA11CD4-EDB7-4A40-A621-715D359238E0}.Debug|iPhone.ActiveCfg = Debug|Any CPU
		{7BA11CD4-EDB7-4A40-A621-715D359238E0}.Debug|iPhone.Build.0 = Debug|Any CPU
		{7BA11CD4-EDB7-4A40-A621-715D359238E0}.Debug|iPhoneSimulator.ActiveCfg = Debug|Any CPU
		{7BA11CD4-EDB7-4A40-A621-715D359238E0}.Debug|iPhoneSimulator.Build.0 = Debug|Any CPU
		{7BA11CD4-EDB7-4A40-A621-715D359238E0}.Debug|x64.ActiveCfg = Debug|Any CPU
		{7BA11CD4-EDB7-4A40-A621-715D359238E0}.Debug|x64.Build.0 = Debug|Any CPU
		{7BA11CD4-EDB7-4A40-A621-715D359238E0}.Debug|x86.ActiveCfg = Debug|Any CPU
		{7BA11CD4-EDB7-4A40-A621-715D359238E0}.Debug|x86.Build.0 = Debug|Any CPU
		{7BA11CD4-EDB7-4A40-A621-715D359238E0}.Release|Any CPU.ActiveCfg = Release|Any CPU
		{7BA11CD4-EDB7-4A40-A621-715D359238E0}.Release|Any CPU.Build.0 = Release|Any CPU
		{7BA11CD4-EDB7-4A40-A621-715D359238E0}.Release|ARM.ActiveCfg = Release|Any CPU
		{7BA11CD4-EDB7-4A40-A621-715D359238E0}.Release|ARM.Build.0 = Release|Any CPU
		{7BA11CD4-EDB7-4A40-A621-715D359238E0}.Release|iPhone.ActiveCfg = Release|Any CPU
		{7BA11CD4-EDB7-4A40-A621-715D359238E0}.Release|iPhone.Build.0 = Release|Any CPU
		{7BA11CD4-EDB7-4A40-A621-715D359238E0}.Release|iPhoneSimulator.ActiveCfg = Release|Any CPU
		{7BA11CD4-EDB7-4A40-A621-715D359238E0}.Release|iPhoneSimulator.Build.0 = Release|Any CPU
		{7BA11CD4-EDB7-4A40-A621-715D359238E0}.Release|x64.ActiveCfg = Release|Any CPU
		{7BA11CD4-EDB7-4A40-A621-715D359238E0}.Release|x64.Build.0 = Release|Any CPU
		{7BA11CD4-EDB7-4A40-A621-715D359238E0}.Release|x86.ActiveCfg = Release|Any CPU
		{7BA11CD4-EDB7-4A40-A621-715D359238E0}.Release|x86.Build.0 = Release|Any CPU
		{8B0187F1-1D73-4EBA-8869-38FC83909306}.Ad-Hoc|Any CPU.ActiveCfg = Debug|Any CPU
		{8B0187F1-1D73-4EBA-8869-38FC83909306}.Ad-Hoc|Any CPU.Build.0 = Debug|Any CPU
		{8B0187F1-1D73-4EBA-8869-38FC83909306}.Ad-Hoc|ARM.ActiveCfg = Debug|Any CPU
		{8B0187F1-1D73-4EBA-8869-38FC83909306}.Ad-Hoc|ARM.Build.0 = Debug|Any CPU
		{8B0187F1-1D73-4EBA-8869-38FC83909306}.Ad-Hoc|iPhone.ActiveCfg = Debug|Any CPU
		{8B0187F1-1D73-4EBA-8869-38FC83909306}.Ad-Hoc|iPhone.Build.0 = Debug|Any CPU
		{8B0187F1-1D73-4EBA-8869-38FC83909306}.Ad-Hoc|iPhoneSimulator.ActiveCfg = Debug|Any CPU
		{8B0187F1-1D73-4EBA-8869-38FC83909306}.Ad-Hoc|iPhoneSimulator.Build.0 = Debug|Any CPU
		{8B0187F1-1D73-4EBA-8869-38FC83909306}.Ad-Hoc|x64.ActiveCfg = Debug|Any CPU
		{8B0187F1-1D73-4EBA-8869-38FC83909306}.Ad-Hoc|x64.Build.0 = Debug|Any CPU
		{8B0187F1-1D73-4EBA-8869-38FC83909306}.Ad-Hoc|x86.ActiveCfg = Debug|Any CPU
		{8B0187F1-1D73-4EBA-8869-38FC83909306}.Ad-Hoc|x86.Build.0 = Debug|Any CPU
		{8B0187F1-1D73-4EBA-8869-38FC83909306}.AppStore|Any CPU.ActiveCfg = Debug|Any CPU
		{8B0187F1-1D73-4EBA-8869-38FC83909306}.AppStore|Any CPU.Build.0 = Debug|Any CPU
		{8B0187F1-1D73-4EBA-8869-38FC83909306}.AppStore|ARM.ActiveCfg = Debug|Any CPU
		{8B0187F1-1D73-4EBA-8869-38FC83909306}.AppStore|ARM.Build.0 = Debug|Any CPU
		{8B0187F1-1D73-4EBA-8869-38FC83909306}.AppStore|iPhone.ActiveCfg = Debug|Any CPU
		{8B0187F1-1D73-4EBA-8869-38FC83909306}.AppStore|iPhone.Build.0 = Debug|Any CPU
		{8B0187F1-1D73-4EBA-8869-38FC83909306}.AppStore|iPhoneSimulator.ActiveCfg = Debug|Any CPU
		{8B0187F1-1D73-4EBA-8869-38FC83909306}.AppStore|iPhoneSimulator.Build.0 = Debug|Any CPU
		{8B0187F1-1D73-4EBA-8869-38FC83909306}.AppStore|x64.ActiveCfg = Debug|Any CPU
		{8B0187F1-1D73-4EBA-8869-38FC83909306}.AppStore|x64.Build.0 = Debug|Any CPU
		{8B0187F1-1D73-4EBA-8869-38FC83909306}.AppStore|x86.ActiveCfg = Debug|Any CPU
		{8B0187F1-1D73-4EBA-8869-38FC83909306}.AppStore|x86.Build.0 = Debug|Any CPU
		{8B0187F1-1D73-4EBA-8869-38FC83909306}.Debug|Any CPU.ActiveCfg = Debug|Any CPU
		{8B0187F1-1D73-4EBA-8869-38FC83909306}.Debug|Any CPU.Build.0 = Debug|Any CPU
		{8B0187F1-1D73-4EBA-8869-38FC83909306}.Debug|ARM.ActiveCfg = Debug|Any CPU
		{8B0187F1-1D73-4EBA-8869-38FC83909306}.Debug|ARM.Build.0 = Debug|Any CPU
		{8B0187F1-1D73-4EBA-8869-38FC83909306}.Debug|iPhone.ActiveCfg = Debug|Any CPU
		{8B0187F1-1D73-4EBA-8869-38FC83909306}.Debug|iPhone.Build.0 = Debug|Any CPU
		{8B0187F1-1D73-4EBA-8869-38FC83909306}.Debug|iPhoneSimulator.ActiveCfg = Debug|Any CPU
		{8B0187F1-1D73-4EBA-8869-38FC83909306}.Debug|iPhoneSimulator.Build.0 = Debug|Any CPU
		{8B0187F1-1D73-4EBA-8869-38FC83909306}.Debug|x64.ActiveCfg = Debug|Any CPU
		{8B0187F1-1D73-4EBA-8869-38FC83909306}.Debug|x64.Build.0 = Debug|Any CPU
		{8B0187F1-1D73-4EBA-8869-38FC83909306}.Debug|x86.ActiveCfg = Debug|Any CPU
		{8B0187F1-1D73-4EBA-8869-38FC83909306}.Debug|x86.Build.0 = Debug|Any CPU
		{8B0187F1-1D73-4EBA-8869-38FC83909306}.Release|Any CPU.ActiveCfg = Release|Any CPU
		{8B0187F1-1D73-4EBA-8869-38FC83909306}.Release|Any CPU.Build.0 = Release|Any CPU
		{8B0187F1-1D73-4EBA-8869-38FC83909306}.Release|ARM.ActiveCfg = Release|Any CPU
		{8B0187F1-1D73-4EBA-8869-38FC83909306}.Release|ARM.Build.0 = Release|Any CPU
		{8B0187F1-1D73-4EBA-8869-38FC83909306}.Release|iPhone.ActiveCfg = Release|Any CPU
		{8B0187F1-1D73-4EBA-8869-38FC83909306}.Release|iPhone.Build.0 = Release|Any CPU
		{8B0187F1-1D73-4EBA-8869-38FC83909306}.Release|iPhoneSimulator.ActiveCfg = Release|Any CPU
		{8B0187F1-1D73-4EBA-8869-38FC83909306}.Release|iPhoneSimulator.Build.0 = Release|Any CPU
		{8B0187F1-1D73-4EBA-8869-38FC83909306}.Release|x64.ActiveCfg = Release|Any CPU
		{8B0187F1-1D73-4EBA-8869-38FC83909306}.Release|x64.Build.0 = Release|Any CPU
		{8B0187F1-1D73-4EBA-8869-38FC83909306}.Release|x86.ActiveCfg = Release|Any CPU
		{8B0187F1-1D73-4EBA-8869-38FC83909306}.Release|x86.Build.0 = Release|Any CPU
	EndGlobalSection
	GlobalSection(SolutionProperties) = preSolution
		HideSolutionNode = FALSE
	EndGlobalSection
	GlobalSection(ExtensibilityGlobals) = postSolution
		SolutionGuid = {C5F9E1CE-B51E-4BAF-9B49-89F114736713}
	EndGlobalSection
EndGlobal
