
Microsoft Visual Studio Solution File, Format Version 12.00
# Visual Studio 15
VisualStudioVersion = 15.0.28307.1000
MinimumVisualStudioVersion = 10.0.40219.1
Project("{FAE04EC0-301F-11D3-BF4B-00C04F79EFBC}") = "XamarinCrudPersonasUI.Android", "30_XamarinCrudPersonas_UI\30_XamarinCrudPersonas_UI.Android\XamarinCrudPersonasUI.Android.csproj", "{468C1EF0-BA80-49AB-BF42-F90256BBABEE}"
EndProject
Project("{FAE04EC0-301F-11D3-BF4B-00C04F79EFBC}") = "XamarinCrudPersonasUI.iOS", "30_XamarinCrudPersonas_UI\30_XamarinCrudPersonas_UI.iOS\XamarinCrudPersonasUI.iOS.csproj", "{A4D58302-B19C-43D2-9506-65F2229A3E06}"
EndProject
Project("{FAE04EC0-301F-11D3-BF4B-00C04F79EFBC}") = "XamarinCrudPersonasUI.UWP", "30_XamarinCrudPersonas_UI\30_XamarinCrudPersonas_UI.UWP\XamarinCrudPersonasUI.UWP.csproj", "{91D194D7-C09A-4F5D-AFAF-2D93C488AE82}"
EndProject
Project("{9A19103F-16F7-4668-BE54-9A1E7A4F7556}") = "XamarinCrudPersonasUI", "30_XamarinCrudPersonas_UI\30_XamarinCrudPersonas_UI\XamarinCrudPersonasUI.csproj", "{80B1CE18-3BC8-4BAA-9EEA-B8F7EA720544}"
EndProject
Project("{9A19103F-16F7-4668-BE54-9A1E7A4F7556}") = "XamarinCrudPersonasDAL", "30_XamarinCrudPersonas_DAL\XamarinCrudPersonasDAL.csproj", "{CEA40B22-DF43-44DE-BF6D-D16AC1E33730}"
EndProject
Project("{9A19103F-16F7-4668-BE54-9A1E7A4F7556}") = "XamarinCrudPersonasENTITIES", "30_XamarinCrudPersonas_ENTITIES\XamarinCrudPersonasENTITIES.csproj", "{5851860E-F2E8-494C-8BD2-445D995A922A}"
EndProject
Project("{9A19103F-16F7-4668-BE54-9A1E7A4F7556}") = "XamarinCrudPersonasBL", "30_XamarinCrudPersonas_BL\XamarinCrudPersonasBL.csproj", "{5D49C0C4-13D1-4FB0-A585-13AC5E941EAF}"
EndProject
Global
	GlobalSection(SolutionConfigurationPlatforms) = preSolution
		Ad-Hoc|Any CPU = Ad-Hoc|Any CPU
		Ad-Hoc|ARM = Ad-Hoc|ARM
		Ad-Hoc|iPhone = Ad-Hoc|iPhone
		Ad-Hoc|iPhoneSimulator = Ad-Hoc|iPhoneSimulator
		Ad-Hoc|x64 = Ad-Hoc|x64
		Ad-Hoc|x86 = Ad-Hoc|x86
		AppStore|Any CPU = AppStore|Any CPU
		AppStore|ARM = AppStore|ARM
		AppStore|iPhone = AppStore|iPhone
		AppStore|iPhoneSimulator = AppStore|iPhoneSimulator
		AppStore|x64 = AppStore|x64
		AppStore|x86 = AppStore|x86
		Debug|Any CPU = Debug|Any CPU
		Debug|ARM = Debug|ARM
		Debug|iPhone = Debug|iPhone
		Debug|iPhoneSimulator = Debug|iPhoneSimulator
		Debug|x64 = Debug|x64
		Debug|x86 = Debug|x86
		Release|Any CPU = Release|Any CPU
		Release|ARM = Release|ARM
		Release|iPhone = Release|iPhone
		Release|iPhoneSimulator = Release|iPhoneSimulator
		Release|x64 = Release|x64
		Release|x86 = Release|x86
	EndGlobalSection
	GlobalSection(ProjectConfigurationPlatforms) = postSolution
		{468C1EF0-BA80-49AB-BF42-F90256BBABEE}.Ad-Hoc|Any CPU.ActiveCfg = Release|Any CPU
		{468C1EF0-BA80-49AB-BF42-F90256BBABEE}.Ad-Hoc|Any CPU.Build.0 = Release|Any CPU
		{468C1EF0-BA80-49AB-BF42-F90256BBABEE}.Ad-Hoc|Any CPU.Deploy.0 = Release|Any CPU
		{468C1EF0-BA80-49AB-BF42-F90256BBABEE}.Ad-Hoc|ARM.ActiveCfg = Release|Any CPU
		{468C1EF0-BA80-49AB-BF42-F90256BBABEE}.Ad-Hoc|ARM.Build.0 = Release|Any CPU
		{468C1EF0-BA80-49AB-BF42-F90256BBABEE}.Ad-Hoc|ARM.Deploy.0 = Release|Any CPU
		{468C1EF0-BA80-49AB-BF42-F90256BBABEE}.Ad-Hoc|iPhone.ActiveCfg = Release|Any CPU
		{468C1EF0-BA80-49AB-BF42-F90256BBABEE}.Ad-Hoc|iPhone.Build.0 = Release|Any CPU
		{468C1EF0-BA80-49AB-BF42-F90256BBABEE}.Ad-Hoc|iPhone.Deploy.0 = Release|Any CPU
		{468C1EF0-BA80-49AB-BF42-F90256BBABEE}.Ad-Hoc|iPhoneSimulator.ActiveCfg = Release|Any CPU
		{468C1EF0-BA80-49AB-BF42-F90256BBABEE}.Ad-Hoc|iPhoneSimulator.Build.0 = Release|Any CPU
		{468C1EF0-BA80-49AB-BF42-F90256BBABEE}.Ad-Hoc|iPhoneSimulator.Deploy.0 = Release|Any CPU
		{468C1EF0-BA80-49AB-BF42-F90256BBABEE}.Ad-Hoc|x64.ActiveCfg = Release|Any CPU
		{468C1EF0-BA80-49AB-BF42-F90256BBABEE}.Ad-Hoc|x64.Build.0 = Release|Any CPU
		{468C1EF0-BA80-49AB-BF42-F90256BBABEE}.Ad-Hoc|x64.Deploy.0 = Release|Any CPU
		{468C1EF0-BA80-49AB-BF42-F90256BBABEE}.Ad-Hoc|x86.ActiveCfg = Release|Any CPU
		{468C1EF0-BA80-49AB-BF42-F90256BBABEE}.Ad-Hoc|x86.Build.0 = Release|Any CPU
		{468C1EF0-BA80-49AB-BF42-F90256BBABEE}.Ad-Hoc|x86.Deploy.0 = Release|Any CPU
		{468C1EF0-BA80-49AB-BF42-F90256BBABEE}.AppStore|Any CPU.ActiveCfg = Release|Any CPU
		{468C1EF0-BA80-49AB-BF42-F90256BBABEE}.AppStore|Any CPU.Build.0 = Release|Any CPU
		{468C1EF0-BA80-49AB-BF42-F90256BBABEE}.AppStore|Any CPU.Deploy.0 = Release|Any CPU
		{468C1EF0-BA80-49AB-BF42-F90256BBABEE}.AppStore|ARM.ActiveCfg = Release|Any CPU
		{468C1EF0-BA80-49AB-BF42-F90256BBABEE}.AppStore|ARM.Build.0 = Release|Any CPU
		{468C1EF0-BA80-49AB-BF42-F90256BBABEE}.AppStore|ARM.Deploy.0 = Release|Any CPU
		{468C1EF0-BA80-49AB-BF42-F90256BBABEE}.AppStore|iPhone.ActiveCfg = Release|Any CPU
		{468C1EF0-BA80-49AB-BF42-F90256BBABEE}.AppStore|iPhone.Build.0 = Release|Any CPU
		{468C1EF0-BA80-49AB-BF42-F90256BBABEE}.AppStore|iPhone.Deploy.0 = Release|Any CPU
		{468C1EF0-BA80-49AB-BF42-F90256BBABEE}.AppStore|iPhoneSimulator.ActiveCfg = Release|Any CPU
		{468C1EF0-BA80-49AB-BF42-F90256BBABEE}.AppStore|iPhoneSimulator.Build.0 = Release|Any CPU
		{468C1EF0-BA80-49AB-BF42-F90256BBABEE}.AppStore|iPhoneSimulator.Deploy.0 = Release|Any CPU
		{468C1EF0-BA80-49AB-BF42-F90256BBABEE}.AppStore|x64.ActiveCfg = Release|Any CPU
		{468C1EF0-BA80-49AB-BF42-F90256BBABEE}.AppStore|x64.Build.0 = Release|Any CPU
		{468C1EF0-BA80-49AB-BF42-F90256BBABEE}.AppStore|x64.Deploy.0 = Release|Any CPU
		{468C1EF0-BA80-49AB-BF42-F90256BBABEE}.AppStore|x86.ActiveCfg = Release|Any CPU
		{468C1EF0-BA80-49AB-BF42-F90256BBABEE}.AppStore|x86.Build.0 = Release|Any CPU
		{468C1EF0-BA80-49AB-BF42-F90256BBABEE}.AppStore|x86.Deploy.0 = Release|Any CPU
		{468C1EF0-BA80-49AB-BF42-F90256BBABEE}.Debug|Any CPU.ActiveCfg = Debug|Any CPU
		{468C1EF0-BA80-49AB-BF42-F90256BBABEE}.Debug|Any CPU.Build.0 = Debug|Any CPU
		{468C1EF0-BA80-49AB-BF42-F90256BBABEE}.Debug|Any CPU.Deploy.0 = Debug|Any CPU
		{468C1EF0-BA80-49AB-BF42-F90256BBABEE}.Debug|ARM.ActiveCfg = Debug|Any CPU
		{468C1EF0-BA80-49AB-BF42-F90256BBABEE}.Debug|ARM.Build.0 = Debug|Any CPU
		{468C1EF0-BA80-49AB-BF42-F90256BBABEE}.Debug|ARM.Deploy.0 = Debug|Any CPU
		{468C1EF0-BA80-49AB-BF42-F90256BBABEE}.Debug|iPhone.ActiveCfg = Debug|Any CPU
		{468C1EF0-BA80-49AB-BF42-F90256BBABEE}.Debug|iPhone.Build.0 = Debug|Any CPU
		{468C1EF0-BA80-49AB-BF42-F90256BBABEE}.Debug|iPhone.Deploy.0 = Debug|Any CPU
		{468C1EF0-BA80-49AB-BF42-F90256BBABEE}.Debug|iPhoneSimulator.ActiveCfg = Debug|Any CPU
		{468C1EF0-BA80-49AB-BF42-F90256BBABEE}.Debug|iPhoneSimulator.Build.0 = Debug|Any CPU
		{468C1EF0-BA80-49AB-BF42-F90256BBABEE}.Debug|iPhoneSimulator.Deploy.0 = Debug|Any CPU
		{468C1EF0-BA80-49AB-BF42-F90256BBABEE}.Debug|x64.ActiveCfg = Debug|Any CPU
		{468C1EF0-BA80-49AB-BF42-F90256BBABEE}.Debug|x64.Build.0 = Debug|Any CPU
		{468C1EF0-BA80-49AB-BF42-F90256BBABEE}.Debug|x64.Deploy.0 = Debug|Any CPU
		{468C1EF0-BA80-49AB-BF42-F90256BBABEE}.Debug|x86.ActiveCfg = Debug|Any CPU
		{468C1EF0-BA80-49AB-BF42-F90256BBABEE}.Debug|x86.Build.0 = Debug|Any CPU
		{468C1EF0-BA80-49AB-BF42-F90256BBABEE}.Debug|x86.Deploy.0 = Debug|Any CPU
		{468C1EF0-BA80-49AB-BF42-F90256BBABEE}.Release|Any CPU.ActiveCfg = Release|Any CPU
		{468C1EF0-BA80-49AB-BF42-F90256BBABEE}.Release|Any CPU.Build.0 = Release|Any CPU
		{468C1EF0-BA80-49AB-BF42-F90256BBABEE}.Release|Any CPU.Deploy.0 = Release|Any CPU
		{468C1EF0-BA80-49AB-BF42-F90256BBABEE}.Release|ARM.ActiveCfg = Release|Any CPU
		{468C1EF0-BA80-49AB-BF42-F90256BBABEE}.Release|ARM.Build.0 = Release|Any CPU
		{468C1EF0-BA80-49AB-BF42-F90256BBABEE}.Release|ARM.Deploy.0 = Release|Any CPU
		{468C1EF0-BA80-49AB-BF42-F90256BBABEE}.Release|iPhone.ActiveCfg = Release|Any CPU
		{468C1EF0-BA80-49AB-BF42-F90256BBABEE}.Release|iPhone.Build.0 = Release|Any CPU
		{468C1EF0-BA80-49AB-BF42-F90256BBABEE}.Release|iPhone.Deploy.0 = Release|Any CPU
		{468C1EF0-BA80-49AB-BF42-F90256BBABEE}.Release|iPhoneSimulator.ActiveCfg = Release|Any CPU
		{468C1EF0-BA80-49AB-BF42-F90256BBABEE}.Release|iPhoneSimulator.Build.0 = Release|Any CPU
		{468C1EF0-BA80-49AB-BF42-F90256BBABEE}.Release|iPhoneSimulator.Deploy.0 = Release|Any CPU
		{468C1EF0-BA80-49AB-BF42-F90256BBABEE}.Release|x64.ActiveCfg = Release|Any CPU
		{468C1EF0-BA80-49AB-BF42-F90256BBABEE}.Release|x64.Build.0 = Release|Any CPU
		{468C1EF0-BA80-49AB-BF42-F90256BBABEE}.Release|x64.Deploy.0 = Release|Any CPU
		{468C1EF0-BA80-49AB-BF42-F90256BBABEE}.Release|x86.ActiveCfg = Release|Any CPU
		{468C1EF0-BA80-49AB-BF42-F90256BBABEE}.Release|x86.Build.0 = Release|Any CPU
		{468C1EF0-BA80-49AB-BF42-F90256BBABEE}.Release|x86.Deploy.0 = Release|Any CPU
		{A4D58302-B19C-43D2-9506-65F2229A3E06}.Ad-Hoc|Any CPU.ActiveCfg = Ad-Hoc|iPhone
		{A4D58302-B19C-43D2-9506-65F2229A3E06}.Ad-Hoc|Any CPU.Build.0 = Ad-Hoc|iPhone
		{A4D58302-B19C-43D2-9506-65F2229A3E06}.Ad-Hoc|Any CPU.Deploy.0 = Ad-Hoc|iPhone
		{A4D58302-B19C-43D2-9506-65F2229A3E06}.Ad-Hoc|ARM.ActiveCfg = Ad-Hoc|iPhone
		{A4D58302-B19C-43D2-9506-65F2229A3E06}.Ad-Hoc|ARM.Build.0 = Ad-Hoc|iPhone
		{A4D58302-B19C-43D2-9506-65F2229A3E06}.Ad-Hoc|ARM.Deploy.0 = Ad-Hoc|iPhone
		{A4D58302-B19C-43D2-9506-65F2229A3E06}.Ad-Hoc|iPhone.ActiveCfg = Ad-Hoc|iPhone
		{A4D58302-B19C-43D2-9506-65F2229A3E06}.Ad-Hoc|iPhone.Build.0 = Ad-Hoc|iPhone
		{A4D58302-B19C-43D2-9506-65F2229A3E06}.Ad-Hoc|iPhone.Deploy.0 = Ad-Hoc|iPhone
		{A4D58302-B19C-43D2-9506-65F2229A3E06}.Ad-Hoc|iPhoneSimulator.ActiveCfg = Ad-Hoc|iPhoneSimulator
		{A4D58302-B19C-43D2-9506-65F2229A3E06}.Ad-Hoc|iPhoneSimulator.Build.0 = Ad-Hoc|iPhoneSimulator
		{A4D58302-B19C-43D2-9506-65F2229A3E06}.Ad-Hoc|iPhoneSimulator.Deploy.0 = Ad-Hoc|iPhoneSimulator
		{A4D58302-B19C-43D2-9506-65F2229A3E06}.Ad-Hoc|x64.ActiveCfg = Ad-Hoc|iPhone
		{A4D58302-B19C-43D2-9506-65F2229A3E06}.Ad-Hoc|x64.Build.0 = Ad-Hoc|iPhone
		{A4D58302-B19C-43D2-9506-65F2229A3E06}.Ad-Hoc|x64.Deploy.0 = Ad-Hoc|iPhone
		{A4D58302-B19C-43D2-9506-65F2229A3E06}.Ad-Hoc|x86.ActiveCfg = Ad-Hoc|iPhone
		{A4D58302-B19C-43D2-9506-65F2229A3E06}.Ad-Hoc|x86.Build.0 = Ad-Hoc|iPhone
		{A4D58302-B19C-43D2-9506-65F2229A3E06}.Ad-Hoc|x86.Deploy.0 = Ad-Hoc|iPhone
		{A4D58302-B19C-43D2-9506-65F2229A3E06}.AppStore|Any CPU.ActiveCfg = AppStore|iPhone
		{A4D58302-B19C-43D2-9506-65F2229A3E06}.AppStore|Any CPU.Build.0 = AppStore|iPhone
		{A4D58302-B19C-43D2-9506-65F2229A3E06}.AppStore|Any CPU.Deploy.0 = AppStore|iPhone
		{A4D58302-B19C-43D2-9506-65F2229A3E06}.AppStore|ARM.ActiveCfg = AppStore|iPhone
		{A4D58302-B19C-43D2-9506-65F2229A3E06}.AppStore|ARM.Build.0 = AppStore|iPhone
		{A4D58302-B19C-43D2-9506-65F2229A3E06}.AppStore|ARM.Deploy.0 = AppStore|iPhone
		{A4D58302-B19C-43D2-9506-65F2229A3E06}.AppStore|iPhone.ActiveCfg = AppStore|iPhone
		{A4D58302-B19C-43D2-9506-65F2229A3E06}.AppStore|iPhone.Build.0 = AppStore|iPhone
		{A4D58302-B19C-43D2-9506-65F2229A3E06}.AppStore|iPhone.Deploy.0 = AppStore|iPhone
		{A4D58302-B19C-43D2-9506-65F2229A3E06}.AppStore|iPhoneSimulator.ActiveCfg = AppStore|iPhoneSimulator
		{A4D58302-B19C-43D2-9506-65F2229A3E06}.AppStore|iPhoneSimulator.Build.0 = AppStore|iPhoneSimulator
		{A4D58302-B19C-43D2-9506-65F2229A3E06}.AppStore|iPhoneSimulator.Deploy.0 = AppStore|iPhoneSimulator
		{A4D58302-B19C-43D2-9506-65F2229A3E06}.AppStore|x64.ActiveCfg = AppStore|iPhone
		{A4D58302-B19C-43D2-9506-65F2229A3E06}.AppStore|x64.Build.0 = AppStore|iPhone
		{A4D58302-B19C-43D2-9506-65F2229A3E06}.AppStore|x64.Deploy.0 = AppStore|iPhone
		{A4D58302-B19C-43D2-9506-65F2229A3E06}.AppStore|x86.ActiveCfg = AppStore|iPhone
		{A4D58302-B19C-43D2-9506-65F2229A3E06}.AppStore|x86.Build.0 = AppStore|iPhone
		{A4D58302-B19C-43D2-9506-65F2229A3E06}.AppStore|x86.Deploy.0 = AppStore|iPhone
		{A4D58302-B19C-43D2-9506-65F2229A3E06}.Debug|Any CPU.ActiveCfg = Debug|iPhoneSimulator
		{A4D58302-B19C-43D2-9506-65F2229A3E06}.Debug|Any CPU.Build.0 = Debug|iPhoneSimulator
		{A4D58302-B19C-43D2-9506-65F2229A3E06}.Debug|Any CPU.Deploy.0 = Debug|iPhoneSimulator
		{A4D58302-B19C-43D2-9506-65F2229A3E06}.Debug|ARM.ActiveCfg = Debug|iPhone
		{A4D58302-B19C-43D2-9506-65F2229A3E06}.Debug|ARM.Build.0 = Debug|iPhone
		{A4D58302-B19C-43D2-9506-65F2229A3E06}.Debug|ARM.Deploy.0 = Debug|iPhone
		{A4D58302-B19C-43D2-9506-65F2229A3E06}.Debug|iPhone.ActiveCfg = Debug|iPhone
		{A4D58302-B19C-43D2-9506-65F2229A3E06}.Debug|iPhone.Build.0 = Debug|iPhone
		{A4D58302-B19C-43D2-9506-65F2229A3E06}.Debug|iPhone.Deploy.0 = Debug|iPhone
		{A4D58302-B19C-43D2-9506-65F2229A3E06}.Debug|iPhoneSimulator.ActiveCfg = Debug|iPhoneSimulator
		{A4D58302-B19C-43D2-9506-65F2229A3E06}.Debug|iPhoneSimulator.Build.0 = Debug|iPhoneSimulator
		{A4D58302-B19C-43D2-9506-65F2229A3E06}.Debug|iPhoneSimulator.Deploy.0 = Debug|iPhoneSimulator
		{A4D58302-B19C-43D2-9506-65F2229A3E06}.Debug|x64.ActiveCfg = Debug|iPhone
		{A4D58302-B19C-43D2-9506-65F2229A3E06}.Debug|x64.Build.0 = Debug|iPhone
		{A4D58302-B19C-43D2-9506-65F2229A3E06}.Debug|x64.Deploy.0 = Debug|iPhone
		{A4D58302-B19C-43D2-9506-65F2229A3E06}.Debug|x86.ActiveCfg = Debug|iPhone
		{A4D58302-B19C-43D2-9506-65F2229A3E06}.Debug|x86.Build.0 = Debug|iPhone
		{A4D58302-B19C-43D2-9506-65F2229A3E06}.Debug|x86.Deploy.0 = Debug|iPhone
		{A4D58302-B19C-43D2-9506-65F2229A3E06}.Release|Any CPU.ActiveCfg = Release|iPhone
		{A4D58302-B19C-43D2-9506-65F2229A3E06}.Release|Any CPU.Build.0 = Release|iPhone
		{A4D58302-B19C-43D2-9506-65F2229A3E06}.Release|Any CPU.Deploy.0 = Release|iPhone
		{A4D58302-B19C-43D2-9506-65F2229A3E06}.Release|ARM.ActiveCfg = Release|iPhone
		{A4D58302-B19C-43D2-9506-65F2229A3E06}.Release|ARM.Build.0 = Release|iPhone
		{A4D58302-B19C-43D2-9506-65F2229A3E06}.Release|ARM.Deploy.0 = Release|iPhone
		{A4D58302-B19C-43D2-9506-65F2229A3E06}.Release|iPhone.ActiveCfg = Release|iPhone
		{A4D58302-B19C-43D2-9506-65F2229A3E06}.Release|iPhone.Build.0 = Release|iPhone
		{A4D58302-B19C-43D2-9506-65F2229A3E06}.Release|iPhone.Deploy.0 = Release|iPhone
		{A4D58302-B19C-43D2-9506-65F2229A3E06}.Release|iPhoneSimulator.ActiveCfg = Release|iPhoneSimulator
		{A4D58302-B19C-43D2-9506-65F2229A3E06}.Release|iPhoneSimulator.Build.0 = Release|iPhoneSimulator
		{A4D58302-B19C-43D2-9506-65F2229A3E06}.Release|iPhoneSimulator.Deploy.0 = Release|iPhoneSimulator
		{A4D58302-B19C-43D2-9506-65F2229A3E06}.Release|x64.ActiveCfg = Release|iPhone
		{A4D58302-B19C-43D2-9506-65F2229A3E06}.Release|x64.Build.0 = Release|iPhone
		{A4D58302-B19C-43D2-9506-65F2229A3E06}.Release|x64.Deploy.0 = Release|iPhone
		{A4D58302-B19C-43D2-9506-65F2229A3E06}.Release|x86.ActiveCfg = Release|iPhone
		{A4D58302-B19C-43D2-9506-65F2229A3E06}.Release|x86.Build.0 = Release|iPhone
		{A4D58302-B19C-43D2-9506-65F2229A3E06}.Release|x86.Deploy.0 = Release|iPhone
		{91D194D7-C09A-4F5D-AFAF-2D93C488AE82}.Ad-Hoc|Any CPU.ActiveCfg = Release|x86
		{91D194D7-C09A-4F5D-AFAF-2D93C488AE82}.Ad-Hoc|Any CPU.Build.0 = Release|x86
		{91D194D7-C09A-4F5D-AFAF-2D93C488AE82}.Ad-Hoc|Any CPU.Deploy.0 = Release|x86
		{91D194D7-C09A-4F5D-AFAF-2D93C488AE82}.Ad-Hoc|ARM.ActiveCfg = Release|ARM
		{91D194D7-C09A-4F5D-AFAF-2D93C488AE82}.Ad-Hoc|ARM.Build.0 = Release|ARM
		{91D194D7-C09A-4F5D-AFAF-2D93C488AE82}.Ad-Hoc|ARM.Deploy.0 = Release|ARM
		{91D194D7-C09A-4F5D-AFAF-2D93C488AE82}.Ad-Hoc|iPhone.ActiveCfg = Release|x86
		{91D194D7-C09A-4F5D-AFAF-2D93C488AE82}.Ad-Hoc|iPhone.Build.0 = Release|x86
		{91D194D7-C09A-4F5D-AFAF-2D93C488AE82}.Ad-Hoc|iPhone.Deploy.0 = Release|x86
		{91D194D7-C09A-4F5D-AFAF-2D93C488AE82}.Ad-Hoc|iPhoneSimulator.ActiveCfg = Release|x86
		{91D194D7-C09A-4F5D-AFAF-2D93C488AE82}.Ad-Hoc|iPhoneSimulator.Build.0 = Release|x86
		{91D194D7-C09A-4F5D-AFAF-2D93C488AE82}.Ad-Hoc|iPhoneSimulator.Deploy.0 = Release|x86
		{91D194D7-C09A-4F5D-AFAF-2D93C488AE82}.Ad-Hoc|x64.ActiveCfg = Release|x64
		{91D194D7-C09A-4F5D-AFAF-2D93C488AE82}.Ad-Hoc|x64.Build.0 = Release|x64
		{91D194D7-C09A-4F5D-AFAF-2D93C488AE82}.Ad-Hoc|x64.Deploy.0 = Release|x64
		{91D194D7-C09A-4F5D-AFAF-2D93C488AE82}.Ad-Hoc|x86.ActiveCfg = Release|x86
		{91D194D7-C09A-4F5D-AFAF-2D93C488AE82}.Ad-Hoc|x86.Build.0 = Release|x86
		{91D194D7-C09A-4F5D-AFAF-2D93C488AE82}.Ad-Hoc|x86.Deploy.0 = Release|x86
		{91D194D7-C09A-4F5D-AFAF-2D93C488AE82}.AppStore|Any CPU.ActiveCfg = Release|x86
		{91D194D7-C09A-4F5D-AFAF-2D93C488AE82}.AppStore|Any CPU.Build.0 = Release|x86
		{91D194D7-C09A-4F5D-AFAF-2D93C488AE82}.AppStore|Any CPU.Deploy.0 = Release|x86
		{91D194D7-C09A-4F5D-AFAF-2D93C488AE82}.AppStore|ARM.ActiveCfg = Release|ARM
		{91D194D7-C09A-4F5D-AFAF-2D93C488AE82}.AppStore|ARM.Build.0 = Release|ARM
		{91D194D7-C09A-4F5D-AFAF-2D93C488AE82}.AppStore|ARM.Deploy.0 = Release|ARM
		{91D194D7-C09A-4F5D-AFAF-2D93C488AE82}.AppStore|iPhone.ActiveCfg = Release|x86
		{91D194D7-C09A-4F5D-AFAF-2D93C488AE82}.AppStore|iPhone.Build.0 = Release|x86
		{91D194D7-C09A-4F5D-AFAF-2D93C488AE82}.AppStore|iPhone.Deploy.0 = Release|x86
		{91D194D7-C09A-4F5D-AFAF-2D93C488AE82}.AppStore|iPhoneSimulator.ActiveCfg = Release|x86
		{91D194D7-C09A-4F5D-AFAF-2D93C488AE82}.AppStore|iPhoneSimulator.Build.0 = Release|x86
		{91D194D7-C09A-4F5D-AFAF-2D93C488AE82}.AppStore|iPhoneSimulator.Deploy.0 = Release|x86
		{91D194D7-C09A-4F5D-AFAF-2D93C488AE82}.AppStore|x64.ActiveCfg = Release|x64
		{91D194D7-C09A-4F5D-AFAF-2D93C488AE82}.AppStore|x64.Build.0 = Release|x64
		{91D194D7-C09A-4F5D-AFAF-2D93C488AE82}.AppStore|x64.Deploy.0 = Release|x64
		{91D194D7-C09A-4F5D-AFAF-2D93C488AE82}.AppStore|x86.ActiveCfg = Release|x86
		{91D194D7-C09A-4F5D-AFAF-2D93C488AE82}.AppStore|x86.Build.0 = Release|x86
		{91D194D7-C09A-4F5D-AFAF-2D93C488AE82}.AppStore|x86.Deploy.0 = Release|x86
		{91D194D7-C09A-4F5D-AFAF-2D93C488AE82}.Debug|Any CPU.ActiveCfg = Debug|x86
		{91D194D7-C09A-4F5D-AFAF-2D93C488AE82}.Debug|Any CPU.Build.0 = Debug|x86
		{91D194D7-C09A-4F5D-AFAF-2D93C488AE82}.Debug|Any CPU.Deploy.0 = Debug|x86
		{91D194D7-C09A-4F5D-AFAF-2D93C488AE82}.Debug|ARM.ActiveCfg = Debug|ARM
		{91D194D7-C09A-4F5D-AFAF-2D93C488AE82}.Debug|ARM.Build.0 = Debug|ARM
		{91D194D7-C09A-4F5D-AFAF-2D93C488AE82}.Debug|ARM.Deploy.0 = Debug|ARM
		{91D194D7-C09A-4F5D-AFAF-2D93C488AE82}.Debug|iPhone.ActiveCfg = Debug|x86
		{91D194D7-C09A-4F5D-AFAF-2D93C488AE82}.Debug|iPhone.Build.0 = Debug|x86
		{91D194D7-C09A-4F5D-AFAF-2D93C488AE82}.Debug|iPhone.Deploy.0 = Debug|x86
		{91D194D7-C09A-4F5D-AFAF-2D93C488AE82}.Debug|iPhoneSimulator.ActiveCfg = Debug|x86
		{91D194D7-C09A-4F5D-AFAF-2D93C488AE82}.Debug|iPhoneSimulator.Build.0 = Debug|x86
		{91D194D7-C09A-4F5D-AFAF-2D93C488AE82}.Debug|iPhoneSimulator.Deploy.0 = Debug|x86
		{91D194D7-C09A-4F5D-AFAF-2D93C488AE82}.Debug|x64.ActiveCfg = Debug|x64
		{91D194D7-C09A-4F5D-AFAF-2D93C488AE82}.Debug|x64.Build.0 = Debug|x64
		{91D194D7-C09A-4F5D-AFAF-2D93C488AE82}.Debug|x64.Deploy.0 = Debug|x64
		{91D194D7-C09A-4F5D-AFAF-2D93C488AE82}.Debug|x86.ActiveCfg = Debug|x86
		{91D194D7-C09A-4F5D-AFAF-2D93C488AE82}.Debug|x86.Build.0 = Debug|x86
		{91D194D7-C09A-4F5D-AFAF-2D93C488AE82}.Debug|x86.Deploy.0 = Debug|x86
		{91D194D7-C09A-4F5D-AFAF-2D93C488AE82}.Release|Any CPU.ActiveCfg = Release|x86
		{91D194D7-C09A-4F5D-AFAF-2D93C488AE82}.Release|Any CPU.Build.0 = Release|x86
		{91D194D7-C09A-4F5D-AFAF-2D93C488AE82}.Release|Any CPU.Deploy.0 = Release|x86
		{91D194D7-C09A-4F5D-AFAF-2D93C488AE82}.Release|ARM.ActiveCfg = Release|ARM
		{91D194D7-C09A-4F5D-AFAF-2D93C488AE82}.Release|ARM.Build.0 = Release|ARM
		{91D194D7-C09A-4F5D-AFAF-2D93C488AE82}.Release|ARM.Deploy.0 = Release|ARM
		{91D194D7-C09A-4F5D-AFAF-2D93C488AE82}.Release|iPhone.ActiveCfg = Release|x86
		{91D194D7-C09A-4F5D-AFAF-2D93C488AE82}.Release|iPhone.Build.0 = Release|x86
		{91D194D7-C09A-4F5D-AFAF-2D93C488AE82}.Release|iPhone.Deploy.0 = Release|x86
		{91D194D7-C09A-4F5D-AFAF-2D93C488AE82}.Release|iPhoneSimulator.ActiveCfg = Release|x86
		{91D194D7-C09A-4F5D-AFAF-2D93C488AE82}.Release|iPhoneSimulator.Build.0 = Release|x86
		{91D194D7-C09A-4F5D-AFAF-2D93C488AE82}.Release|iPhoneSimulator.Deploy.0 = Release|x86
		{91D194D7-C09A-4F5D-AFAF-2D93C488AE82}.Release|x64.ActiveCfg = Release|x64
		{91D194D7-C09A-4F5D-AFAF-2D93C488AE82}.Release|x64.Build.0 = Release|x64
		{91D194D7-C09A-4F5D-AFAF-2D93C488AE82}.Release|x64.Deploy.0 = Release|x64
		{91D194D7-C09A-4F5D-AFAF-2D93C488AE82}.Release|x86.ActiveCfg = Release|x86
		{91D194D7-C09A-4F5D-AFAF-2D93C488AE82}.Release|x86.Build.0 = Release|x86
		{91D194D7-C09A-4F5D-AFAF-2D93C488AE82}.Release|x86.Deploy.0 = Release|x86
		{80B1CE18-3BC8-4BAA-9EEA-B8F7EA720544}.Ad-Hoc|Any CPU.ActiveCfg = Debug|Any CPU
		{80B1CE18-3BC8-4BAA-9EEA-B8F7EA720544}.Ad-Hoc|Any CPU.Build.0 = Debug|Any CPU
		{80B1CE18-3BC8-4BAA-9EEA-B8F7EA720544}.Ad-Hoc|Any CPU.Deploy.0 = Debug|Any CPU
		{80B1CE18-3BC8-4BAA-9EEA-B8F7EA720544}.Ad-Hoc|ARM.ActiveCfg = Debug|Any CPU
		{80B1CE18-3BC8-4BAA-9EEA-B8F7EA720544}.Ad-Hoc|ARM.Build.0 = Debug|Any CPU
		{80B1CE18-3BC8-4BAA-9EEA-B8F7EA720544}.Ad-Hoc|ARM.Deploy.0 = Debug|Any CPU
		{80B1CE18-3BC8-4BAA-9EEA-B8F7EA720544}.Ad-Hoc|iPhone.ActiveCfg = Debug|Any CPU
		{80B1CE18-3BC8-4BAA-9EEA-B8F7EA720544}.Ad-Hoc|iPhone.Build.0 = Debug|Any CPU
		{80B1CE18-3BC8-4BAA-9EEA-B8F7EA720544}.Ad-Hoc|iPhone.Deploy.0 = Debug|Any CPU
		{80B1CE18-3BC8-4BAA-9EEA-B8F7EA720544}.Ad-Hoc|iPhoneSimulator.ActiveCfg = Debug|Any CPU
		{80B1CE18-3BC8-4BAA-9EEA-B8F7EA720544}.Ad-Hoc|iPhoneSimulator.Build.0 = Debug|Any CPU
		{80B1CE18-3BC8-4BAA-9EEA-B8F7EA720544}.Ad-Hoc|iPhoneSimulator.Deploy.0 = Debug|Any CPU
		{80B1CE18-3BC8-4BAA-9EEA-B8F7EA720544}.Ad-Hoc|x64.ActiveCfg = Debug|Any CPU
		{80B1CE18-3BC8-4BAA-9EEA-B8F7EA720544}.Ad-Hoc|x64.Build.0 = Debug|Any CPU
		{80B1CE18-3BC8-4BAA-9EEA-B8F7EA720544}.Ad-Hoc|x64.Deploy.0 = Debug|Any CPU
		{80B1CE18-3BC8-4BAA-9EEA-B8F7EA720544}.Ad-Hoc|x86.ActiveCfg = Debug|Any CPU
		{80B1CE18-3BC8-4BAA-9EEA-B8F7EA720544}.Ad-Hoc|x86.Build.0 = Debug|Any CPU
		{80B1CE18-3BC8-4BAA-9EEA-B8F7EA720544}.Ad-Hoc|x86.Deploy.0 = Debug|Any CPU
		{80B1CE18-3BC8-4BAA-9EEA-B8F7EA720544}.AppStore|Any CPU.ActiveCfg = Debug|Any CPU
		{80B1CE18-3BC8-4BAA-9EEA-B8F7EA720544}.AppStore|Any CPU.Build.0 = Debug|Any CPU
		{80B1CE18-3BC8-4BAA-9EEA-B8F7EA720544}.AppStore|Any CPU.Deploy.0 = Debug|Any CPU
		{80B1CE18-3BC8-4BAA-9EEA-B8F7EA720544}.AppStore|ARM.ActiveCfg = Debug|Any CPU
		{80B1CE18-3BC8-4BAA-9EEA-B8F7EA720544}.AppStore|ARM.Build.0 = Debug|Any CPU
		{80B1CE18-3BC8-4BAA-9EEA-B8F7EA720544}.AppStore|ARM.Deploy.0 = Debug|Any CPU
		{80B1CE18-3BC8-4BAA-9EEA-B8F7EA720544}.AppStore|iPhone.ActiveCfg = Debug|Any CPU
		{80B1CE18-3BC8-4BAA-9EEA-B8F7EA720544}.AppStore|iPhone.Build.0 = Debug|Any CPU
		{80B1CE18-3BC8-4BAA-9EEA-B8F7EA720544}.AppStore|iPhone.Deploy.0 = Debug|Any CPU
		{80B1CE18-3BC8-4BAA-9EEA-B8F7EA720544}.AppStore|iPhoneSimulator.ActiveCfg = Debug|Any CPU
		{80B1CE18-3BC8-4BAA-9EEA-B8F7EA720544}.AppStore|iPhoneSimulator.Build.0 = Debug|Any CPU
		{80B1CE18-3BC8-4BAA-9EEA-B8F7EA720544}.AppStore|iPhoneSimulator.Deploy.0 = Debug|Any CPU
		{80B1CE18-3BC8-4BAA-9EEA-B8F7EA720544}.AppStore|x64.ActiveCfg = Debug|Any CPU
		{80B1CE18-3BC8-4BAA-9EEA-B8F7EA720544}.AppStore|x64.Build.0 = Debug|Any CPU
		{80B1CE18-3BC8-4BAA-9EEA-B8F7EA720544}.AppStore|x64.Deploy.0 = Debug|Any CPU
		{80B1CE18-3BC8-4BAA-9EEA-B8F7EA720544}.AppStore|x86.ActiveCfg = Debug|Any CPU
		{80B1CE18-3BC8-4BAA-9EEA-B8F7EA720544}.AppStore|x86.Build.0 = Debug|Any CPU
		{80B1CE18-3BC8-4BAA-9EEA-B8F7EA720544}.AppStore|x86.Deploy.0 = Debug|Any CPU
		{80B1CE18-3BC8-4BAA-9EEA-B8F7EA720544}.Debug|Any CPU.ActiveCfg = Debug|Any CPU
		{80B1CE18-3BC8-4BAA-9EEA-B8F7EA720544}.Debug|Any CPU.Build.0 = Debug|Any CPU
		{80B1CE18-3BC8-4BAA-9EEA-B8F7EA720544}.Debug|Any CPU.Deploy.0 = Debug|Any CPU
		{80B1CE18-3BC8-4BAA-9EEA-B8F7EA720544}.Debug|ARM.ActiveCfg = Debug|Any CPU
		{80B1CE18-3BC8-4BAA-9EEA-B8F7EA720544}.Debug|ARM.Build.0 = Debug|Any CPU
		{80B1CE18-3BC8-4BAA-9EEA-B8F7EA720544}.Debug|ARM.Deploy.0 = Debug|Any CPU
		{80B1CE18-3BC8-4BAA-9EEA-B8F7EA720544}.Debug|iPhone.ActiveCfg = Debug|Any CPU
		{80B1CE18-3BC8-4BAA-9EEA-B8F7EA720544}.Debug|iPhone.Build.0 = Debug|Any CPU
		{80B1CE18-3BC8-4BAA-9EEA-B8F7EA720544}.Debug|iPhone.Deploy.0 = Debug|Any CPU
		{80B1CE18-3BC8-4BAA-9EEA-B8F7EA720544}.Debug|iPhoneSimulator.ActiveCfg = Debug|Any CPU
		{80B1CE18-3BC8-4BAA-9EEA-B8F7EA720544}.Debug|iPhoneSimulator.Build.0 = Debug|Any CPU
		{80B1CE18-3BC8-4BAA-9EEA-B8F7EA720544}.Debug|iPhoneSimulator.Deploy.0 = Debug|Any CPU
		{80B1CE18-3BC8-4BAA-9EEA-B8F7EA720544}.Debug|x64.ActiveCfg = Debug|Any CPU
		{80B1CE18-3BC8-4BAA-9EEA-B8F7EA720544}.Debug|x64.Build.0 = Debug|Any CPU
		{80B1CE18-3BC8-4BAA-9EEA-B8F7EA720544}.Debug|x64.Deploy.0 = Debug|Any CPU
		{80B1CE18-3BC8-4BAA-9EEA-B8F7EA720544}.Debug|x86.ActiveCfg = Debug|Any CPU
		{80B1CE18-3BC8-4BAA-9EEA-B8F7EA720544}.Debug|x86.Build.0 = Debug|Any CPU
		{80B1CE18-3BC8-4BAA-9EEA-B8F7EA720544}.Debug|x86.Deploy.0 = Debug|Any CPU
		{80B1CE18-3BC8-4BAA-9EEA-B8F7EA720544}.Release|Any CPU.ActiveCfg = Release|Any CPU
		{80B1CE18-3BC8-4BAA-9EEA-B8F7EA720544}.Release|Any CPU.Build.0 = Release|Any CPU
		{80B1CE18-3BC8-4BAA-9EEA-B8F7EA720544}.Release|Any CPU.Deploy.0 = Release|Any CPU
		{80B1CE18-3BC8-4BAA-9EEA-B8F7EA720544}.Release|ARM.ActiveCfg = Release|Any CPU
		{80B1CE18-3BC8-4BAA-9EEA-B8F7EA720544}.Release|ARM.Build.0 = Release|Any CPU
		{80B1CE18-3BC8-4BAA-9EEA-B8F7EA720544}.Release|ARM.Deploy.0 = Release|Any CPU
		{80B1CE18-3BC8-4BAA-9EEA-B8F7EA720544}.Release|iPhone.ActiveCfg = Release|Any CPU
		{80B1CE18-3BC8-4BAA-9EEA-B8F7EA720544}.Release|iPhone.Build.0 = Release|Any CPU
		{80B1CE18-3BC8-4BAA-9EEA-B8F7EA720544}.Release|iPhone.Deploy.0 = Release|Any CPU
		{80B1CE18-3BC8-4BAA-9EEA-B8F7EA720544}.Release|iPhoneSimulator.ActiveCfg = Release|Any CPU
		{80B1CE18-3BC8-4BAA-9EEA-B8F7EA720544}.Release|iPhoneSimulator.Build.0 = Release|Any CPU
		{80B1CE18-3BC8-4BAA-9EEA-B8F7EA720544}.Release|iPhoneSimulator.Deploy.0 = Release|Any CPU
		{80B1CE18-3BC8-4BAA-9EEA-B8F7EA720544}.Release|x64.ActiveCfg = Release|Any CPU
		{80B1CE18-3BC8-4BAA-9EEA-B8F7EA720544}.Release|x64.Build.0 = Release|Any CPU
		{80B1CE18-3BC8-4BAA-9EEA-B8F7EA720544}.Release|x64.Deploy.0 = Release|Any CPU
		{80B1CE18-3BC8-4BAA-9EEA-B8F7EA720544}.Release|x86.ActiveCfg = Release|Any CPU
		{80B1CE18-3BC8-4BAA-9EEA-B8F7EA720544}.Release|x86.Build.0 = Release|Any CPU
		{80B1CE18-3BC8-4BAA-9EEA-B8F7EA720544}.Release|x86.Deploy.0 = Release|Any CPU
		{CEA40B22-DF43-44DE-BF6D-D16AC1E33730}.Ad-Hoc|Any CPU.ActiveCfg = Debug|Any CPU
		{CEA40B22-DF43-44DE-BF6D-D16AC1E33730}.Ad-Hoc|Any CPU.Build.0 = Debug|Any CPU
		{CEA40B22-DF43-44DE-BF6D-D16AC1E33730}.Ad-Hoc|ARM.ActiveCfg = Debug|Any CPU
		{CEA40B22-DF43-44DE-BF6D-D16AC1E33730}.Ad-Hoc|ARM.Build.0 = Debug|Any CPU
		{CEA40B22-DF43-44DE-BF6D-D16AC1E33730}.Ad-Hoc|iPhone.ActiveCfg = Debug|Any CPU
		{CEA40B22-DF43-44DE-BF6D-D16AC1E33730}.Ad-Hoc|iPhone.Build.0 = Debug|Any CPU
		{CEA40B22-DF43-44DE-BF6D-D16AC1E33730}.Ad-Hoc|iPhoneSimulator.ActiveCfg = Debug|Any CPU
		{CEA40B22-DF43-44DE-BF6D-D16AC1E33730}.Ad-Hoc|iPhoneSimulator.Build.0 = Debug|Any CPU
		{CEA40B22-DF43-44DE-BF6D-D16AC1E33730}.Ad-Hoc|x64.ActiveCfg = Debug|Any CPU
		{CEA40B22-DF43-44DE-BF6D-D16AC1E33730}.Ad-Hoc|x64.Build.0 = Debug|Any CPU
		{CEA40B22-DF43-44DE-BF6D-D16AC1E33730}.Ad-Hoc|x86.ActiveCfg = Debug|Any CPU
		{CEA40B22-DF43-44DE-BF6D-D16AC1E33730}.Ad-Hoc|x86.Build.0 = Debug|Any CPU
		{CEA40B22-DF43-44DE-BF6D-D16AC1E33730}.AppStore|Any CPU.ActiveCfg = Debug|Any CPU
		{CEA40B22-DF43-44DE-BF6D-D16AC1E33730}.AppStore|Any CPU.Build.0 = Debug|Any CPU
		{CEA40B22-DF43-44DE-BF6D-D16AC1E33730}.AppStore|ARM.ActiveCfg = Debug|Any CPU
		{CEA40B22-DF43-44DE-BF6D-D16AC1E33730}.AppStore|ARM.Build.0 = Debug|Any CPU
		{CEA40B22-DF43-44DE-BF6D-D16AC1E33730}.AppStore|iPhone.ActiveCfg = Debug|Any CPU
		{CEA40B22-DF43-44DE-BF6D-D16AC1E33730}.AppStore|iPhone.Build.0 = Debug|Any CPU
		{CEA40B22-DF43-44DE-BF6D-D16AC1E33730}.AppStore|iPhoneSimulator.ActiveCfg = Debug|Any CPU
		{CEA40B22-DF43-44DE-BF6D-D16AC1E33730}.AppStore|iPhoneSimulator.Build.0 = Debug|Any CPU
		{CEA40B22-DF43-44DE-BF6D-D16AC1E33730}.AppStore|x64.ActiveCfg = Debug|Any CPU
		{CEA40B22-DF43-44DE-BF6D-D16AC1E33730}.AppStore|x64.Build.0 = Debug|Any CPU
		{CEA40B22-DF43-44DE-BF6D-D16AC1E33730}.AppStore|x86.ActiveCfg = Debug|Any CPU
		{CEA40B22-DF43-44DE-BF6D-D16AC1E33730}.AppStore|x86.Build.0 = Debug|Any CPU
		{CEA40B22-DF43-44DE-BF6D-D16AC1E33730}.Debug|Any CPU.ActiveCfg = Debug|Any CPU
		{CEA40B22-DF43-44DE-BF6D-D16AC1E33730}.Debug|Any CPU.Build.0 = Debug|Any CPU
		{CEA40B22-DF43-44DE-BF6D-D16AC1E33730}.Debug|ARM.ActiveCfg = Debug|Any CPU
		{CEA40B22-DF43-44DE-BF6D-D16AC1E33730}.Debug|ARM.Build.0 = Debug|Any CPU
		{CEA40B22-DF43-44DE-BF6D-D16AC1E33730}.Debug|iPhone.ActiveCfg = Debug|Any CPU
		{CEA40B22-DF43-44DE-BF6D-D16AC1E33730}.Debug|iPhone.Build.0 = Debug|Any CPU
		{CEA40B22-DF43-44DE-BF6D-D16AC1E33730}.Debug|iPhoneSimulator.ActiveCfg = Debug|Any CPU
		{CEA40B22-DF43-44DE-BF6D-D16AC1E33730}.Debug|iPhoneSimulator.Build.0 = Debug|Any CPU
		{CEA40B22-DF43-44DE-BF6D-D16AC1E33730}.Debug|x64.ActiveCfg = Debug|Any CPU
		{CEA40B22-DF43-44DE-BF6D-D16AC1E33730}.Debug|x64.Build.0 = Debug|Any CPU
		{CEA40B22-DF43-44DE-BF6D-D16AC1E33730}.Debug|x86.ActiveCfg = Debug|Any CPU
		{CEA40B22-DF43-44DE-BF6D-D16AC1E33730}.Debug|x86.Build.0 = Debug|Any CPU
		{CEA40B22-DF43-44DE-BF6D-D16AC1E33730}.Release|Any CPU.ActiveCfg = Release|Any CPU
		{CEA40B22-DF43-44DE-BF6D-D16AC1E33730}.Release|Any CPU.Build.0 = Release|Any CPU
		{CEA40B22-DF43-44DE-BF6D-D16AC1E33730}.Release|ARM.ActiveCfg = Release|Any CPU
		{CEA40B22-DF43-44DE-BF6D-D16AC1E33730}.Release|ARM.Build.0 = Release|Any CPU
		{CEA40B22-DF43-44DE-BF6D-D16AC1E33730}.Release|iPhone.ActiveCfg = Release|Any CPU
		{CEA40B22-DF43-44DE-BF6D-D16AC1E33730}.Release|iPhone.Build.0 = Release|Any CPU
		{CEA40B22-DF43-44DE-BF6D-D16AC1E33730}.Release|iPhoneSimulator.ActiveCfg = Release|Any CPU
		{CEA40B22-DF43-44DE-BF6D-D16AC1E33730}.Release|iPhoneSimulator.Build.0 = Release|Any CPU
		{CEA40B22-DF43-44DE-BF6D-D16AC1E33730}.Release|x64.ActiveCfg = Release|Any CPU
		{CEA40B22-DF43-44DE-BF6D-D16AC1E33730}.Release|x64.Build.0 = Release|Any CPU
		{CEA40B22-DF43-44DE-BF6D-D16AC1E33730}.Release|x86.ActiveCfg = Release|Any CPU
		{CEA40B22-DF43-44DE-BF6D-D16AC1E33730}.Release|x86.Build.0 = Release|Any CPU
		{5851860E-F2E8-494C-8BD2-445D995A922A}.Ad-Hoc|Any CPU.ActiveCfg = Debug|Any CPU
		{5851860E-F2E8-494C-8BD2-445D995A922A}.Ad-Hoc|Any CPU.Build.0 = Debug|Any CPU
		{5851860E-F2E8-494C-8BD2-445D995A922A}.Ad-Hoc|ARM.ActiveCfg = Debug|Any CPU
		{5851860E-F2E8-494C-8BD2-445D995A922A}.Ad-Hoc|ARM.Build.0 = Debug|Any CPU
		{5851860E-F2E8-494C-8BD2-445D995A922A}.Ad-Hoc|iPhone.ActiveCfg = Debug|Any CPU
		{5851860E-F2E8-494C-8BD2-445D995A922A}.Ad-Hoc|iPhone.Build.0 = Debug|Any CPU
		{5851860E-F2E8-494C-8BD2-445D995A922A}.Ad-Hoc|iPhoneSimulator.ActiveCfg = Debug|Any CPU
		{5851860E-F2E8-494C-8BD2-445D995A922A}.Ad-Hoc|iPhoneSimulator.Build.0 = Debug|Any CPU
		{5851860E-F2E8-494C-8BD2-445D995A922A}.Ad-Hoc|x64.ActiveCfg = Debug|Any CPU
		{5851860E-F2E8-494C-8BD2-445D995A922A}.Ad-Hoc|x64.Build.0 = Debug|Any CPU
		{5851860E-F2E8-494C-8BD2-445D995A922A}.Ad-Hoc|x86.ActiveCfg = Debug|Any CPU
		{5851860E-F2E8-494C-8BD2-445D995A922A}.Ad-Hoc|x86.Build.0 = Debug|Any CPU
		{5851860E-F2E8-494C-8BD2-445D995A922A}.AppStore|Any CPU.ActiveCfg = Debug|Any CPU
		{5851860E-F2E8-494C-8BD2-445D995A922A}.AppStore|Any CPU.Build.0 = Debug|Any CPU
		{5851860E-F2E8-494C-8BD2-445D995A922A}.AppStore|ARM.ActiveCfg = Debug|Any CPU
		{5851860E-F2E8-494C-8BD2-445D995A922A}.AppStore|ARM.Build.0 = Debug|Any CPU
		{5851860E-F2E8-494C-8BD2-445D995A922A}.AppStore|iPhone.ActiveCfg = Debug|Any CPU
		{5851860E-F2E8-494C-8BD2-445D995A922A}.AppStore|iPhone.Build.0 = Debug|Any CPU
		{5851860E-F2E8-494C-8BD2-445D995A922A}.AppStore|iPhoneSimulator.ActiveCfg = Debug|Any CPU
		{5851860E-F2E8-494C-8BD2-445D995A922A}.AppStore|iPhoneSimulator.Build.0 = Debug|Any CPU
		{5851860E-F2E8-494C-8BD2-445D995A922A}.AppStore|x64.ActiveCfg = Debug|Any CPU
		{5851860E-F2E8-494C-8BD2-445D995A922A}.AppStore|x64.Build.0 = Debug|Any CPU
		{5851860E-F2E8-494C-8BD2-445D995A922A}.AppStore|x86.ActiveCfg = Debug|Any CPU
		{5851860E-F2E8-494C-8BD2-445D995A922A}.AppStore|x86.Build.0 = Debug|Any CPU
		{5851860E-F2E8-494C-8BD2-445D995A922A}.Debug|Any CPU.ActiveCfg = Debug|Any CPU
		{5851860E-F2E8-494C-8BD2-445D995A922A}.Debug|Any CPU.Build.0 = Debug|Any CPU
		{5851860E-F2E8-494C-8BD2-445D995A922A}.Debug|ARM.ActiveCfg = Debug|Any CPU
		{5851860E-F2E8-494C-8BD2-445D995A922A}.Debug|ARM.Build.0 = Debug|Any CPU
		{5851860E-F2E8-494C-8BD2-445D995A922A}.Debug|iPhone.ActiveCfg = Debug|Any CPU
		{5851860E-F2E8-494C-8BD2-445D995A922A}.Debug|iPhone.Build.0 = Debug|Any CPU
		{5851860E-F2E8-494C-8BD2-445D995A922A}.Debug|iPhoneSimulator.ActiveCfg = Debug|Any CPU
		{5851860E-F2E8-494C-8BD2-445D995A922A}.Debug|iPhoneSimulator.Build.0 = Debug|Any CPU
		{5851860E-F2E8-494C-8BD2-445D995A922A}.Debug|x64.ActiveCfg = Debug|Any CPU
		{5851860E-F2E8-494C-8BD2-445D995A922A}.Debug|x64.Build.0 = Debug|Any CPU
		{5851860E-F2E8-494C-8BD2-445D995A922A}.Debug|x86.ActiveCfg = Debug|Any CPU
		{5851860E-F2E8-494C-8BD2-445D995A922A}.Debug|x86.Build.0 = Debug|Any CPU
		{5851860E-F2E8-494C-8BD2-445D995A922A}.Release|Any CPU.ActiveCfg = Release|Any CPU
		{5851860E-F2E8-494C-8BD2-445D995A922A}.Release|Any CPU.Build.0 = Release|Any CPU
		{5851860E-F2E8-494C-8BD2-445D995A922A}.Release|ARM.ActiveCfg = Release|Any CPU
		{5851860E-F2E8-494C-8BD2-445D995A922A}.Release|ARM.Build.0 = Release|Any CPU
		{5851860E-F2E8-494C-8BD2-445D995A922A}.Release|iPhone.ActiveCfg = Release|Any CPU
		{5851860E-F2E8-494C-8BD2-445D995A922A}.Release|iPhone.Build.0 = Release|Any CPU
		{5851860E-F2E8-494C-8BD2-445D995A922A}.Release|iPhoneSimulator.ActiveCfg = Release|Any CPU
		{5851860E-F2E8-494C-8BD2-445D995A922A}.Release|iPhoneSimulator.Build.0 = Release|Any CPU
		{5851860E-F2E8-494C-8BD2-445D995A922A}.Release|x64.ActiveCfg = Release|Any CPU
		{5851860E-F2E8-494C-8BD2-445D995A922A}.Release|x64.Build.0 = Release|Any CPU
		{5851860E-F2E8-494C-8BD2-445D995A922A}.Release|x86.ActiveCfg = Release|Any CPU
		{5851860E-F2E8-494C-8BD2-445D995A922A}.Release|x86.Build.0 = Release|Any CPU
		{5D49C0C4-13D1-4FB0-A585-13AC5E941EAF}.Ad-Hoc|Any CPU.ActiveCfg = Debug|Any CPU
		{5D49C0C4-13D1-4FB0-A585-13AC5E941EAF}.Ad-Hoc|Any CPU.Build.0 = Debug|Any CPU
		{5D49C0C4-13D1-4FB0-A585-13AC5E941EAF}.Ad-Hoc|ARM.ActiveCfg = Debug|Any CPU
		{5D49C0C4-13D1-4FB0-A585-13AC5E941EAF}.Ad-Hoc|ARM.Build.0 = Debug|Any CPU
		{5D49C0C4-13D1-4FB0-A585-13AC5E941EAF}.Ad-Hoc|iPhone.ActiveCfg = Debug|Any CPU
		{5D49C0C4-13D1-4FB0-A585-13AC5E941EAF}.Ad-Hoc|iPhone.Build.0 = Debug|Any CPU
		{5D49C0C4-13D1-4FB0-A585-13AC5E941EAF}.Ad-Hoc|iPhoneSimulator.ActiveCfg = Debug|Any CPU
		{5D49C0C4-13D1-4FB0-A585-13AC5E941EAF}.Ad-Hoc|iPhoneSimulator.Build.0 = Debug|Any CPU
		{5D49C0C4-13D1-4FB0-A585-13AC5E941EAF}.Ad-Hoc|x64.ActiveCfg = Debug|Any CPU
		{5D49C0C4-13D1-4FB0-A585-13AC5E941EAF}.Ad-Hoc|x64.Build.0 = Debug|Any CPU
		{5D49C0C4-13D1-4FB0-A585-13AC5E941EAF}.Ad-Hoc|x86.ActiveCfg = Debug|Any CPU
		{5D49C0C4-13D1-4FB0-A585-13AC5E941EAF}.Ad-Hoc|x86.Build.0 = Debug|Any CPU
		{5D49C0C4-13D1-4FB0-A585-13AC5E941EAF}.AppStore|Any CPU.ActiveCfg = Debug|Any CPU
		{5D49C0C4-13D1-4FB0-A585-13AC5E941EAF}.AppStore|Any CPU.Build.0 = Debug|Any CPU
		{5D49C0C4-13D1-4FB0-A585-13AC5E941EAF}.AppStore|ARM.ActiveCfg = Debug|Any CPU
		{5D49C0C4-13D1-4FB0-A585-13AC5E941EAF}.AppStore|ARM.Build.0 = Debug|Any CPU
		{5D49C0C4-13D1-4FB0-A585-13AC5E941EAF}.AppStore|iPhone.ActiveCfg = Debug|Any CPU
		{5D49C0C4-13D1-4FB0-A585-13AC5E941EAF}.AppStore|iPhone.Build.0 = Debug|Any CPU
		{5D49C0C4-13D1-4FB0-A585-13AC5E941EAF}.AppStore|iPhoneSimulator.ActiveCfg = Debug|Any CPU
		{5D49C0C4-13D1-4FB0-A585-13AC5E941EAF}.AppStore|iPhoneSimulator.Build.0 = Debug|Any CPU
		{5D49C0C4-13D1-4FB0-A585-13AC5E941EAF}.AppStore|x64.ActiveCfg = Debug|Any CPU
		{5D49C0C4-13D1-4FB0-A585-13AC5E941EAF}.AppStore|x64.Build.0 = Debug|Any CPU
		{5D49C0C4-13D1-4FB0-A585-13AC5E941EAF}.AppStore|x86.ActiveCfg = Debug|Any CPU
		{5D49C0C4-13D1-4FB0-A585-13AC5E941EAF}.AppStore|x86.Build.0 = Debug|Any CPU
		{5D49C0C4-13D1-4FB0-A585-13AC5E941EAF}.Debug|Any CPU.ActiveCfg = Debug|Any CPU
		{5D49C0C4-13D1-4FB0-A585-13AC5E941EAF}.Debug|Any CPU.Build.0 = Debug|Any CPU
		{5D49C0C4-13D1-4FB0-A585-13AC5E941EAF}.Debug|ARM.ActiveCfg = Debug|Any CPU
		{5D49C0C4-13D1-4FB0-A585-13AC5E941EAF}.Debug|ARM.Build.0 = Debug|Any CPU
		{5D49C0C4-13D1-4FB0-A585-13AC5E941EAF}.Debug|iPhone.ActiveCfg = Debug|Any CPU
		{5D49C0C4-13D1-4FB0-A585-13AC5E941EAF}.Debug|iPhone.Build.0 = Debug|Any CPU
		{5D49C0C4-13D1-4FB0-A585-13AC5E941EAF}.Debug|iPhoneSimulator.ActiveCfg = Debug|Any CPU
		{5D49C0C4-13D1-4FB0-A585-13AC5E941EAF}.Debug|iPhoneSimulator.Build.0 = Debug|Any CPU
		{5D49C0C4-13D1-4FB0-A585-13AC5E941EAF}.Debug|x64.ActiveCfg = Debug|Any CPU
		{5D49C0C4-13D1-4FB0-A585-13AC5E941EAF}.Debug|x64.Build.0 = Debug|Any CPU
		{5D49C0C4-13D1-4FB0-A585-13AC5E941EAF}.Debug|x86.ActiveCfg = Debug|Any CPU
		{5D49C0C4-13D1-4FB0-A585-13AC5E941EAF}.Debug|x86.Build.0 = Debug|Any CPU
		{5D49C0C4-13D1-4FB0-A585-13AC5E941EAF}.Release|Any CPU.ActiveCfg = Release|Any CPU
		{5D49C0C4-13D1-4FB0-A585-13AC5E941EAF}.Release|Any CPU.Build.0 = Release|Any CPU
		{5D49C0C4-13D1-4FB0-A585-13AC5E941EAF}.Release|ARM.ActiveCfg = Release|Any CPU
		{5D49C0C4-13D1-4FB0-A585-13AC5E941EAF}.Release|ARM.Build.0 = Release|Any CPU
		{5D49C0C4-13D1-4FB0-A585-13AC5E941EAF}.Release|iPhone.ActiveCfg = Release|Any CPU
		{5D49C0C4-13D1-4FB0-A585-13AC5E941EAF}.Release|iPhone.Build.0 = Release|Any CPU
		{5D49C0C4-13D1-4FB0-A585-13AC5E941EAF}.Release|iPhoneSimulator.ActiveCfg = Release|Any CPU
		{5D49C0C4-13D1-4FB0-A585-13AC5E941EAF}.Release|iPhoneSimulator.Build.0 = Release|Any CPU
		{5D49C0C4-13D1-4FB0-A585-13AC5E941EAF}.Release|x64.ActiveCfg = Release|Any CPU
		{5D49C0C4-13D1-4FB0-A585-13AC5E941EAF}.Release|x64.Build.0 = Release|Any CPU
		{5D49C0C4-13D1-4FB0-A585-13AC5E941EAF}.Release|x86.ActiveCfg = Release|Any CPU
		{5D49C0C4-13D1-4FB0-A585-13AC5E941EAF}.Release|x86.Build.0 = Release|Any CPU
	EndGlobalSection
	GlobalSection(SolutionProperties) = preSolution
		HideSolutionNode = FALSE
	EndGlobalSection
	GlobalSection(ExtensibilityGlobals) = postSolution
		SolutionGuid = {75DCB98A-B723-45CF-8638-B6836745D0CD}
	EndGlobalSection
EndGlobal
