
Microsoft Visual Studio Solution File, Format Version 12.00
# Visual Studio 15
VisualStudioVersion = 15.0.28307.852
MinimumVisualStudioVersion = 10.0.40219.1
Project("{FAE04EC0-301F-11D3-BF4B-00C04F79EFBC}") = "22-AjedrezVengadores-UI", "22-AjedrezVengadores-UI\22-AjedrezVengadores-UI.csproj", "{A866ACAE-A7F1-4B6E-951B-015432715D42}"
EndProject
Project("{FAE04EC0-301F-11D3-BF4B-00C04F79EFBC}") = "22-AjedrezVengadores-DAL", "22-AjedrezVengadores-DAL\22-AjedrezVengadores-DAL.csproj", "{5ABB5EFC-37D1-4FCB-8906-78645C505CC2}"
EndProject
Project("{FAE04EC0-301F-11D3-BF4B-00C04F79EFBC}") = "22-AjedrezVengadores-BL", "22-AjedrezVengadores-BL\22-AjedrezVengadores-BL.csproj", "{5523CA2C-0CC6-4CF3-9475-CAEEAF46AEAF}"
EndProject
Project("{FAE04EC0-301F-11D3-BF4B-00C04F79EFBC}") = "22-AjedrezVengadores-ENTITIES", "22-AjedrezVengadores-ENTITIES\22-AjedrezVengadores-ENTITIES.csproj", "{5F7CF152-2310-41F9-A65D-3B373D8AA759}"
EndProject
Global
	GlobalSection(SolutionConfigurationPlatforms) = preSolution
		Debug|Any CPU = Debug|Any CPU
		Debug|ARM = Debug|ARM
		Debug|ARM64 = Debug|ARM64
		Debug|x64 = Debug|x64
		Debug|x86 = Debug|x86
		Release|Any CPU = Release|Any CPU
		Release|ARM = Release|ARM
		Release|ARM64 = Release|ARM64
		Release|x64 = Release|x64
		Release|x86 = Release|x86
	EndGlobalSection
	GlobalSection(ProjectConfigurationPlatforms) = postSolution
		{A866ACAE-A7F1-4B6E-951B-015432715D42}.Debug|Any CPU.ActiveCfg = Debug|x86
		{A866ACAE-A7F1-4B6E-951B-015432715D42}.Debug|ARM.ActiveCfg = Debug|ARM
		{A866ACAE-A7F1-4B6E-951B-015432715D42}.Debug|ARM.Build.0 = Debug|ARM
		{A866ACAE-A7F1-4B6E-951B-015432715D42}.Debug|ARM.Deploy.0 = Debug|ARM
		{A866ACAE-A7F1-4B6E-951B-015432715D42}.Debug|ARM64.ActiveCfg = Debug|ARM64
		{A866ACAE-A7F1-4B6E-951B-015432715D42}.Debug|ARM64.Build.0 = Debug|ARM64
		{A866ACAE-A7F1-4B6E-951B-015432715D42}.Debug|ARM64.Deploy.0 = Debug|ARM64
		{A866ACAE-A7F1-4B6E-951B-015432715D42}.Debug|x64.ActiveCfg = Debug|x64
		{A866ACAE-A7F1-4B6E-951B-015432715D42}.Debug|x64.Build.0 = Debug|x64
		{A866ACAE-A7F1-4B6E-951B-015432715D42}.Debug|x64.Deploy.0 = Debug|x64
		{A866ACAE-A7F1-4B6E-951B-015432715D42}.Debug|x86.ActiveCfg = Debug|x86
		{A866ACAE-A7F1-4B6E-951B-015432715D42}.Debug|x86.Build.0 = Debug|x86
		{A866ACAE-A7F1-4B6E-951B-015432715D42}.Debug|x86.Deploy.0 = Debug|x86
		{A866ACAE-A7F1-4B6E-951B-015432715D42}.Release|Any CPU.ActiveCfg = Release|x86
		{A866ACAE-A7F1-4B6E-951B-015432715D42}.Release|ARM.ActiveCfg = Release|ARM
		{A866ACAE-A7F1-4B6E-951B-015432715D42}.Release|ARM.Build.0 = Release|ARM
		{A866ACAE-A7F1-4B6E-951B-015432715D42}.Release|ARM.Deploy.0 = Release|ARM
		{A866ACAE-A7F1-4B6E-951B-015432715D42}.Release|ARM64.ActiveCfg = Release|ARM64
		{A866ACAE-A7F1-4B6E-951B-015432715D42}.Release|ARM64.Build.0 = Release|ARM64
		{A866ACAE-A7F1-4B6E-951B-015432715D42}.Release|ARM64.Deploy.0 = Release|ARM64
		{A866ACAE-A7F1-4B6E-951B-015432715D42}.Release|x64.ActiveCfg = Release|x64
		{A866ACAE-A7F1-4B6E-951B-015432715D42}.Release|x64.Build.0 = Release|x64
		{A866ACAE-A7F1-4B6E-951B-015432715D42}.Release|x64.Deploy.0 = Release|x64
		{A866ACAE-A7F1-4B6E-951B-015432715D42}.Release|x86.ActiveCfg = Release|x86
		{A866ACAE-A7F1-4B6E-951B-015432715D42}.Release|x86.Build.0 = Release|x86
		{A866ACAE-A7F1-4B6E-951B-015432715D42}.Release|x86.Deploy.0 = Release|x86
		{5ABB5EFC-37D1-4FCB-8906-78645C505CC2}.Debug|Any CPU.ActiveCfg = Debug|Any CPU
		{5ABB5EFC-37D1-4FCB-8906-78645C505CC2}.Debug|Any CPU.Build.0 = Debug|Any CPU
		{5ABB5EFC-37D1-4FCB-8906-78645C505CC2}.Debug|ARM.ActiveCfg = Debug|ARM
		{5ABB5EFC-37D1-4FCB-8906-78645C505CC2}.Debug|ARM.Build.0 = Debug|ARM
		{5ABB5EFC-37D1-4FCB-8906-78645C505CC2}.Debug|ARM64.ActiveCfg = Debug|ARM64
		{5ABB5EFC-37D1-4FCB-8906-78645C505CC2}.Debug|ARM64.Build.0 = Debug|ARM64
		{5ABB5EFC-37D1-4FCB-8906-78645C505CC2}.Debug|x64.ActiveCfg = Debug|x64
		{5ABB5EFC-37D1-4FCB-8906-78645C505CC2}.Debug|x64.Build.0 = Debug|x64
		{5ABB5EFC-37D1-4FCB-8906-78645C505CC2}.Debug|x86.ActiveCfg = Debug|x86
		{5ABB5EFC-37D1-4FCB-8906-78645C505CC2}.Debug|x86.Build.0 = Debug|x86
		{5ABB5EFC-37D1-4FCB-8906-78645C505CC2}.Release|Any CPU.ActiveCfg = Release|Any CPU
		{5ABB5EFC-37D1-4FCB-8906-78645C505CC2}.Release|Any CPU.Build.0 = Release|Any CPU
		{5ABB5EFC-37D1-4FCB-8906-78645C505CC2}.Release|ARM.ActiveCfg = Release|ARM
		{5ABB5EFC-37D1-4FCB-8906-78645C505CC2}.Release|ARM.Build.0 = Release|ARM
		{5ABB5EFC-37D1-4FCB-8906-78645C505CC2}.Release|ARM64.ActiveCfg = Release|ARM64
		{5ABB5EFC-37D1-4FCB-8906-78645C505CC2}.Release|ARM64.Build.0 = Release|ARM64
		{5ABB5EFC-37D1-4FCB-8906-78645C505CC2}.Release|x64.ActiveCfg = Release|x64
		{5ABB5EFC-37D1-4FCB-8906-78645C505CC2}.Release|x64.Build.0 = Release|x64
		{5ABB5EFC-37D1-4FCB-8906-78645C505CC2}.Release|x86.ActiveCfg = Release|x86
		{5ABB5EFC-37D1-4FCB-8906-78645C505CC2}.Release|x86.Build.0 = Release|x86
		{5523CA2C-0CC6-4CF3-9475-CAEEAF46AEAF}.Debug|Any CPU.ActiveCfg = Debug|Any CPU
		{5523CA2C-0CC6-4CF3-9475-CAEEAF46AEAF}.Debug|Any CPU.Build.0 = Debug|Any CPU
		{5523CA2C-0CC6-4CF3-9475-CAEEAF46AEAF}.Debug|ARM.ActiveCfg = Debug|ARM
		{5523CA2C-0CC6-4CF3-9475-CAEEAF46AEAF}.Debug|ARM.Build.0 = Debug|ARM
		{5523CA2C-0CC6-4CF3-9475-CAEEAF46AEAF}.Debug|ARM64.ActiveCfg = Debug|ARM64
		{5523CA2C-0CC6-4CF3-9475-CAEEAF46AEAF}.Debug|ARM64.Build.0 = Debug|ARM64
		{5523CA2C-0CC6-4CF3-9475-CAEEAF46AEAF}.Debug|x64.ActiveCfg = Debug|x64
		{5523CA2C-0CC6-4CF3-9475-CAEEAF46AEAF}.Debug|x64.Build.0 = Debug|x64
		{5523CA2C-0CC6-4CF3-9475-CAEEAF46AEAF}.Debug|x86.ActiveCfg = Debug|x86
		{5523CA2C-0CC6-4CF3-9475-CAEEAF46AEAF}.Debug|x86.Build.0 = Debug|x86
		{5523CA2C-0CC6-4CF3-9475-CAEEAF46AEAF}.Release|Any CPU.ActiveCfg = Release|Any CPU
		{5523CA2C-0CC6-4CF3-9475-CAEEAF46AEAF}.Release|Any CPU.Build.0 = Release|Any CPU
		{5523CA2C-0CC6-4CF3-9475-CAEEAF46AEAF}.Release|ARM.ActiveCfg = Release|ARM
		{5523CA2C-0CC6-4CF3-9475-CAEEAF46AEAF}.Release|ARM.Build.0 = Release|ARM
		{5523CA2C-0CC6-4CF3-9475-CAEEAF46AEAF}.Release|ARM64.ActiveCfg = Release|ARM64
		{5523CA2C-0CC6-4CF3-9475-CAEEAF46AEAF}.Release|ARM64.Build.0 = Release|ARM64
		{5523CA2C-0CC6-4CF3-9475-CAEEAF46AEAF}.Release|x64.ActiveCfg = Release|x64
		{5523CA2C-0CC6-4CF3-9475-CAEEAF46AEAF}.Release|x64.Build.0 = Release|x64
		{5523CA2C-0CC6-4CF3-9475-CAEEAF46AEAF}.Release|x86.ActiveCfg = Release|x86
		{5523CA2C-0CC6-4CF3-9475-CAEEAF46AEAF}.Release|x86.Build.0 = Release|x86
		{5F7CF152-2310-41F9-A65D-3B373D8AA759}.Debug|Any CPU.ActiveCfg = Debug|Any CPU
		{5F7CF152-2310-41F9-A65D-3B373D8AA759}.Debug|Any CPU.Build.0 = Debug|Any CPU
		{5F7CF152-2310-41F9-A65D-3B373D8AA759}.Debug|ARM.ActiveCfg = Debug|ARM
		{5F7CF152-2310-41F9-A65D-3B373D8AA759}.Debug|ARM.Build.0 = Debug|ARM
		{5F7CF152-2310-41F9-A65D-3B373D8AA759}.Debug|ARM64.ActiveCfg = Debug|ARM64
		{5F7CF152-2310-41F9-A65D-3B373D8AA759}.Debug|ARM64.Build.0 = Debug|ARM64
		{5F7CF152-2310-41F9-A65D-3B373D8AA759}.Debug|x64.ActiveCfg = Debug|x64
		{5F7CF152-2310-41F9-A65D-3B373D8AA759}.Debug|x64.Build.0 = Debug|x64
		{5F7CF152-2310-41F9-A65D-3B373D8AA759}.Debug|x86.ActiveCfg = Debug|x86
		{5F7CF152-2310-41F9-A65D-3B373D8AA759}.Debug|x86.Build.0 = Debug|x86
		{5F7CF152-2310-41F9-A65D-3B373D8AA759}.Release|Any CPU.ActiveCfg = Release|Any CPU
		{5F7CF152-2310-41F9-A65D-3B373D8AA759}.Release|Any CPU.Build.0 = Release|Any CPU
		{5F7CF152-2310-41F9-A65D-3B373D8AA759}.Release|ARM.ActiveCfg = Release|ARM
		{5F7CF152-2310-41F9-A65D-3B373D8AA759}.Release|ARM.Build.0 = Release|ARM
		{5F7CF152-2310-41F9-A65D-3B373D8AA759}.Release|ARM64.ActiveCfg = Release|ARM64
		{5F7CF152-2310-41F9-A65D-3B373D8AA759}.Release|ARM64.Build.0 = Release|ARM64
		{5F7CF152-2310-41F9-A65D-3B373D8AA759}.Release|x64.ActiveCfg = Release|x64
		{5F7CF152-2310-41F9-A65D-3B373D8AA759}.Release|x64.Build.0 = Release|x64
		{5F7CF152-2310-41F9-A65D-3B373D8AA759}.Release|x86.ActiveCfg = Release|x86
		{5F7CF152-2310-41F9-A65D-3B373D8AA759}.Release|x86.Build.0 = Release|x86
	EndGlobalSection
	GlobalSection(SolutionProperties) = preSolution
		HideSolutionNode = FALSE
	EndGlobalSection
	GlobalSection(ExtensibilityGlobals) = postSolution
		SolutionGuid = {57BCD386-D2F0-4EC0-A2CD-1715DC9B0443}
	EndGlobalSection
EndGlobal
