
Microsoft Visual Studio Solution File, Format Version 12.00
# Visual Studio 15
VisualStudioVersion = 15.0.28307.902
MinimumVisualStudioVersion = 10.0.40219.1
Project("{FAE04EC0-301F-11D3-BF4B-00C04F79EFBC}") = "21-CRUDApiPersonas-UI", "21-CRUDApiPersonas-UI\21-CRUDApiPersonas-UI.csproj", "{3CAD73A0-F12F-47A5-A224-929481FF9FAF}"
EndProject
Project("{FAE04EC0-301F-11D3-BF4B-00C04F79EFBC}") = "21-CRUDApiPersonas-BL", "21-CRUDApiPersonas-BL\21-CRUDApiPersonas-BL.csproj", "{D8D4792A-D905-4B3C-8493-29CABDBE85C0}"
EndProject
Project("{FAE04EC0-301F-11D3-BF4B-00C04F79EFBC}") = "21-CRUDApiPersonas-DAL", "21-CRUDApiPersonas-DAL\21-CRUDApiPersonas-DAL.csproj", "{C071A0CB-5FD9-4A22-B734-ACE1F511EFCC}"
EndProject
Project("{FAE04EC0-301F-11D3-BF4B-00C04F79EFBC}") = "21-CRUDApiPersonas-ENTITIES", "21-CRUDApiPersonas-ENTITIES\21-CRUDApiPersonas-ENTITIES.csproj", "{327A7E89-1DB8-49E1-9E3C-3FC4F21AEFD4}"
EndProject
Global
	GlobalSection(SolutionConfigurationPlatforms) = preSolution
		Debug|Any CPU = Debug|Any CPU
		Debug|ARM = Debug|ARM
		Debug|ARM64 = Debug|ARM64
		Debug|x64 = Debug|x64
		Debug|x86 = Debug|x86
		Release|Any CPU = Release|Any CPU
		Release|ARM = Release|ARM
		Release|ARM64 = Release|ARM64
		Release|x64 = Release|x64
		Release|x86 = Release|x86
	EndGlobalSection
	GlobalSection(ProjectConfigurationPlatforms) = postSolution
		{3CAD73A0-F12F-47A5-A224-929481FF9FAF}.Debug|Any CPU.ActiveCfg = Debug|x86
		{3CAD73A0-F12F-47A5-A224-929481FF9FAF}.Debug|ARM.ActiveCfg = Debug|ARM
		{3CAD73A0-F12F-47A5-A224-929481FF9FAF}.Debug|ARM.Build.0 = Debug|ARM
		{3CAD73A0-F12F-47A5-A224-929481FF9FAF}.Debug|ARM.Deploy.0 = Debug|ARM
		{3CAD73A0-F12F-47A5-A224-929481FF9FAF}.Debug|ARM64.ActiveCfg = Debug|ARM64
		{3CAD73A0-F12F-47A5-A224-929481FF9FAF}.Debug|ARM64.Build.0 = Debug|ARM64
		{3CAD73A0-F12F-47A5-A224-929481FF9FAF}.Debug|ARM64.Deploy.0 = Debug|ARM64
		{3CAD73A0-F12F-47A5-A224-929481FF9FAF}.Debug|x64.ActiveCfg = Debug|x64
		{3CAD73A0-F12F-47A5-A224-929481FF9FAF}.Debug|x64.Build.0 = Debug|x64
		{3CAD73A0-F12F-47A5-A224-929481FF9FAF}.Debug|x64.Deploy.0 = Debug|x64
		{3CAD73A0-F12F-47A5-A224-929481FF9FAF}.Debug|x86.ActiveCfg = Debug|x86
		{3CAD73A0-F12F-47A5-A224-929481FF9FAF}.Debug|x86.Build.0 = Debug|x86
		{3CAD73A0-F12F-47A5-A224-929481FF9FAF}.Debug|x86.Deploy.0 = Debug|x86
		{3CAD73A0-F12F-47A5-A224-929481FF9FAF}.Release|Any CPU.ActiveCfg = Release|x86
		{3CAD73A0-F12F-47A5-A224-929481FF9FAF}.Release|ARM.ActiveCfg = Release|ARM
		{3CAD73A0-F12F-47A5-A224-929481FF9FAF}.Release|ARM.Build.0 = Release|ARM
		{3CAD73A0-F12F-47A5-A224-929481FF9FAF}.Release|ARM.Deploy.0 = Release|ARM
		{3CAD73A0-F12F-47A5-A224-929481FF9FAF}.Release|ARM64.ActiveCfg = Release|ARM64
		{3CAD73A0-F12F-47A5-A224-929481FF9FAF}.Release|ARM64.Build.0 = Release|ARM64
		{3CAD73A0-F12F-47A5-A224-929481FF9FAF}.Release|ARM64.Deploy.0 = Release|ARM64
		{3CAD73A0-F12F-47A5-A224-929481FF9FAF}.Release|x64.ActiveCfg = Release|x64
		{3CAD73A0-F12F-47A5-A224-929481FF9FAF}.Release|x64.Build.0 = Release|x64
		{3CAD73A0-F12F-47A5-A224-929481FF9FAF}.Release|x64.Deploy.0 = Release|x64
		{3CAD73A0-F12F-47A5-A224-929481FF9FAF}.Release|x86.ActiveCfg = Release|x86
		{3CAD73A0-F12F-47A5-A224-929481FF9FAF}.Release|x86.Build.0 = Release|x86
		{3CAD73A0-F12F-47A5-A224-929481FF9FAF}.Release|x86.Deploy.0 = Release|x86
		{D8D4792A-D905-4B3C-8493-29CABDBE85C0}.Debug|Any CPU.ActiveCfg = Debug|Any CPU
		{D8D4792A-D905-4B3C-8493-29CABDBE85C0}.Debug|Any CPU.Build.0 = Debug|Any CPU
		{D8D4792A-D905-4B3C-8493-29CABDBE85C0}.Debug|ARM.ActiveCfg = Debug|ARM
		{D8D4792A-D905-4B3C-8493-29CABDBE85C0}.Debug|ARM.Build.0 = Debug|ARM
		{D8D4792A-D905-4B3C-8493-29CABDBE85C0}.Debug|ARM64.ActiveCfg = Debug|ARM64
		{D8D4792A-D905-4B3C-8493-29CABDBE85C0}.Debug|ARM64.Build.0 = Debug|ARM64
		{D8D4792A-D905-4B3C-8493-29CABDBE85C0}.Debug|x64.ActiveCfg = Debug|x64
		{D8D4792A-D905-4B3C-8493-29CABDBE85C0}.Debug|x64.Build.0 = Debug|x64
		{D8D4792A-D905-4B3C-8493-29CABDBE85C0}.Debug|x86.ActiveCfg = Debug|x86
		{D8D4792A-D905-4B3C-8493-29CABDBE85C0}.Debug|x86.Build.0 = Debug|x86
		{D8D4792A-D905-4B3C-8493-29CABDBE85C0}.Release|Any CPU.ActiveCfg = Release|Any CPU
		{D8D4792A-D905-4B3C-8493-29CABDBE85C0}.Release|Any CPU.Build.0 = Release|Any CPU
		{D8D4792A-D905-4B3C-8493-29CABDBE85C0}.Release|ARM.ActiveCfg = Release|ARM
		{D8D4792A-D905-4B3C-8493-29CABDBE85C0}.Release|ARM.Build.0 = Release|ARM
		{D8D4792A-D905-4B3C-8493-29CABDBE85C0}.Release|ARM64.ActiveCfg = Release|ARM64
		{D8D4792A-D905-4B3C-8493-29CABDBE85C0}.Release|ARM64.Build.0 = Release|ARM64
		{D8D4792A-D905-4B3C-8493-29CABDBE85C0}.Release|x64.ActiveCfg = Release|x64
		{D8D4792A-D905-4B3C-8493-29CABDBE85C0}.Release|x64.Build.0 = Release|x64
		{D8D4792A-D905-4B3C-8493-29CABDBE85C0}.Release|x86.ActiveCfg = Release|x86
		{D8D4792A-D905-4B3C-8493-29CABDBE85C0}.Release|x86.Build.0 = Release|x86
		{C071A0CB-5FD9-4A22-B734-ACE1F511EFCC}.Debug|Any CPU.ActiveCfg = Debug|Any CPU
		{C071A0CB-5FD9-4A22-B734-ACE1F511EFCC}.Debug|Any CPU.Build.0 = Debug|Any CPU
		{C071A0CB-5FD9-4A22-B734-ACE1F511EFCC}.Debug|ARM.ActiveCfg = Debug|ARM
		{C071A0CB-5FD9-4A22-B734-ACE1F511EFCC}.Debug|ARM.Build.0 = Debug|ARM
		{C071A0CB-5FD9-4A22-B734-ACE1F511EFCC}.Debug|ARM64.ActiveCfg = Debug|ARM64
		{C071A0CB-5FD9-4A22-B734-ACE1F511EFCC}.Debug|ARM64.Build.0 = Debug|ARM64
		{C071A0CB-5FD9-4A22-B734-ACE1F511EFCC}.Debug|x64.ActiveCfg = Debug|x64
		{C071A0CB-5FD9-4A22-B734-ACE1F511EFCC}.Debug|x64.Build.0 = Debug|x64
		{C071A0CB-5FD9-4A22-B734-ACE1F511EFCC}.Debug|x86.ActiveCfg = Debug|x86
		{C071A0CB-5FD9-4A22-B734-ACE1F511EFCC}.Debug|x86.Build.0 = Debug|x86
		{C071A0CB-5FD9-4A22-B734-ACE1F511EFCC}.Release|Any CPU.ActiveCfg = Release|Any CPU
		{C071A0CB-5FD9-4A22-B734-ACE1F511EFCC}.Release|Any CPU.Build.0 = Release|Any CPU
		{C071A0CB-5FD9-4A22-B734-ACE1F511EFCC}.Release|ARM.ActiveCfg = Release|ARM
		{C071A0CB-5FD9-4A22-B734-ACE1F511EFCC}.Release|ARM.Build.0 = Release|ARM
		{C071A0CB-5FD9-4A22-B734-ACE1F511EFCC}.Release|ARM64.ActiveCfg = Release|ARM64
		{C071A0CB-5FD9-4A22-B734-ACE1F511EFCC}.Release|ARM64.Build.0 = Release|ARM64
		{C071A0CB-5FD9-4A22-B734-ACE1F511EFCC}.Release|x64.ActiveCfg = Release|x64
		{C071A0CB-5FD9-4A22-B734-ACE1F511EFCC}.Release|x64.Build.0 = Release|x64
		{C071A0CB-5FD9-4A22-B734-ACE1F511EFCC}.Release|x86.ActiveCfg = Release|x86
		{C071A0CB-5FD9-4A22-B734-ACE1F511EFCC}.Release|x86.Build.0 = Release|x86
		{327A7E89-1DB8-49E1-9E3C-3FC4F21AEFD4}.Debug|Any CPU.ActiveCfg = Debug|Any CPU
		{327A7E89-1DB8-49E1-9E3C-3FC4F21AEFD4}.Debug|Any CPU.Build.0 = Debug|Any CPU
		{327A7E89-1DB8-49E1-9E3C-3FC4F21AEFD4}.Debug|ARM.ActiveCfg = Debug|ARM
		{327A7E89-1DB8-49E1-9E3C-3FC4F21AEFD4}.Debug|ARM.Build.0 = Debug|ARM
		{327A7E89-1DB8-49E1-9E3C-3FC4F21AEFD4}.Debug|ARM64.ActiveCfg = Debug|ARM64
		{327A7E89-1DB8-49E1-9E3C-3FC4F21AEFD4}.Debug|ARM64.Build.0 = Debug|ARM64
		{327A7E89-1DB8-49E1-9E3C-3FC4F21AEFD4}.Debug|x64.ActiveCfg = Debug|x64
		{327A7E89-1DB8-49E1-9E3C-3FC4F21AEFD4}.Debug|x64.Build.0 = Debug|x64
		{327A7E89-1DB8-49E1-9E3C-3FC4F21AEFD4}.Debug|x86.ActiveCfg = Debug|x86
		{327A7E89-1DB8-49E1-9E3C-3FC4F21AEFD4}.Debug|x86.Build.0 = Debug|x86
		{327A7E89-1DB8-49E1-9E3C-3FC4F21AEFD4}.Release|Any CPU.ActiveCfg = Release|Any CPU
		{327A7E89-1DB8-49E1-9E3C-3FC4F21AEFD4}.Release|Any CPU.Build.0 = Release|Any CPU
		{327A7E89-1DB8-49E1-9E3C-3FC4F21AEFD4}.Release|ARM.ActiveCfg = Release|ARM
		{327A7E89-1DB8-49E1-9E3C-3FC4F21AEFD4}.Release|ARM.Build.0 = Release|ARM
		{327A7E89-1DB8-49E1-9E3C-3FC4F21AEFD4}.Release|ARM64.ActiveCfg = Release|ARM64
		{327A7E89-1DB8-49E1-9E3C-3FC4F21AEFD4}.Release|ARM64.Build.0 = Release|ARM64
		{327A7E89-1DB8-49E1-9E3C-3FC4F21AEFD4}.Release|x64.ActiveCfg = Release|x64
		{327A7E89-1DB8-49E1-9E3C-3FC4F21AEFD4}.Release|x64.Build.0 = Release|x64
		{327A7E89-1DB8-49E1-9E3C-3FC4F21AEFD4}.Release|x86.ActiveCfg = Release|x86
		{327A7E89-1DB8-49E1-9E3C-3FC4F21AEFD4}.Release|x86.Build.0 = Release|x86
	EndGlobalSection
	GlobalSection(SolutionProperties) = preSolution
		HideSolutionNode = FALSE
	EndGlobalSection
	GlobalSection(ExtensibilityGlobals) = postSolution
		SolutionGuid = {823A49EA-AB13-43E7-924A-45489B91A4C5}
	EndGlobalSection
EndGlobal
