
Microsoft Visual Studio Solution File, Format Version 12.00
# Visual Studio 15
VisualStudioVersion = 15.0.28307.852
MinimumVisualStudioVersion = 10.0.40219.1
Project("{FAE04EC0-301F-11D3-BF4B-00C04F79EFBC}") = "16-BuscaminasSoso", "16-BuscaminasSoso\16-BuscaminasSoso.csproj", "{DFD77A2D-147D-42BD-BDD5-FD8556E43BDF}"
EndProject
Global
	GlobalSection(SolutionConfigurationPlatforms) = preSolution
		Debug|ARM = Debug|ARM
		Debug|ARM64 = Debug|ARM64
		Debug|x64 = Debug|x64
		Debug|x86 = Debug|x86
		Release|ARM = Release|ARM
		Release|ARM64 = Release|ARM64
		Release|x64 = Release|x64
		Release|x86 = Release|x86
	EndGlobalSection
	GlobalSection(ProjectConfigurationPlatforms) = postSolution
		{DFD77A2D-147D-42BD-BDD5-FD8556E43BDF}.Debug|ARM.ActiveCfg = Debug|ARM
		{DFD77A2D-147D-42BD-BDD5-FD8556E43BDF}.Debug|ARM.Build.0 = Debug|ARM
		{DFD77A2D-147D-42BD-BDD5-FD8556E43BDF}.Debug|ARM.Deploy.0 = Debug|ARM
		{DFD77A2D-147D-42BD-BDD5-FD8556E43BDF}.Debug|ARM64.ActiveCfg = Debug|ARM64
		{DFD77A2D-147D-42BD-BDD5-FD8556E43BDF}.Debug|ARM64.Build.0 = Debug|ARM64
		{DFD77A2D-147D-42BD-BDD5-FD8556E43BDF}.Debug|ARM64.Deploy.0 = Debug|ARM64
		{DFD77A2D-147D-42BD-BDD5-FD8556E43BDF}.Debug|x64.ActiveCfg = Debug|x64
		{DFD77A2D-147D-42BD-BDD5-FD8556E43BDF}.Debug|x64.Build.0 = Debug|x64
		{DFD77A2D-147D-42BD-BDD5-FD8556E43BDF}.Debug|x64.Deploy.0 = Debug|x64
		{DFD77A2D-147D-42BD-BDD5-FD8556E43BDF}.Debug|x86.ActiveCfg = Debug|x86
		{DFD77A2D-147D-42BD-BDD5-FD8556E43BDF}.Debug|x86.Build.0 = Debug|x86
		{DFD77A2D-147D-42BD-BDD5-FD8556E43BDF}.Debug|x86.Deploy.0 = Debug|x86
		{DFD77A2D-147D-42BD-BDD5-FD8556E43BDF}.Release|ARM.ActiveCfg = Release|ARM
		{DFD77A2D-147D-42BD-BDD5-FD8556E43BDF}.Release|ARM.Build.0 = Release|ARM
		{DFD77A2D-147D-42BD-BDD5-FD8556E43BDF}.Release|ARM.Deploy.0 = Release|ARM
		{DFD77A2D-147D-42BD-BDD5-FD8556E43BDF}.Release|ARM64.ActiveCfg = Release|ARM64
		{DFD77A2D-147D-42BD-BDD5-FD8556E43BDF}.Release|ARM64.Build.0 = Release|ARM64
		{DFD77A2D-147D-42BD-BDD5-FD8556E43BDF}.Release|ARM64.Deploy.0 = Release|ARM64
		{DFD77A2D-147D-42BD-BDD5-FD8556E43BDF}.Release|x64.ActiveCfg = Release|x64
		{DFD77A2D-147D-42BD-BDD5-FD8556E43BDF}.Release|x64.Build.0 = Release|x64
		{DFD77A2D-147D-42BD-BDD5-FD8556E43BDF}.Release|x64.Deploy.0 = Release|x64
		{DFD77A2D-147D-42BD-BDD5-FD8556E43BDF}.Release|x86.ActiveCfg = Release|x86
		{DFD77A2D-147D-42BD-BDD5-FD8556E43BDF}.Release|x86.Build.0 = Release|x86
		{DFD77A2D-147D-42BD-BDD5-FD8556E43BDF}.Release|x86.Deploy.0 = Release|x86
	EndGlobalSection
	GlobalSection(SolutionProperties) = preSolution
		HideSolutionNode = FALSE
	EndGlobalSection
	GlobalSection(ExtensibilityGlobals) = postSolution
		SolutionGuid = {9F528FFD-53D2-4FBE-BCB6-9A584BE5D1FB}
	EndGlobalSection
EndGlobal
