
Microsoft Visual Studio Solution File, Format Version 12.00
# Visual Studio 15
VisualStudioVersion = 15.0.28307.852
MinimumVisualStudioVersion = 10.0.40219.1
Project("{FAE04EC0-301F-11D3-BF4B-00C04F79EFBC}") = "23-CRUDSuperHero-UI", "23-CRUDSuperHero-UI\23-CRUDSuperHero-UI.csproj", "{82F1E4F4-5476-4F86-A938-B265EDDEA6E7}"
EndProject
Project("{FAE04EC0-301F-11D3-BF4B-00C04F79EFBC}") = "23-CRUDSuperHero-DAL", "23-CRUDSuperHero-DAL\23-CRUDSuperHero-DAL.csproj", "{27D963D8-C2CF-4255-95D5-E46B14E5E75F}"
EndProject
Project("{FAE04EC0-301F-11D3-BF4B-00C04F79EFBC}") = "23-CRUDSuperHero-BL", "23-CRUDSuperHero-BL\23-CRUDSuperHero-BL.csproj", "{8AB70147-F64E-4997-B30B-6C5E13C2FE60}"
EndProject
Project("{FAE04EC0-301F-11D3-BF4B-00C04F79EFBC}") = "23-CRUDSuperHero-ENTITIES", "23-CRUDSuperHero-ENTITIES\23-CRUDSuperHero-ENTITIES.csproj", "{734CAD25-DF25-44A6-AD70-8E939281AFFD}"
EndProject
Global
	GlobalSection(SolutionConfigurationPlatforms) = preSolution
		Debug|Any CPU = Debug|Any CPU
		Debug|ARM = Debug|ARM
		Debug|ARM64 = Debug|ARM64
		Debug|x64 = Debug|x64
		Debug|x86 = Debug|x86
		Release|Any CPU = Release|Any CPU
		Release|ARM = Release|ARM
		Release|ARM64 = Release|ARM64
		Release|x64 = Release|x64
		Release|x86 = Release|x86
	EndGlobalSection
	GlobalSection(ProjectConfigurationPlatforms) = postSolution
		{82F1E4F4-5476-4F86-A938-B265EDDEA6E7}.Debug|Any CPU.ActiveCfg = Debug|x86
		{82F1E4F4-5476-4F86-A938-B265EDDEA6E7}.Debug|ARM.ActiveCfg = Debug|ARM
		{82F1E4F4-5476-4F86-A938-B265EDDEA6E7}.Debug|ARM.Build.0 = Debug|ARM
		{82F1E4F4-5476-4F86-A938-B265EDDEA6E7}.Debug|ARM.Deploy.0 = Debug|ARM
		{82F1E4F4-5476-4F86-A938-B265EDDEA6E7}.Debug|ARM64.ActiveCfg = Debug|ARM64
		{82F1E4F4-5476-4F86-A938-B265EDDEA6E7}.Debug|ARM64.Build.0 = Debug|ARM64
		{82F1E4F4-5476-4F86-A938-B265EDDEA6E7}.Debug|ARM64.Deploy.0 = Debug|ARM64
		{82F1E4F4-5476-4F86-A938-B265EDDEA6E7}.Debug|x64.ActiveCfg = Debug|x64
		{82F1E4F4-5476-4F86-A938-B265EDDEA6E7}.Debug|x64.Build.0 = Debug|x64
		{82F1E4F4-5476-4F86-A938-B265EDDEA6E7}.Debug|x64.Deploy.0 = Debug|x64
		{82F1E4F4-5476-4F86-A938-B265EDDEA6E7}.Debug|x86.ActiveCfg = Debug|x86
		{82F1E4F4-5476-4F86-A938-B265EDDEA6E7}.Debug|x86.Build.0 = Debug|x86
		{82F1E4F4-5476-4F86-A938-B265EDDEA6E7}.Debug|x86.Deploy.0 = Debug|x86
		{82F1E4F4-5476-4F86-A938-B265EDDEA6E7}.Release|Any CPU.ActiveCfg = Release|x86
		{82F1E4F4-5476-4F86-A938-B265EDDEA6E7}.Release|ARM.ActiveCfg = Release|ARM
		{82F1E4F4-5476-4F86-A938-B265EDDEA6E7}.Release|ARM.Build.0 = Release|ARM
		{82F1E4F4-5476-4F86-A938-B265EDDEA6E7}.Release|ARM.Deploy.0 = Release|ARM
		{82F1E4F4-5476-4F86-A938-B265EDDEA6E7}.Release|ARM64.ActiveCfg = Release|ARM64
		{82F1E4F4-5476-4F86-A938-B265EDDEA6E7}.Release|ARM64.Build.0 = Release|ARM64
		{82F1E4F4-5476-4F86-A938-B265EDDEA6E7}.Release|ARM64.Deploy.0 = Release|ARM64
		{82F1E4F4-5476-4F86-A938-B265EDDEA6E7}.Release|x64.ActiveCfg = Release|x64
		{82F1E4F4-5476-4F86-A938-B265EDDEA6E7}.Release|x64.Build.0 = Release|x64
		{82F1E4F4-5476-4F86-A938-B265EDDEA6E7}.Release|x64.Deploy.0 = Release|x64
		{82F1E4F4-5476-4F86-A938-B265EDDEA6E7}.Release|x86.ActiveCfg = Release|x86
		{82F1E4F4-5476-4F86-A938-B265EDDEA6E7}.Release|x86.Build.0 = Release|x86
		{82F1E4F4-5476-4F86-A938-B265EDDEA6E7}.Release|x86.Deploy.0 = Release|x86
		{27D963D8-C2CF-4255-95D5-E46B14E5E75F}.Debug|Any CPU.ActiveCfg = Debug|Any CPU
		{27D963D8-C2CF-4255-95D5-E46B14E5E75F}.Debug|Any CPU.Build.0 = Debug|Any CPU
		{27D963D8-C2CF-4255-95D5-E46B14E5E75F}.Debug|ARM.ActiveCfg = Debug|ARM
		{27D963D8-C2CF-4255-95D5-E46B14E5E75F}.Debug|ARM.Build.0 = Debug|ARM
		{27D963D8-C2CF-4255-95D5-E46B14E5E75F}.Debug|ARM64.ActiveCfg = Debug|ARM64
		{27D963D8-C2CF-4255-95D5-E46B14E5E75F}.Debug|ARM64.Build.0 = Debug|ARM64
		{27D963D8-C2CF-4255-95D5-E46B14E5E75F}.Debug|x64.ActiveCfg = Debug|x64
		{27D963D8-C2CF-4255-95D5-E46B14E5E75F}.Debug|x64.Build.0 = Debug|x64
		{27D963D8-C2CF-4255-95D5-E46B14E5E75F}.Debug|x86.ActiveCfg = Debug|x86
		{27D963D8-C2CF-4255-95D5-E46B14E5E75F}.Debug|x86.Build.0 = Debug|x86
		{27D963D8-C2CF-4255-95D5-E46B14E5E75F}.Release|Any CPU.ActiveCfg = Release|Any CPU
		{27D963D8-C2CF-4255-95D5-E46B14E5E75F}.Release|Any CPU.Build.0 = Release|Any CPU
		{27D963D8-C2CF-4255-95D5-E46B14E5E75F}.Release|ARM.ActiveCfg = Release|ARM
		{27D963D8-C2CF-4255-95D5-E46B14E5E75F}.Release|ARM.Build.0 = Release|ARM
		{27D963D8-C2CF-4255-95D5-E46B14E5E75F}.Release|ARM64.ActiveCfg = Release|ARM64
		{27D963D8-C2CF-4255-95D5-E46B14E5E75F}.Release|ARM64.Build.0 = Release|ARM64
		{27D963D8-C2CF-4255-95D5-E46B14E5E75F}.Release|x64.ActiveCfg = Release|x64
		{27D963D8-C2CF-4255-95D5-E46B14E5E75F}.Release|x64.Build.0 = Release|x64
		{27D963D8-C2CF-4255-95D5-E46B14E5E75F}.Release|x86.ActiveCfg = Release|x86
		{27D963D8-C2CF-4255-95D5-E46B14E5E75F}.Release|x86.Build.0 = Release|x86
		{8AB70147-F64E-4997-B30B-6C5E13C2FE60}.Debug|Any CPU.ActiveCfg = Debug|Any CPU
		{8AB70147-F64E-4997-B30B-6C5E13C2FE60}.Debug|Any CPU.Build.0 = Debug|Any CPU
		{8AB70147-F64E-4997-B30B-6C5E13C2FE60}.Debug|ARM.ActiveCfg = Debug|ARM
		{8AB70147-F64E-4997-B30B-6C5E13C2FE60}.Debug|ARM.Build.0 = Debug|ARM
		{8AB70147-F64E-4997-B30B-6C5E13C2FE60}.Debug|ARM64.ActiveCfg = Debug|ARM64
		{8AB70147-F64E-4997-B30B-6C5E13C2FE60}.Debug|ARM64.Build.0 = Debug|ARM64
		{8AB70147-F64E-4997-B30B-6C5E13C2FE60}.Debug|x64.ActiveCfg = Debug|x64
		{8AB70147-F64E-4997-B30B-6C5E13C2FE60}.Debug|x64.Build.0 = Debug|x64
		{8AB70147-F64E-4997-B30B-6C5E13C2FE60}.Debug|x86.ActiveCfg = Debug|x86
		{8AB70147-F64E-4997-B30B-6C5E13C2FE60}.Debug|x86.Build.0 = Debug|x86
		{8AB70147-F64E-4997-B30B-6C5E13C2FE60}.Release|Any CPU.ActiveCfg = Release|Any CPU
		{8AB70147-F64E-4997-B30B-6C5E13C2FE60}.Release|Any CPU.Build.0 = Release|Any CPU
		{8AB70147-F64E-4997-B30B-6C5E13C2FE60}.Release|ARM.ActiveCfg = Release|ARM
		{8AB70147-F64E-4997-B30B-6C5E13C2FE60}.Release|ARM.Build.0 = Release|ARM
		{8AB70147-F64E-4997-B30B-6C5E13C2FE60}.Release|ARM64.ActiveCfg = Release|ARM64
		{8AB70147-F64E-4997-B30B-6C5E13C2FE60}.Release|ARM64.Build.0 = Release|ARM64
		{8AB70147-F64E-4997-B30B-6C5E13C2FE60}.Release|x64.ActiveCfg = Release|x64
		{8AB70147-F64E-4997-B30B-6C5E13C2FE60}.Release|x64.Build.0 = Release|x64
		{8AB70147-F64E-4997-B30B-6C5E13C2FE60}.Release|x86.ActiveCfg = Release|x86
		{8AB70147-F64E-4997-B30B-6C5E13C2FE60}.Release|x86.Build.0 = Release|x86
		{734CAD25-DF25-44A6-AD70-8E939281AFFD}.Debug|Any CPU.ActiveCfg = Debug|Any CPU
		{734CAD25-DF25-44A6-AD70-8E939281AFFD}.Debug|Any CPU.Build.0 = Debug|Any CPU
		{734CAD25-DF25-44A6-AD70-8E939281AFFD}.Debug|ARM.ActiveCfg = Debug|ARM
		{734CAD25-DF25-44A6-AD70-8E939281AFFD}.Debug|ARM.Build.0 = Debug|ARM
		{734CAD25-DF25-44A6-AD70-8E939281AFFD}.Debug|ARM64.ActiveCfg = Debug|ARM64
		{734CAD25-DF25-44A6-AD70-8E939281AFFD}.Debug|ARM64.Build.0 = Debug|ARM64
		{734CAD25-DF25-44A6-AD70-8E939281AFFD}.Debug|x64.ActiveCfg = Debug|x64
		{734CAD25-DF25-44A6-AD70-8E939281AFFD}.Debug|x64.Build.0 = Debug|x64
		{734CAD25-DF25-44A6-AD70-8E939281AFFD}.Debug|x86.ActiveCfg = Debug|x86
		{734CAD25-DF25-44A6-AD70-8E939281AFFD}.Debug|x86.Build.0 = Debug|x86
		{734CAD25-DF25-44A6-AD70-8E939281AFFD}.Release|Any CPU.ActiveCfg = Release|Any CPU
		{734CAD25-DF25-44A6-AD70-8E939281AFFD}.Release|Any CPU.Build.0 = Release|Any CPU
		{734CAD25-DF25-44A6-AD70-8E939281AFFD}.Release|ARM.ActiveCfg = Release|ARM
		{734CAD25-DF25-44A6-AD70-8E939281AFFD}.Release|ARM.Build.0 = Release|ARM
		{734CAD25-DF25-44A6-AD70-8E939281AFFD}.Release|ARM64.ActiveCfg = Release|ARM64
		{734CAD25-DF25-44A6-AD70-8E939281AFFD}.Release|ARM64.Build.0 = Release|ARM64
		{734CAD25-DF25-44A6-AD70-8E939281AFFD}.Release|x64.ActiveCfg = Release|x64
		{734CAD25-DF25-44A6-AD70-8E939281AFFD}.Release|x64.Build.0 = Release|x64
		{734CAD25-DF25-44A6-AD70-8E939281AFFD}.Release|x86.ActiveCfg = Release|x86
		{734CAD25-DF25-44A6-AD70-8E939281AFFD}.Release|x86.Build.0 = Release|x86
	EndGlobalSection
	GlobalSection(SolutionProperties) = preSolution
		HideSolutionNode = FALSE
	EndGlobalSection
	GlobalSection(ExtensibilityGlobals) = postSolution
		SolutionGuid = {781A9161-6EA3-44CB-BE42-2569232E9697}
	EndGlobalSection
EndGlobal
