
Microsoft Visual Studio Solution File, Format Version 12.00
# Visual Studio 15
VisualStudioVersion = 15.0.28307.902
MinimumVisualStudioVersion = 10.0.40219.1
Project("{FAE04EC0-301F-11D3-BF4B-00C04F79EFBC}") = "19-CRUDPersonasCompletoUWP-UI", "19-CRUDPersonasCompletoUWP-UI\19-CRUDPersonasCompletoUWP-UI.csproj", "{DBBC7F9F-09E8-4B4D-966A-C7F60F5780D1}"
EndProject
Project("{FAE04EC0-301F-11D3-BF4B-00C04F79EFBC}") = "19-CRUDPersonasCompletoUWP-DAL", "19-CRUDPersonasCompletoUWP-DAL\19-CRUDPersonasCompletoUWP-DAL.csproj", "{7EF23B91-7E52-4E74-B58F-2288D32D7156}"
EndProject
Project("{FAE04EC0-301F-11D3-BF4B-00C04F79EFBC}") = "19-CRUDPersonasCompletoUWP-BL", "19-CRUDPersonasCompletoUWP-BL\19-CRUDPersonasCompletoUWP-BL.csproj", "{05802594-704B-408C-AEBC-6FD27965396F}"
EndProject
Project("{FAE04EC0-301F-11D3-BF4B-00C04F79EFBC}") = "19-CRUDPersonasCompletoUWP-Entities", "19-CRUDPersonasCompletoUWP-Entities\19-CRUDPersonasCompletoUWP-Entities.csproj", "{938ECC6E-8DD2-408C-A4B6-DECB18C10713}"
EndProject
Global
	GlobalSection(SolutionConfigurationPlatforms) = preSolution
		Debug|Any CPU = Debug|Any CPU
		Debug|ARM = Debug|ARM
		Debug|ARM64 = Debug|ARM64
		Debug|x64 = Debug|x64
		Debug|x86 = Debug|x86
		Release|Any CPU = Release|Any CPU
		Release|ARM = Release|ARM
		Release|ARM64 = Release|ARM64
		Release|x64 = Release|x64
		Release|x86 = Release|x86
	EndGlobalSection
	GlobalSection(ProjectConfigurationPlatforms) = postSolution
		{DBBC7F9F-09E8-4B4D-966A-C7F60F5780D1}.Debug|Any CPU.ActiveCfg = Debug|x86
		{DBBC7F9F-09E8-4B4D-966A-C7F60F5780D1}.Debug|ARM.ActiveCfg = Debug|ARM
		{DBBC7F9F-09E8-4B4D-966A-C7F60F5780D1}.Debug|ARM.Build.0 = Debug|ARM
		{DBBC7F9F-09E8-4B4D-966A-C7F60F5780D1}.Debug|ARM.Deploy.0 = Debug|ARM
		{DBBC7F9F-09E8-4B4D-966A-C7F60F5780D1}.Debug|ARM64.ActiveCfg = Debug|ARM64
		{DBBC7F9F-09E8-4B4D-966A-C7F60F5780D1}.Debug|ARM64.Build.0 = Debug|ARM64
		{DBBC7F9F-09E8-4B4D-966A-C7F60F5780D1}.Debug|ARM64.Deploy.0 = Debug|ARM64
		{DBBC7F9F-09E8-4B4D-966A-C7F60F5780D1}.Debug|x64.ActiveCfg = Debug|x64
		{DBBC7F9F-09E8-4B4D-966A-C7F60F5780D1}.Debug|x64.Build.0 = Debug|x64
		{DBBC7F9F-09E8-4B4D-966A-C7F60F5780D1}.Debug|x64.Deploy.0 = Debug|x64
		{DBBC7F9F-09E8-4B4D-966A-C7F60F5780D1}.Debug|x86.ActiveCfg = Debug|x86
		{DBBC7F9F-09E8-4B4D-966A-C7F60F5780D1}.Debug|x86.Build.0 = Debug|x86
		{DBBC7F9F-09E8-4B4D-966A-C7F60F5780D1}.Debug|x86.Deploy.0 = Debug|x86
		{DBBC7F9F-09E8-4B4D-966A-C7F60F5780D1}.Release|Any CPU.ActiveCfg = Release|x86
		{DBBC7F9F-09E8-4B4D-966A-C7F60F5780D1}.Release|ARM.ActiveCfg = Release|ARM
		{DBBC7F9F-09E8-4B4D-966A-C7F60F5780D1}.Release|ARM.Build.0 = Release|ARM
		{DBBC7F9F-09E8-4B4D-966A-C7F60F5780D1}.Release|ARM.Deploy.0 = Release|ARM
		{DBBC7F9F-09E8-4B4D-966A-C7F60F5780D1}.Release|ARM64.ActiveCfg = Release|ARM64
		{DBBC7F9F-09E8-4B4D-966A-C7F60F5780D1}.Release|ARM64.Build.0 = Release|ARM64
		{DBBC7F9F-09E8-4B4D-966A-C7F60F5780D1}.Release|ARM64.Deploy.0 = Release|ARM64
		{DBBC7F9F-09E8-4B4D-966A-C7F60F5780D1}.Release|x64.ActiveCfg = Release|x64
		{DBBC7F9F-09E8-4B4D-966A-C7F60F5780D1}.Release|x64.Build.0 = Release|x64
		{DBBC7F9F-09E8-4B4D-966A-C7F60F5780D1}.Release|x64.Deploy.0 = Release|x64
		{DBBC7F9F-09E8-4B4D-966A-C7F60F5780D1}.Release|x86.ActiveCfg = Release|x86
		{DBBC7F9F-09E8-4B4D-966A-C7F60F5780D1}.Release|x86.Build.0 = Release|x86
		{DBBC7F9F-09E8-4B4D-966A-C7F60F5780D1}.Release|x86.Deploy.0 = Release|x86
		{7EF23B91-7E52-4E74-B58F-2288D32D7156}.Debug|Any CPU.ActiveCfg = Debug|Any CPU
		{7EF23B91-7E52-4E74-B58F-2288D32D7156}.Debug|Any CPU.Build.0 = Debug|Any CPU
		{7EF23B91-7E52-4E74-B58F-2288D32D7156}.Debug|ARM.ActiveCfg = Debug|ARM
		{7EF23B91-7E52-4E74-B58F-2288D32D7156}.Debug|ARM.Build.0 = Debug|ARM
		{7EF23B91-7E52-4E74-B58F-2288D32D7156}.Debug|ARM64.ActiveCfg = Debug|ARM64
		{7EF23B91-7E52-4E74-B58F-2288D32D7156}.Debug|ARM64.Build.0 = Debug|ARM64
		{7EF23B91-7E52-4E74-B58F-2288D32D7156}.Debug|x64.ActiveCfg = Debug|x64
		{7EF23B91-7E52-4E74-B58F-2288D32D7156}.Debug|x64.Build.0 = Debug|x64
		{7EF23B91-7E52-4E74-B58F-2288D32D7156}.Debug|x86.ActiveCfg = Debug|x86
		{7EF23B91-7E52-4E74-B58F-2288D32D7156}.Debug|x86.Build.0 = Debug|x86
		{7EF23B91-7E52-4E74-B58F-2288D32D7156}.Release|Any CPU.ActiveCfg = Release|Any CPU
		{7EF23B91-7E52-4E74-B58F-2288D32D7156}.Release|Any CPU.Build.0 = Release|Any CPU
		{7EF23B91-7E52-4E74-B58F-2288D32D7156}.Release|ARM.ActiveCfg = Release|ARM
		{7EF23B91-7E52-4E74-B58F-2288D32D7156}.Release|ARM.Build.0 = Release|ARM
		{7EF23B91-7E52-4E74-B58F-2288D32D7156}.Release|ARM64.ActiveCfg = Release|ARM64
		{7EF23B91-7E52-4E74-B58F-2288D32D7156}.Release|ARM64.Build.0 = Release|ARM64
		{7EF23B91-7E52-4E74-B58F-2288D32D7156}.Release|x64.ActiveCfg = Release|x64
		{7EF23B91-7E52-4E74-B58F-2288D32D7156}.Release|x64.Build.0 = Release|x64
		{7EF23B91-7E52-4E74-B58F-2288D32D7156}.Release|x86.ActiveCfg = Release|x86
		{7EF23B91-7E52-4E74-B58F-2288D32D7156}.Release|x86.Build.0 = Release|x86
		{05802594-704B-408C-AEBC-6FD27965396F}.Debug|Any CPU.ActiveCfg = Debug|Any CPU
		{05802594-704B-408C-AEBC-6FD27965396F}.Debug|Any CPU.Build.0 = Debug|Any CPU
		{05802594-704B-408C-AEBC-6FD27965396F}.Debug|ARM.ActiveCfg = Debug|ARM
		{05802594-704B-408C-AEBC-6FD27965396F}.Debug|ARM.Build.0 = Debug|ARM
		{05802594-704B-408C-AEBC-6FD27965396F}.Debug|ARM64.ActiveCfg = Debug|ARM64
		{05802594-704B-408C-AEBC-6FD27965396F}.Debug|ARM64.Build.0 = Debug|ARM64
		{05802594-704B-408C-AEBC-6FD27965396F}.Debug|x64.ActiveCfg = Debug|x64
		{05802594-704B-408C-AEBC-6FD27965396F}.Debug|x64.Build.0 = Debug|x64
		{05802594-704B-408C-AEBC-6FD27965396F}.Debug|x86.ActiveCfg = Debug|x86
		{05802594-704B-408C-AEBC-6FD27965396F}.Debug|x86.Build.0 = Debug|x86
		{05802594-704B-408C-AEBC-6FD27965396F}.Release|Any CPU.ActiveCfg = Release|Any CPU
		{05802594-704B-408C-AEBC-6FD27965396F}.Release|Any CPU.Build.0 = Release|Any CPU
		{05802594-704B-408C-AEBC-6FD27965396F}.Release|ARM.ActiveCfg = Release|ARM
		{05802594-704B-408C-AEBC-6FD27965396F}.Release|ARM.Build.0 = Release|ARM
		{05802594-704B-408C-AEBC-6FD27965396F}.Release|ARM64.ActiveCfg = Release|ARM64
		{05802594-704B-408C-AEBC-6FD27965396F}.Release|ARM64.Build.0 = Release|ARM64
		{05802594-704B-408C-AEBC-6FD27965396F}.Release|x64.ActiveCfg = Release|x64
		{05802594-704B-408C-AEBC-6FD27965396F}.Release|x64.Build.0 = Release|x64
		{05802594-704B-408C-AEBC-6FD27965396F}.Release|x86.ActiveCfg = Release|x86
		{05802594-704B-408C-AEBC-6FD27965396F}.Release|x86.Build.0 = Release|x86
		{938ECC6E-8DD2-408C-A4B6-DECB18C10713}.Debug|Any CPU.ActiveCfg = Debug|Any CPU
		{938ECC6E-8DD2-408C-A4B6-DECB18C10713}.Debug|Any CPU.Build.0 = Debug|Any CPU
		{938ECC6E-8DD2-408C-A4B6-DECB18C10713}.Debug|ARM.ActiveCfg = Debug|ARM
		{938ECC6E-8DD2-408C-A4B6-DECB18C10713}.Debug|ARM.Build.0 = Debug|ARM
		{938ECC6E-8DD2-408C-A4B6-DECB18C10713}.Debug|ARM64.ActiveCfg = Debug|ARM64
		{938ECC6E-8DD2-408C-A4B6-DECB18C10713}.Debug|ARM64.Build.0 = Debug|ARM64
		{938ECC6E-8DD2-408C-A4B6-DECB18C10713}.Debug|x64.ActiveCfg = Debug|x64
		{938ECC6E-8DD2-408C-A4B6-DECB18C10713}.Debug|x64.Build.0 = Debug|x64
		{938ECC6E-8DD2-408C-A4B6-DECB18C10713}.Debug|x86.ActiveCfg = Debug|x86
		{938ECC6E-8DD2-408C-A4B6-DECB18C10713}.Debug|x86.Build.0 = Debug|x86
		{938ECC6E-8DD2-408C-A4B6-DECB18C10713}.Release|Any CPU.ActiveCfg = Release|Any CPU
		{938ECC6E-8DD2-408C-A4B6-DECB18C10713}.Release|Any CPU.Build.0 = Release|Any CPU
		{938ECC6E-8DD2-408C-A4B6-DECB18C10713}.Release|ARM.ActiveCfg = Release|ARM
		{938ECC6E-8DD2-408C-A4B6-DECB18C10713}.Release|ARM.Build.0 = Release|ARM
		{938ECC6E-8DD2-408C-A4B6-DECB18C10713}.Release|ARM64.ActiveCfg = Release|ARM64
		{938ECC6E-8DD2-408C-A4B6-DECB18C10713}.Release|ARM64.Build.0 = Release|ARM64
		{938ECC6E-8DD2-408C-A4B6-DECB18C10713}.Release|x64.ActiveCfg = Release|x64
		{938ECC6E-8DD2-408C-A4B6-DECB18C10713}.Release|x64.Build.0 = Release|x64
		{938ECC6E-8DD2-408C-A4B6-DECB18C10713}.Release|x86.ActiveCfg = Release|x86
		{938ECC6E-8DD2-408C-A4B6-DECB18C10713}.Release|x86.Build.0 = Release|x86
	EndGlobalSection
	GlobalSection(SolutionProperties) = preSolution
		HideSolutionNode = FALSE
	EndGlobalSection
	GlobalSection(ExtensibilityGlobals) = postSolution
		SolutionGuid = {189723F8-0700-444C-B7FF-451890C51EB1}
	EndGlobalSection
EndGlobal
